<?xml version="1.0" encoding="utf-8"?>
<Project ToolsVersion="4.0" xmlns="http://schemas.microsoft.com/developer/msbuild/2003">
  <ItemGroup>
    <Natvis Include="ThirdParty\EA\EASTL\Doc\EASTL.natvis">
      <Filter>ThirdParty\EA\EASTL\Doc</Filter>
    </Natvis>
    <Natvis Include="ThirdParty\pugixml\scripts\natvis\pugixml_compact.natvis">
      <Filter>ThirdParty\pugixml\scripts\natvis</Filter>
    </Natvis>
  </ItemGroup>
  <ItemGroup>
    <ClCompile Include="Systems.cpp" />
    <ClCompile Include="Profiling.cpp" />
    <ClCompile Include="Time\Time.cpp">
      <Filter>Time</Filter>
    </ClCompile>
    <ClCompile Include="Time\TimeStamp.cpp">
      <Filter>Time</Filter>
    </ClCompile>
    <ClCompile Include="Math\Intersection.cpp">
      <Filter>Math</Filter>
    </ClCompile>
    <ClCompile Include="Math\line.cpp">
      <Filter>Math</Filter>
    </ClCompile>
    <ClCompile Include="Math\Plane.cpp">
      <Filter>Math</Filter>
    </ClCompile>
    <ClCompile Include="Math\BlendWeight.cpp">
      <Filter>Math</Filter>
    </ClCompile>
    <ClCompile Include="Math\Easing.cpp">
      <Filter>Math</Filter>
    </ClCompile>
    <ClCompile Include="Math\Rectangle.cpp">
      <Filter>Math</Filter>
    </ClCompile>
    <ClCompile Include="Math\Curves.cpp">
      <Filter>Math</Filter>
    </ClCompile>
    <ClCompile Include="Math\FloatCurve.cpp">
      <Filter>Math</Filter>
    </ClCompile>
    <ClCompile Include="Math\MathRandom.cpp">
      <Filter>Math</Filter>
    </ClCompile>
    <ClCompile Include="Math\MathUtils.cpp">
      <Filter>Math</Filter>
    </ClCompile>
    <ClCompile Include="Math\Transform.cpp">
      <Filter>Math</Filter>
    </ClCompile>
    <ClCompile Include="Math\BoundingVolumes.cpp">
      <Filter>Math</Filter>
    </ClCompile>
    <ClCompile Include="Math\AABBTree.cpp">
      <Filter>Math</Filter>
    </ClCompile>
    <ClCompile Include="Math\Math.cpp">
      <Filter>Math</Filter>
    </ClCompile>
    <ClCompile Include="Math\Matrix.cpp">
      <Filter>Math</Filter>
    </ClCompile>
    <ClCompile Include="Math\PointSet.cpp">
      <Filter>Math</Filter>
    </ClCompile>
    <ClCompile Include="Math\Quaternion.cpp">
      <Filter>Math</Filter>
    </ClCompile>
    <ClCompile Include="Math\Vector.cpp">
      <Filter>Math</Filter>
    </ClCompile>
    <ClCompile Include="Math\ViewVolume.cpp">
      <Filter>Math</Filter>
    </ClCompile>
    <ClCompile Include="Imgui\ImguiCurveEditor.cpp">
      <Filter>Imgui</Filter>
    </ClCompile>
    <ClCompile Include="Imgui\ImguiXNotifications.cpp">
      <Filter>Imgui</Filter>
    </ClCompile>
    <ClCompile Include="Imgui\ImguiFont.cpp">
      <Filter>Imgui</Filter>
    </ClCompile>
    <ClCompile Include="Imgui\ImguiStyle.cpp">
      <Filter>Imgui</Filter>
    </ClCompile>
    <ClCompile Include="Imgui\ImguiSystem.cpp">
      <Filter>Imgui</Filter>
    </ClCompile>
    <ClCompile Include="Imgui\ImguiX.cpp">
      <Filter>Imgui</Filter>
    </ClCompile>
    <ClCompile Include="Imgui\Platform\ImguiPlatform_Win32.cpp">
      <Filter>Imgui\Platform</Filter>
    </ClCompile>
    <ClCompile Include="Imgui\Platform\ImguiX_Win32.cpp">
      <Filter>Imgui\Platform</Filter>
    </ClCompile>
    <ClCompile Include="Types\Severity.cpp">
      <Filter>Types</Filter>
    </ClCompile>
    <ClCompile Include="Types\Color.cpp">
      <Filter>Types</Filter>
    </ClCompile>
    <ClCompile Include="Types\StringUtils.cpp">
      <Filter>Types</Filter>
    </ClCompile>
    <ClCompile Include="Types\Percentage.cpp">
      <Filter>Types</Filter>
    </ClCompile>
    <ClCompile Include="Types\StringID.cpp">
      <Filter>Types</Filter>
    </ClCompile>
    <ClCompile Include="Types\UUID.cpp">
      <Filter>Types</Filter>
    </ClCompile>
    <ClCompile Include="Types\Platform\Types_Win32.cpp">
      <Filter>Types\Platform</Filter>
    </ClCompile>
    <ClCompile Include="Input\InputDevice.cpp">
      <Filter>Input</Filter>
    </ClCompile>
    <ClCompile Include="Input\Input.cpp">
      <Filter>Input</Filter>
    </ClCompile>
    <ClCompile Include="Input\InputSystem.cpp">
      <Filter>Input</Filter>
    </ClCompile>
    <ClCompile Include="Input\InputDevices\InputDevice_Controller.cpp">
      <Filter>Input\InputDevices</Filter>
    </ClCompile>
    <ClCompile Include="Input\InputDevices\InputDevice_KeyboardMouse.cpp">
      <Filter>Input\InputDevices</Filter>
    </ClCompile>
    <ClCompile Include="Input\InputDevices\Platform\InputDevice_KeyboardMouse_Win32.cpp">
      <Filter>Input\InputDevices\Platform</Filter>
    </ClCompile>
    <ClCompile Include="Input\InputDevices\Platform\InputDevice_XboxController_Win32.cpp">
      <Filter>Input\InputDevices\Platform</Filter>
    </ClCompile>
    <ClCompile Include="Utils\StringKeyValueParser.cpp">
      <Filter>Utils</Filter>
    </ClCompile>
    <ClCompile Include="Utils\StringTokenizer.cpp">
      <Filter>Utils</Filter>
    </ClCompile>
    <ClCompile Include="Utils\TopologicalSort.cpp">
      <Filter>Utils</Filter>
    </ClCompile>
    <ClCompile Include="Utils\TreeLayout.cpp">
      <Filter>Utils</Filter>
    </ClCompile>
    <ClCompile Include="Fonts\Font_MaterialDesignIcons.cpp">
      <Filter>Fonts</Filter>
    </ClCompile>
    <ClCompile Include="Fonts\Font_RobotoMono_Regular.cpp">
      <Filter>Fonts</Filter>
    </ClCompile>
    <ClCompile Include="Fonts\Font_Roboto_Bold.cpp">
      <Filter>Fonts</Filter>
    </ClCompile>
    <ClCompile Include="Fonts\Font_Roboto_BoldItalic.cpp">
      <Filter>Fonts</Filter>
    </ClCompile>
    <ClCompile Include="Fonts\Font_Roboto_Italic.cpp">
      <Filter>Fonts</Filter>
    </ClCompile>
    <ClCompile Include="Fonts\Font_Roboto_Regular.cpp">
      <Filter>Fonts</Filter>
    </ClCompile>
    <ClCompile Include="Render\HandleAllocator.cpp">
      <Filter>Render</Filter>
    </ClCompile>
    <ClCompile Include="Render\RHI_Direct3D12.cpp">
      <Filter>Render</Filter>
    </ClCompile>
    <ClCompile Include="Render\RenderWindow.cpp">
      <Filter>Render</Filter>
    </ClCompile>
    <ClCompile Include="Memory\Memory.cpp">
      <Filter>Memory</Filter>
    </ClCompile>
    <ClCompile Include="Network\NetworkMessage.cpp">
      <Filter>Network</Filter>
    </ClCompile>
    <ClCompile Include="Network\NetworkSystem.cpp">
      <Filter>Network</Filter>
    </ClCompile>
    <ClCompile Include="Network\Clients\NetworkClient.cpp">
      <Filter>Network\Clients</Filter>
    </ClCompile>
    <ClCompile Include="Network\Clients\NetworkClient_GNS.cpp">
      <Filter>Network\Clients</Filter>
    </ClCompile>
    <ClCompile Include="Network\Clients\NetworkClient_WebSockets.cpp">
      <Filter>Network\Clients</Filter>
    </ClCompile>
    <ClCompile Include="Network\Servers\NetworkServer.cpp">
      <Filter>Network\Servers</Filter>
    </ClCompile>
    <ClCompile Include="Network\Servers\NetworkServer_GNS.cpp">
      <Filter>Network\Servers</Filter>
    </ClCompile>
    <ClCompile Include="Network\Servers\NetworkServer_WebSockets.cpp">
      <Filter>Network\Servers</Filter>
    </ClCompile>
    <ClCompile Include="_Module\BaseModule.cpp">
      <Filter>_Module</Filter>
    </ClCompile>
    <ClCompile Include="Logging\Log.cpp">
      <Filter>Logging</Filter>
    </ClCompile>
    <ClCompile Include="Logging\LogCategory.cpp">
      <Filter>Logging</Filter>
    </ClCompile>
    <ClCompile Include="Logging\SystemLog.cpp">
      <Filter>Logging</Filter>
    </ClCompile>
    <ClCompile Include="Logging\Platform\SystemLog_Win32.cpp">
      <Filter>Logging\Platform</Filter>
    </ClCompile>
    <ClCompile Include="Drawing\DebugDrawingSystem.cpp">
      <Filter>Drawing</Filter>
    </ClCompile>
    <ClCompile Include="Drawing\DebugDrawingCommands.cpp">
      <Filter>Drawing</Filter>
    </ClCompile>
    <ClCompile Include="Drawing\DebugDrawing.cpp">
      <Filter>Drawing</Filter>
    </ClCompile>
    <ClCompile Include="Resource\ResourceID.cpp">
      <Filter>Resource</Filter>
    </ClCompile>
    <ClCompile Include="Resource\ResourceLoader.cpp">
      <Filter>Resource</Filter>
    </ClCompile>
    <ClCompile Include="Resource\ResourceRecord.cpp">
      <Filter>Resource</Filter>
    </ClCompile>
    <ClCompile Include="Resource\ResourceRequest.cpp">
      <Filter>Resource</Filter>
    </ClCompile>
    <ClCompile Include="Resource\ResourceSystem.cpp">
      <Filter>Resource</Filter>
    </ClCompile>
    <ClCompile Include="Resource\Settings\Settings_Resource.cpp">
      <Filter>Resource\Settings</Filter>
    </ClCompile>
    <ClCompile Include="Resource\ResourceProviders\ResourceProvider_Network.cpp">
      <Filter>Resource\ResourceProviders</Filter>
    </ClCompile>
    <ClCompile Include="Resource\ResourceProviders\ResourceProvider_Package.cpp">
      <Filter>Resource\ResourceProviders</Filter>
    </ClCompile>
    <ClCompile Include="Encoding\Embed.cpp">
      <Filter>Encoding</Filter>
    </ClCompile>
    <ClCompile Include="Encoding\Encoding.cpp">
      <Filter>Encoding</Filter>
    </ClCompile>
    <ClCompile Include="Settings\Settings.cpp">
      <Filter>Settings</Filter>
    </ClCompile>
    <ClCompile Include="Settings\SettingsRegistry.cpp">
      <Filter>Settings</Filter>
    </ClCompile>
    <ClCompile Include="Settings\IniFile.cpp">
      <Filter>Settings</Filter>
    </ClCompile>
    <ClCompile Include="Platform\Platform.cpp">
      <Filter>Platform</Filter>
    </ClCompile>
    <ClCompile Include="Platform\Platform_Win32.cpp">
      <Filter>Platform</Filter>
    </ClCompile>
    <ClCompile Include="Platform\PlatformUtils_Win32.cpp">
      <Filter>Platform</Filter>
    </ClCompile>
    <ClCompile Include="Threading\TaskSystem.cpp">
      <Filter>Threading</Filter>
    </ClCompile>
    <ClCompile Include="Threading\Threading.cpp">
      <Filter>Threading</Filter>
    </ClCompile>
    <ClCompile Include="Threading\Platform\Threading_Win32.cpp">
      <Filter>Threading\Platform</Filter>
    </ClCompile>
    <ClCompile Include="ThirdParty\EA\eastl_Esoterica.cpp">
      <Filter>ThirdParty\EA</Filter>
    </ClCompile>
    <ClCompile Include="ThirdParty\EA\EASTL\Source\allocator_eastl.cpp">
      <Filter>ThirdParty\EA\EASTL\Source</Filter>
    </ClCompile>
    <ClCompile Include="ThirdParty\EA\EASTL\Source\assert.cpp">
      <Filter>ThirdParty\EA\EASTL\Source</Filter>
    </ClCompile>
    <ClCompile Include="ThirdParty\EA\EASTL\Source\atomic.cpp">
      <Filter>ThirdParty\EA\EASTL\Source</Filter>
    </ClCompile>
    <ClCompile Include="ThirdParty\EA\EASTL\Source\fixed_pool.cpp">
      <Filter>ThirdParty\EA\EASTL\Source</Filter>
    </ClCompile>
    <ClCompile Include="ThirdParty\EA\EASTL\Source\hashtable.cpp">
      <Filter>ThirdParty\EA\EASTL\Source</Filter>
    </ClCompile>
    <ClCompile Include="ThirdParty\EA\EASTL\Source\intrusive_list.cpp">
      <Filter>ThirdParty\EA\EASTL\Source</Filter>
    </ClCompile>
    <ClCompile Include="ThirdParty\EA\EASTL\Source\numeric_limits.cpp">
      <Filter>ThirdParty\EA\EASTL\Source</Filter>
    </ClCompile>
    <ClCompile Include="ThirdParty\EA\EASTL\Source\red_black_tree.cpp">
      <Filter>ThirdParty\EA\EASTL\Source</Filter>
    </ClCompile>
    <ClCompile Include="ThirdParty\EA\EASTL\Source\string.cpp">
      <Filter>ThirdParty\EA\EASTL\Source</Filter>
    </ClCompile>
    <ClCompile Include="ThirdParty\EA\EASTL\Source\thread_support.cpp">
      <Filter>ThirdParty\EA\EASTL\Source</Filter>
    </ClCompile>
    <ClCompile Include="ThirdParty\stb\stb_Esoterica.cpp">
      <Filter>ThirdParty\stb</Filter>
    </ClCompile>
    <ClCompile Include="ThirdParty\imgui\imgui.cpp">
      <Filter>ThirdParty\imgui</Filter>
    </ClCompile>
    <ClCompile Include="ThirdParty\imgui\imgui_demo.cpp">
      <Filter>ThirdParty\imgui</Filter>
    </ClCompile>
    <ClCompile Include="ThirdParty\imgui\imgui_draw.cpp">
      <Filter>ThirdParty\imgui</Filter>
    </ClCompile>
    <ClCompile Include="ThirdParty\imgui\imgui_tables.cpp">
      <Filter>ThirdParty\imgui</Filter>
    </ClCompile>
    <ClCompile Include="ThirdParty\imgui\imgui_widgets.cpp">
      <Filter>ThirdParty\imgui</Filter>
    </ClCompile>
    <ClCompile Include="ThirdParty\imgui\misc\freetype\imgui_freetype.cpp">
      <Filter>ThirdParty\imgui\misc\freetype</Filter>
    </ClCompile>
    <ClCompile Include="ThirdParty\mpack\mpack_esoterica.cpp">
      <Filter>ThirdParty\mpack</Filter>
    </ClCompile>
    <ClCompile Include="ThirdParty\mpack\mpack.c">
      <Filter>ThirdParty\mpack</Filter>
    </ClCompile>
    <ClCompile Include="ThirdParty\enkits\TaskScheduler.cpp">
      <Filter>ThirdParty\enkits</Filter>
    </ClCompile>
    <ClCompile Include="ThirdParty\implot\implot.cpp">
      <Filter>ThirdParty\implot</Filter>
    </ClCompile>
    <ClCompile Include="ThirdParty\implot\implot_demo.cpp">
      <Filter>ThirdParty\implot</Filter>
    </ClCompile>
    <ClCompile Include="ThirdParty\implot\implot_items.cpp">
      <Filter>ThirdParty\implot</Filter>
    </ClCompile>
    <ClCompile Include="ThirdParty\pugixml\src\pugixml.cpp">
      <Filter>ThirdParty\pugixml\src</Filter>
    </ClCompile>
    <ClCompile Include="ThirdParty\rpmalloc\rpmalloc.c">
      <Filter>ThirdParty\rpmalloc</Filter>
    </ClCompile>
    <ClCompile Include="ThirdParty\iniparser\dictionary.c">
      <Filter>ThirdParty\iniparser</Filter>
    </ClCompile>
    <ClCompile Include="ThirdParty\iniparser\iniparser.c">
      <Filter>ThirdParty\iniparser</Filter>
    </ClCompile>
    <ClCompile Include="ThirdParty\D3D12MemoryAllocator\Common.cpp">
      <Filter>ThirdParty\D3D12MemoryAllocator</Filter>
    </ClCompile>
    <ClCompile Include="ThirdParty\D3D12MemoryAllocator\D3D12MemAlloc.cpp">
      <Filter>ThirdParty\D3D12MemoryAllocator</Filter>
    </ClCompile>
    <ClCompile Include="FileSystem\DataPath.cpp">
      <Filter>FileSystem</Filter>
    </ClCompile>
    <ClCompile Include="FileSystem\FileSystem.cpp">
      <Filter>FileSystem</Filter>
    </ClCompile>
    <ClCompile Include="FileSystem\IDataFile.cpp">
      <Filter>FileSystem</Filter>
    </ClCompile>
    <ClCompile Include="FileSystem\DataFileExtension.cpp">
      <Filter>FileSystem</Filter>
    </ClCompile>
    <ClCompile Include="FileSystem\FileSystemPath.cpp">
      <Filter>FileSystem</Filter>
    </ClCompile>
    <ClCompile Include="FileSystem\FileStreams.cpp">
      <Filter>FileSystem</Filter>
    </ClCompile>
    <ClCompile Include="FileSystem\FileSystemUtils.cpp">
      <Filter>FileSystem</Filter>
    </ClCompile>
    <ClCompile Include="FileSystem\Platform\FileSystemPath_Win32.cpp">
      <Filter>FileSystem\Platform</Filter>
    </ClCompile>
    <ClCompile Include="FileSystem\Platform\FileSystem_Win32.cpp">
      <Filter>FileSystem\Platform</Filter>
    </ClCompile>
    <ClCompile Include="TypeSystem\PropertyMetadata.cpp">
      <Filter>TypeSystem</Filter>
    </ClCompile>
    <ClCompile Include="TypeSystem\TypeInstance.cpp">
      <Filter>TypeSystem</Filter>
    </ClCompile>
    <ClCompile Include="TypeSystem\CoreTypeConversions.cpp">
      <Filter>TypeSystem</Filter>
    </ClCompile>
    <ClCompile Include="TypeSystem\CoreTypeIDs.cpp">
      <Filter>TypeSystem</Filter>
    </ClCompile>
    <ClCompile Include="TypeSystem\EnumInfo.cpp">
      <Filter>TypeSystem</Filter>
    </ClCompile>
    <ClCompile Include="TypeSystem\PropertyPath.cpp">
      <Filter>TypeSystem</Filter>
    </ClCompile>
    <ClCompile Include="TypeSystem\TypeDescriptors.cpp">
      <Filter>TypeSystem</Filter>
    </ClCompile>
    <ClCompile Include="TypeSystem\TypeInfo.cpp">
      <Filter>TypeSystem</Filter>
    </ClCompile>
    <ClCompile Include="TypeSystem\TypeRegistry.cpp">
      <Filter>TypeSystem</Filter>
    </ClCompile>
    <ClCompile Include="Application\Module.cpp">
      <Filter>Application</Filter>
    </ClCompile>
    <ClCompile Include="Application\ApplicationGlobalState.cpp">
      <Filter>Application</Filter>
    </ClCompile>
    <ClCompile Include="Application\Platform\Application_Win32.cpp">
      <Filter>Application\Platform</Filter>
    </ClCompile>
    <ClCompile Include="Serialization\TypeSerialization.cpp">
      <Filter>Serialization</Filter>
    </ClCompile>
    <ClCompile Include="Serialization\XmlSerialization.cpp">
      <Filter>Serialization</Filter>
    </ClCompile>
    <ClCompile Include="Serialization\BinarySerialization.cpp">
      <Filter>Serialization</Filter>
    </ClCompile>
  </ItemGroup>
  <ItemGroup>
    <ClInclude Include="Esoterica.h" />
    <ClInclude Include="ThirdParty\EA\eastl_Esoterica_TrackedAllocator.h">
      <Filter>ThirdParty\EA</Filter>
    </ClInclude>
    <ClInclude Include="Profiling.h" />
    <ClInclude Include="Systems.h" />
    <ClInclude Include="Time\TimeStamp.h">
      <Filter>Time</Filter>
    </ClInclude>
    <ClInclude Include="Time\Time.h">
      <Filter>Time</Filter>
    </ClInclude>
    <ClInclude Include="Time\Timers.h">
      <Filter>Time</Filter>
    </ClInclude>
    <ClInclude Include="Math\Intersection.h">
      <Filter>Math</Filter>
    </ClInclude>
    <ClInclude Include="Math\BlendWeight.h">
      <Filter>Math</Filter>
    </ClInclude>
    <ClInclude Include="Math\Matrix43.h">
      <Filter>Math</Filter>
    </ClInclude>
    <ClInclude Include="Math\Easing.h">
      <Filter>Math</Filter>
    </ClInclude>
    <ClInclude Include="Math\Lerp.h">
      <Filter>Math</Filter>
    </ClInclude>
    <ClInclude Include="Math\EigenVectors.h">
      <Filter>Math</Filter>
    </ClInclude>
    <ClInclude Include="Math\FloatCurve.h">
      <Filter>Math</Filter>
    </ClInclude>
    <ClInclude Include="Math\MathConstants.h">
      <Filter>Math</Filter>
    </ClInclude>
    <ClInclude Include="Math\MathRandom.h">
      <Filter>Math</Filter>
    </ClInclude>
    <ClInclude Include="Math\MathUtils.h">
      <Filter>Math</Filter>
    </ClInclude>
    <ClInclude Include="Math\Transform.h">
      <Filter>Math</Filter>
    </ClInclude>
    <ClInclude Include="Math\Curves.h">
      <Filter>Math</Filter>
    </ClInclude>
    <ClInclude Include="Math\BoundingVolumes.h">
      <Filter>Math</Filter>
    </ClInclude>
    <ClInclude Include="Math\AABBTree.h">
      <Filter>Math</Filter>
    </ClInclude>
    <ClInclude Include="Math\Line.h">
      <Filter>Math</Filter>
    </ClInclude>
    <ClInclude Include="Math\Math.h">
      <Filter>Math</Filter>
    </ClInclude>
    <ClInclude Include="Math\Matrix.h">
      <Filter>Math</Filter>
    </ClInclude>
    <ClInclude Include="Math\Plane.h">
      <Filter>Math</Filter>
    </ClInclude>
    <ClInclude Include="Math\PointSet.h">
      <Filter>Math</Filter>
    </ClInclude>
    <ClInclude Include="Math\Quaternion.h">
      <Filter>Math</Filter>
    </ClInclude>
    <ClInclude Include="Math\NumericRange.h">
      <Filter>Math</Filter>
    </ClInclude>
    <ClInclude Include="Math\Rectangle.h">
      <Filter>Math</Filter>
    </ClInclude>
    <ClInclude Include="Math\SIMD.h">
      <Filter>Math</Filter>
    </ClInclude>
    <ClInclude Include="Math\SimpleMovingAverage.h">
      <Filter>Math</Filter>
    </ClInclude>
    <ClInclude Include="Math\Triangle.h">
      <Filter>Math</Filter>
    </ClInclude>
    <ClInclude Include="Math\Vector.h">
      <Filter>Math</Filter>
    </ClInclude>
    <ClInclude Include="Math\ViewVolume.h">
      <Filter>Math</Filter>
    </ClInclude>
    <ClInclude Include="Math\Platform\Math_Win32.h">
      <Filter>Math\Platform</Filter>
    </ClInclude>
    <ClInclude Include="Imgui\ImguiCurveEditor.h">
      <Filter>Imgui</Filter>
    </ClInclude>
    <ClInclude Include="Imgui\ImguiCommandStack.h">
      <Filter>Imgui</Filter>
    </ClInclude>
    <ClInclude Include="Imgui\ImguiFilteredCombo.h">
      <Filter>Imgui</Filter>
    </ClInclude>
    <ClInclude Include="Imgui\ImguiTextBuffer.h">
      <Filter>Imgui</Filter>
    </ClInclude>
    <ClInclude Include="Imgui\ImguiXNotifications.h">
      <Filter>Imgui</Filter>
    </ClInclude>
    <ClInclude Include="Imgui\ImguiFont.h">
      <Filter>Imgui</Filter>
    </ClInclude>
    <ClInclude Include="Imgui\ImguiStyle.h">
      <Filter>Imgui</Filter>
    </ClInclude>
    <ClInclude Include="Imgui\ImguiSystem.h">
      <Filter>Imgui</Filter>
    </ClInclude>
    <ClInclude Include="Imgui\ImguiX.h">
      <Filter>Imgui</Filter>
    </ClInclude>
    <ClInclude Include="Imgui\MaterialDesignIcons.h">
      <Filter>Imgui</Filter>
    </ClInclude>
    <ClInclude Include="Imgui\Platform\ImguiPlatform_Win32.h">
      <Filter>Imgui\Platform</Filter>
    </ClInclude>
    <ClInclude Include="Types\Path.h">
      <Filter>Types</Filter>
    </ClInclude>
    <ClInclude Include="Types\Severity.h">
      <Filter>Types</Filter>
    </ClInclude>
    <ClInclude Include="Types\Event.h">
      <Filter>Types</Filter>
    </ClInclude>
    <ClInclude Include="Types\HashMap.h">
      <Filter>Types</Filter>
    </ClInclude>
    <ClInclude Include="Types\IDVector.h">
      <Filter>Types</Filter>
    </ClInclude>
    <ClInclude Include="Types\Function.h">
      <Filter>Types</Filter>
    </ClInclude>
    <ClInclude Include="Types\PointerID.h">
      <Filter>Types</Filter>
    </ClInclude>
    <ClInclude Include="Types\Pool.h">
      <Filter>Types</Filter>
    </ClInclude>
    <ClInclude Include="Types\Percentage.h">
      <Filter>Types</Filter>
    </ClInclude>
    <ClInclude Include="Types\Color.h">
      <Filter>Types</Filter>
    </ClInclude>
    <ClInclude Include="Types\Arrays.h">
      <Filter>Types</Filter>
    </ClInclude>
    <ClInclude Include="Types\BitFlags.h">
      <Filter>Types</Filter>
    </ClInclude>
    <ClInclude Include="Types\LoadingStatus.h">
      <Filter>Types</Filter>
    </ClInclude>
    <ClInclude Include="Types\ScopedValue.h">
      <Filter>Types</Filter>
    </ClInclude>
    <ClInclude Include="Types\String.h">
      <Filter>Types</Filter>
    </ClInclude>
    <ClInclude Include="Types\Containers_ForwardDecl.h">
      <Filter>Types</Filter>
    </ClInclude>
    <ClInclude Include="Types\StringID.h">
      <Filter>Types</Filter>
    </ClInclude>
    <ClInclude Include="Types\Tag.h">
      <Filter>Types</Filter>
    </ClInclude>
    <ClInclude Include="Types\UUID.h">
      <Filter>Types</Filter>
    </ClInclude>
    <ClInclude Include="Input\Input.h">
      <Filter>Input</Filter>
    </ClInclude>
    <ClInclude Include="Input\InputDevice.h">
      <Filter>Input</Filter>
    </ClInclude>
    <ClInclude Include="Input\InputSystem.h">
      <Filter>Input</Filter>
    </ClInclude>
    <ClInclude Include="Input\InputDevices\InputDevice_Controller.h">
      <Filter>Input\InputDevices</Filter>
    </ClInclude>
    <ClInclude Include="Input\InputDevices\InputDevice_KeyboardMouse.h">
      <Filter>Input\InputDevices</Filter>
    </ClInclude>
    <ClInclude Include="Input\InputDevices\InputDevice_XBoxController.h">
      <Filter>Input\InputDevices</Filter>
    </ClInclude>
    <ClInclude Include="Utils\CommandLineParser.h">
      <Filter>Utils</Filter>
    </ClInclude>
    <ClInclude Include="Utils\CategoryTree.h">
      <Filter>Utils</Filter>
    </ClInclude>
    <ClInclude Include="Utils\StringKeyValueParser.h">
      <Filter>Utils</Filter>
    </ClInclude>
    <ClInclude Include="Utils\StringTokenizer.h">
      <Filter>Utils</Filter>
    </ClInclude>
    <ClInclude Include="Utils\TopologicalSort.h">
      <Filter>Utils</Filter>
    </ClInclude>
    <ClInclude Include="Utils\GlobalRegistryBase.h">
      <Filter>Utils</Filter>
    </ClInclude>
    <ClInclude Include="Utils\TreeLayout.h">
      <Filter>Utils</Filter>
    </ClInclude>
    <ClInclude Include="Fonts\Font_MaterialDesignIcons.h">
      <Filter>Fonts</Filter>
    </ClInclude>
    <ClInclude Include="Fonts\Font_RobotoMono_Regular.h">
      <Filter>Fonts</Filter>
    </ClInclude>
    <ClInclude Include="Fonts\Font_Roboto_Bold.h">
      <Filter>Fonts</Filter>
    </ClInclude>
    <ClInclude Include="Fonts\Font_Roboto_BoldItalic.h">
      <Filter>Fonts</Filter>
    </ClInclude>
    <ClInclude Include="Fonts\Font_Roboto_Italic.h">
      <Filter>Fonts</Filter>
    </ClInclude>
    <ClInclude Include="Fonts\Font_Roboto_Regular.h">
      <Filter>Fonts</Filter>
    </ClInclude>
    <ClInclude Include="Render\HandleAllocator.h">
      <Filter>Render</Filter>
    </ClInclude>
    <ClInclude Include="Render\PageAllocator.h">
      <Filter>Render</Filter>
    </ClInclude>
    <ClInclude Include="Render\RHI.h">
      <Filter>Render</Filter>
    </ClInclude>
    <ClInclude Include="Render\RenderWindow.h">
      <Filter>Render</Filter>
    </ClInclude>
    <ClInclude Include="Render\Settings\Settings_Render.h">
      <Filter>Render\Settings</Filter>
    </ClInclude>
    <ClInclude Include="Memory\SharedPtr.h">
      <Filter>Memory</Filter>
    </ClInclude>
    <ClInclude Include="Memory\UniquePtr.h">
      <Filter>Memory</Filter>
    </ClInclude>
    <ClInclude Include="Memory\Memory.h">
      <Filter>Memory</Filter>
    </ClInclude>
    <ClInclude Include="Network\NetworkMessage.h">
      <Filter>Network</Filter>
    </ClInclude>
    <ClInclude Include="Network\NetworkSystem.h">
      <Filter>Network</Filter>
    </ClInclude>
    <ClInclude Include="Network\Clients\NetworkClient_GNS.h">
      <Filter>Network\Clients</Filter>
    </ClInclude>
    <ClInclude Include="Network\Clients\NetworkClient.h">
      <Filter>Network\Clients</Filter>
    </ClInclude>
    <ClInclude Include="Network\Clients\NetworkClient_WebSockets.h">
      <Filter>Network\Clients</Filter>
    </ClInclude>
    <ClInclude Include="Network\Servers\NetworkServer.h">
      <Filter>Network\Servers</Filter>
    </ClInclude>
    <ClInclude Include="Network\Servers\NetworkServer_GNS.h">
      <Filter>Network\Servers</Filter>
    </ClInclude>
    <ClInclude Include="Network\Servers\NetworkServer_WebSockets.h">
      <Filter>Network\Servers</Filter>
    </ClInclude>
    <ClInclude Include="_Module\API.h">
      <Filter>_Module</Filter>
    </ClInclude>
    <ClInclude Include="_Module\BaseModule.h">
      <Filter>_Module</Filter>
    </ClInclude>
    <ClInclude Include="Logging\LogCategory.h">
      <Filter>Logging</Filter>
    </ClInclude>
    <ClInclude Include="Logging\SystemLog.h">
      <Filter>Logging</Filter>
    </ClInclude>
    <ClInclude Include="Logging\Log.h">
      <Filter>Logging</Filter>
    </ClInclude>
    <ClInclude Include="Drawing\DebugDrawingSystem.h">
      <Filter>Drawing</Filter>
    </ClInclude>
    <ClInclude Include="Drawing\DebugDrawingCommands.h">
      <Filter>Drawing</Filter>
    </ClInclude>
    <ClInclude Include="Drawing\DebugDrawing.h">
      <Filter>Drawing</Filter>
    </ClInclude>
    <ClInclude Include="Resource\IResource.h">
      <Filter>Resource</Filter>
    </ClInclude>
    <ClInclude Include="Resource\ResourceHeader.h">
      <Filter>Resource</Filter>
    </ClInclude>
    <ClInclude Include="Resource\ResourceID.h">
      <Filter>Resource</Filter>
    </ClInclude>
    <ClInclude Include="Resource\ResourceLoader.h">
      <Filter>Resource</Filter>
    </ClInclude>
    <ClInclude Include="Resource\ResourceProvider.h">
      <Filter>Resource</Filter>
    </ClInclude>
    <ClInclude Include="Resource\ResourcePtr.h">
      <Filter>Resource</Filter>
    </ClInclude>
    <ClInclude Include="Resource\ResourceRecord.h">
      <Filter>Resource</Filter>
    </ClInclude>
    <ClInclude Include="Resource\ResourceRequest.h">
      <Filter>Resource</Filter>
    </ClInclude>
    <ClInclude Include="Resource\ResourceRequesterID.h">
      <Filter>Resource</Filter>
    </ClInclude>
    <ClInclude Include="Resource\ResourceSystem.h">
      <Filter>Resource</Filter>
    </ClInclude>
    <ClInclude Include="Resource\ResourceTypeID.h">
      <Filter>Resource</Filter>
    </ClInclude>
    <ClInclude Include="Resource\Settings\Settings_Resource.h">
      <Filter>Resource\Settings</Filter>
    </ClInclude>
    <ClInclude Include="Resource\ResourceProviders\ResourceProvider_Network.h">
      <Filter>Resource\ResourceProviders</Filter>
    </ClInclude>
    <ClInclude Include="Resource\ResourceProviders\ResourceProvider_Package.h">
      <Filter>Resource\ResourceProviders</Filter>
    </ClInclude>
    <ClInclude Include="Resource\ResourceProviders\ResourceNetworkMessages.h">
      <Filter>Resource\ResourceProviders</Filter>
    </ClInclude>
    <ClInclude Include="Encoding\Embed.h">
      <Filter>Encoding</Filter>
    </ClInclude>
    <ClInclude Include="Encoding\Hash.h">
      <Filter>Encoding</Filter>
    </ClInclude>
    <ClInclude Include="Encoding\Quantization.h">
      <Filter>Encoding</Filter>
    </ClInclude>
    <ClInclude Include="Encoding\Encoding.h">
      <Filter>Encoding</Filter>
    </ClInclude>
    <ClInclude Include="Settings\Settings.h">
      <Filter>Settings</Filter>
    </ClInclude>
    <ClInclude Include="Settings\SettingsRegistry.h">
      <Filter>Settings</Filter>
    </ClInclude>
    <ClInclude Include="Settings\IniFile.h">
      <Filter>Settings</Filter>
    </ClInclude>
    <ClInclude Include="Platform\Platform.h">
      <Filter>Platform</Filter>
    </ClInclude>
    <ClInclude Include="Platform\Platform_Win32.h">
      <Filter>Platform</Filter>
    </ClInclude>
    <ClInclude Include="Platform\PlatformUtils_Win32.h">
      <Filter>Platform</Filter>
    </ClInclude>
    <ClInclude Include="Threading\TaskSystem.h">
      <Filter>Threading</Filter>
    </ClInclude>
    <ClInclude Include="Threading\Threading.h">
      <Filter>Threading</Filter>
    </ClInclude>
    <ClInclude Include="ThirdParty\EA\eastl_Esoterica.h">
      <Filter>ThirdParty\EA</Filter>
    </ClInclude>
    <ClInclude Include="ThirdParty\EA\EASTL\Include\EASTL\algorithm.h">
      <Filter>ThirdParty\EA\EASTL\Include\EASTL</Filter>
    </ClInclude>
    <ClInclude Include="ThirdParty\EA\EASTL\Include\EASTL\allocator.h">
      <Filter>ThirdParty\EA\EASTL\Include\EASTL</Filter>
    </ClInclude>
    <ClInclude Include="ThirdParty\EA\EASTL\Include\EASTL\allocator_malloc.h">
      <Filter>ThirdParty\EA\EASTL\Include\EASTL</Filter>
    </ClInclude>
    <ClInclude Include="ThirdParty\EA\EASTL\Include\EASTL\any.h">
      <Filter>ThirdParty\EA\EASTL\Include\EASTL</Filter>
    </ClInclude>
    <ClInclude Include="ThirdParty\EA\EASTL\Include\EASTL\array.h">
      <Filter>ThirdParty\EA\EASTL\Include\EASTL</Filter>
    </ClInclude>
    <ClInclude Include="ThirdParty\EA\EASTL\Include\EASTL\atomic.h">
      <Filter>ThirdParty\EA\EASTL\Include\EASTL</Filter>
    </ClInclude>
    <ClInclude Include="ThirdParty\EA\EASTL\Include\EASTL\bit.h">
      <Filter>ThirdParty\EA\EASTL\Include\EASTL</Filter>
    </ClInclude>
    <ClInclude Include="ThirdParty\EA\EASTL\Include\EASTL\bitset.h">
      <Filter>ThirdParty\EA\EASTL\Include\EASTL</Filter>
    </ClInclude>
    <ClInclude Include="ThirdParty\EA\EASTL\Include\EASTL\bitvector.h">
      <Filter>ThirdParty\EA\EASTL\Include\EASTL</Filter>
    </ClInclude>
    <ClInclude Include="ThirdParty\EA\EASTL\Include\EASTL\chrono.h">
      <Filter>ThirdParty\EA\EASTL\Include\EASTL</Filter>
    </ClInclude>
    <ClInclude Include="ThirdParty\EA\EASTL\Include\EASTL\compare.h">
      <Filter>ThirdParty\EA\EASTL\Include\EASTL</Filter>
    </ClInclude>
    <ClInclude Include="ThirdParty\EA\EASTL\Include\EASTL\core_allocator.h">
      <Filter>ThirdParty\EA\EASTL\Include\EASTL</Filter>
    </ClInclude>
    <ClInclude Include="ThirdParty\EA\EASTL\Include\EASTL\core_allocator_adapter.h">
      <Filter>ThirdParty\EA\EASTL\Include\EASTL</Filter>
    </ClInclude>
    <ClInclude Include="ThirdParty\EA\EASTL\Include\EASTL\deque.h">
      <Filter>ThirdParty\EA\EASTL\Include\EASTL</Filter>
    </ClInclude>
    <ClInclude Include="ThirdParty\EA\EASTL\Include\EASTL\finally.h">
      <Filter>ThirdParty\EA\EASTL\Include\EASTL</Filter>
    </ClInclude>
    <ClInclude Include="ThirdParty\EA\EASTL\Include\EASTL\fixed_allocator.h">
      <Filter>ThirdParty\EA\EASTL\Include\EASTL</Filter>
    </ClInclude>
    <ClInclude Include="ThirdParty\EA\EASTL\Include\EASTL\fixed_function.h">
      <Filter>ThirdParty\EA\EASTL\Include\EASTL</Filter>
    </ClInclude>
    <ClInclude Include="ThirdParty\EA\EASTL\Include\EASTL\fixed_hash_map.h">
      <Filter>ThirdParty\EA\EASTL\Include\EASTL</Filter>
    </ClInclude>
    <ClInclude Include="ThirdParty\EA\EASTL\Include\EASTL\fixed_hash_set.h">
      <Filter>ThirdParty\EA\EASTL\Include\EASTL</Filter>
    </ClInclude>
    <ClInclude Include="ThirdParty\EA\EASTL\Include\EASTL\fixed_list.h">
      <Filter>ThirdParty\EA\EASTL\Include\EASTL</Filter>
    </ClInclude>
    <ClInclude Include="ThirdParty\EA\EASTL\Include\EASTL\fixed_map.h">
      <Filter>ThirdParty\EA\EASTL\Include\EASTL</Filter>
    </ClInclude>
    <ClInclude Include="ThirdParty\EA\EASTL\Include\EASTL\fixed_set.h">
      <Filter>ThirdParty\EA\EASTL\Include\EASTL</Filter>
    </ClInclude>
    <ClInclude Include="ThirdParty\EA\EASTL\Include\EASTL\fixed_slist.h">
      <Filter>ThirdParty\EA\EASTL\Include\EASTL</Filter>
    </ClInclude>
    <ClInclude Include="ThirdParty\EA\EASTL\Include\EASTL\fixed_string.h">
      <Filter>ThirdParty\EA\EASTL\Include\EASTL</Filter>
    </ClInclude>
    <ClInclude Include="ThirdParty\EA\EASTL\Include\EASTL\fixed_substring.h">
      <Filter>ThirdParty\EA\EASTL\Include\EASTL</Filter>
    </ClInclude>
    <ClInclude Include="ThirdParty\EA\EASTL\Include\EASTL\fixed_vector.h">
      <Filter>ThirdParty\EA\EASTL\Include\EASTL</Filter>
    </ClInclude>
    <ClInclude Include="ThirdParty\EA\EASTL\Include\EASTL\functional.h">
      <Filter>ThirdParty\EA\EASTL\Include\EASTL</Filter>
    </ClInclude>
    <ClInclude Include="ThirdParty\EA\EASTL\Include\EASTL\hash_map.h">
      <Filter>ThirdParty\EA\EASTL\Include\EASTL</Filter>
    </ClInclude>
    <ClInclude Include="ThirdParty\EA\EASTL\Include\EASTL\hash_set.h">
      <Filter>ThirdParty\EA\EASTL\Include\EASTL</Filter>
    </ClInclude>
    <ClInclude Include="ThirdParty\EA\EASTL\Include\EASTL\heap.h">
      <Filter>ThirdParty\EA\EASTL\Include\EASTL</Filter>
    </ClInclude>
    <ClInclude Include="ThirdParty\EA\EASTL\Include\EASTL\initializer_list.h">
      <Filter>ThirdParty\EA\EASTL\Include\EASTL</Filter>
    </ClInclude>
    <ClInclude Include="ThirdParty\EA\EASTL\Include\EASTL\intrusive_hash_map.h">
      <Filter>ThirdParty\EA\EASTL\Include\EASTL</Filter>
    </ClInclude>
    <ClInclude Include="ThirdParty\EA\EASTL\Include\EASTL\intrusive_hash_set.h">
      <Filter>ThirdParty\EA\EASTL\Include\EASTL</Filter>
    </ClInclude>
    <ClInclude Include="ThirdParty\EA\EASTL\Include\EASTL\intrusive_list.h">
      <Filter>ThirdParty\EA\EASTL\Include\EASTL</Filter>
    </ClInclude>
    <ClInclude Include="ThirdParty\EA\EASTL\Include\EASTL\intrusive_ptr.h">
      <Filter>ThirdParty\EA\EASTL\Include\EASTL</Filter>
    </ClInclude>
    <ClInclude Include="ThirdParty\EA\EASTL\Include\EASTL\iterator.h">
      <Filter>ThirdParty\EA\EASTL\Include\EASTL</Filter>
    </ClInclude>
    <ClInclude Include="ThirdParty\EA\EASTL\Include\EASTL\linked_array.h">
      <Filter>ThirdParty\EA\EASTL\Include\EASTL</Filter>
    </ClInclude>
    <ClInclude Include="ThirdParty\EA\EASTL\Include\EASTL\linked_ptr.h">
      <Filter>ThirdParty\EA\EASTL\Include\EASTL</Filter>
    </ClInclude>
    <ClInclude Include="ThirdParty\EA\EASTL\Include\EASTL\list.h">
      <Filter>ThirdParty\EA\EASTL\Include\EASTL</Filter>
    </ClInclude>
    <ClInclude Include="ThirdParty\EA\EASTL\Include\EASTL\map.h">
      <Filter>ThirdParty\EA\EASTL\Include\EASTL</Filter>
    </ClInclude>
    <ClInclude Include="ThirdParty\EA\EASTL\Include\EASTL\memory.h">
      <Filter>ThirdParty\EA\EASTL\Include\EASTL</Filter>
    </ClInclude>
    <ClInclude Include="ThirdParty\EA\EASTL\Include\EASTL\meta.h">
      <Filter>ThirdParty\EA\EASTL\Include\EASTL</Filter>
    </ClInclude>
    <ClInclude Include="ThirdParty\EA\EASTL\Include\EASTL\numeric.h">
      <Filter>ThirdParty\EA\EASTL\Include\EASTL</Filter>
    </ClInclude>
    <ClInclude Include="ThirdParty\EA\EASTL\Include\EASTL\numeric_limits.h">
      <Filter>ThirdParty\EA\EASTL\Include\EASTL</Filter>
    </ClInclude>
    <ClInclude Include="ThirdParty\EA\EASTL\Include\EASTL\optional.h">
      <Filter>ThirdParty\EA\EASTL\Include\EASTL</Filter>
    </ClInclude>
    <ClInclude Include="ThirdParty\EA\EASTL\Include\EASTL\priority_queue.h">
      <Filter>ThirdParty\EA\EASTL\Include\EASTL</Filter>
    </ClInclude>
    <ClInclude Include="ThirdParty\EA\EASTL\Include\EASTL\queue.h">
      <Filter>ThirdParty\EA\EASTL\Include\EASTL</Filter>
    </ClInclude>
    <ClInclude Include="ThirdParty\EA\EASTL\Include\EASTL\random.h">
      <Filter>ThirdParty\EA\EASTL\Include\EASTL</Filter>
    </ClInclude>
    <ClInclude Include="ThirdParty\EA\EASTL\Include\EASTL\ratio.h">
      <Filter>ThirdParty\EA\EASTL\Include\EASTL</Filter>
    </ClInclude>
    <ClInclude Include="ThirdParty\EA\EASTL\Include\EASTL\safe_ptr.h">
      <Filter>ThirdParty\EA\EASTL\Include\EASTL</Filter>
    </ClInclude>
    <ClInclude Include="ThirdParty\EA\EASTL\Include\EASTL\scoped_array.h">
      <Filter>ThirdParty\EA\EASTL\Include\EASTL</Filter>
    </ClInclude>
    <ClInclude Include="ThirdParty\EA\EASTL\Include\EASTL\scoped_ptr.h">
      <Filter>ThirdParty\EA\EASTL\Include\EASTL</Filter>
    </ClInclude>
    <ClInclude Include="ThirdParty\EA\EASTL\Include\EASTL\segmented_vector.h">
      <Filter>ThirdParty\EA\EASTL\Include\EASTL</Filter>
    </ClInclude>
    <ClInclude Include="ThirdParty\EA\EASTL\Include\EASTL\set.h">
      <Filter>ThirdParty\EA\EASTL\Include\EASTL</Filter>
    </ClInclude>
    <ClInclude Include="ThirdParty\EA\EASTL\Include\EASTL\shared_array.h">
      <Filter>ThirdParty\EA\EASTL\Include\EASTL</Filter>
    </ClInclude>
    <ClInclude Include="ThirdParty\EA\EASTL\Include\EASTL\shared_ptr.h">
      <Filter>ThirdParty\EA\EASTL\Include\EASTL</Filter>
    </ClInclude>
    <ClInclude Include="ThirdParty\EA\EASTL\Include\EASTL\slist.h">
      <Filter>ThirdParty\EA\EASTL\Include\EASTL</Filter>
    </ClInclude>
    <ClInclude Include="ThirdParty\EA\EASTL\Include\EASTL\sort.h">
      <Filter>ThirdParty\EA\EASTL\Include\EASTL</Filter>
    </ClInclude>
    <ClInclude Include="ThirdParty\EA\EASTL\Include\EASTL\span.h">
      <Filter>ThirdParty\EA\EASTL\Include\EASTL</Filter>
    </ClInclude>
    <ClInclude Include="ThirdParty\EA\EASTL\Include\EASTL\stack.h">
      <Filter>ThirdParty\EA\EASTL\Include\EASTL</Filter>
    </ClInclude>
    <ClInclude Include="ThirdParty\EA\EASTL\Include\EASTL\string.h">
      <Filter>ThirdParty\EA\EASTL\Include\EASTL</Filter>
    </ClInclude>
    <ClInclude Include="ThirdParty\EA\EASTL\Include\EASTL\string_hash_map.h">
      <Filter>ThirdParty\EA\EASTL\Include\EASTL</Filter>
    </ClInclude>
    <ClInclude Include="ThirdParty\EA\EASTL\Include\EASTL\string_map.h">
      <Filter>ThirdParty\EA\EASTL\Include\EASTL</Filter>
    </ClInclude>
    <ClInclude Include="ThirdParty\EA\EASTL\Include\EASTL\string_view.h">
      <Filter>ThirdParty\EA\EASTL\Include\EASTL</Filter>
    </ClInclude>
    <ClInclude Include="ThirdParty\EA\EASTL\Include\EASTL\tuple.h">
      <Filter>ThirdParty\EA\EASTL\Include\EASTL</Filter>
    </ClInclude>
    <ClInclude Include="ThirdParty\EA\EASTL\Include\EASTL\type_traits.h">
      <Filter>ThirdParty\EA\EASTL\Include\EASTL</Filter>
    </ClInclude>
    <ClInclude Include="ThirdParty\EA\EASTL\Include\EASTL\unique_ptr.h">
      <Filter>ThirdParty\EA\EASTL\Include\EASTL</Filter>
    </ClInclude>
    <ClInclude Include="ThirdParty\EA\EASTL\Include\EASTL\unordered_map.h">
      <Filter>ThirdParty\EA\EASTL\Include\EASTL</Filter>
    </ClInclude>
    <ClInclude Include="ThirdParty\EA\EASTL\Include\EASTL\unordered_set.h">
      <Filter>ThirdParty\EA\EASTL\Include\EASTL</Filter>
    </ClInclude>
    <ClInclude Include="ThirdParty\EA\EASTL\Include\EASTL\utility.h">
      <Filter>ThirdParty\EA\EASTL\Include\EASTL</Filter>
    </ClInclude>
    <ClInclude Include="ThirdParty\EA\EASTL\Include\EASTL\variant.h">
      <Filter>ThirdParty\EA\EASTL\Include\EASTL</Filter>
    </ClInclude>
    <ClInclude Include="ThirdParty\EA\EASTL\Include\EASTL\vector.h">
      <Filter>ThirdParty\EA\EASTL\Include\EASTL</Filter>
    </ClInclude>
    <ClInclude Include="ThirdParty\EA\EASTL\Include\EASTL\vector_map.h">
      <Filter>ThirdParty\EA\EASTL\Include\EASTL</Filter>
    </ClInclude>
    <ClInclude Include="ThirdParty\EA\EASTL\Include\EASTL\vector_multimap.h">
      <Filter>ThirdParty\EA\EASTL\Include\EASTL</Filter>
    </ClInclude>
    <ClInclude Include="ThirdParty\EA\EASTL\Include\EASTL\vector_multiset.h">
      <Filter>ThirdParty\EA\EASTL\Include\EASTL</Filter>
    </ClInclude>
    <ClInclude Include="ThirdParty\EA\EASTL\Include\EASTL\vector_set.h">
      <Filter>ThirdParty\EA\EASTL\Include\EASTL</Filter>
    </ClInclude>
    <ClInclude Include="ThirdParty\EA\EASTL\Include\EASTL\version.h">
      <Filter>ThirdParty\EA\EASTL\Include\EASTL</Filter>
    </ClInclude>
    <ClInclude Include="ThirdParty\EA\EASTL\Include\EASTL\weak_ptr.h">
      <Filter>ThirdParty\EA\EASTL\Include\EASTL</Filter>
    </ClInclude>
    <ClInclude Include="ThirdParty\EA\EASTL\Include\EASTL\bonus\adaptors.h">
      <Filter>ThirdParty\EA\EASTL\Include\EASTL\bonus</Filter>
    </ClInclude>
    <ClInclude Include="ThirdParty\EA\EASTL\Include\EASTL\bonus\call_traits.h">
      <Filter>ThirdParty\EA\EASTL\Include\EASTL\bonus</Filter>
    </ClInclude>
    <ClInclude Include="ThirdParty\EA\EASTL\Include\EASTL\bonus\compressed_pair.h">
      <Filter>ThirdParty\EA\EASTL\Include\EASTL\bonus</Filter>
    </ClInclude>
    <ClInclude Include="ThirdParty\EA\EASTL\Include\EASTL\bonus\fixed_ring_buffer.h">
      <Filter>ThirdParty\EA\EASTL\Include\EASTL\bonus</Filter>
    </ClInclude>
    <ClInclude Include="ThirdParty\EA\EASTL\Include\EASTL\bonus\fixed_tuple_vector.h">
      <Filter>ThirdParty\EA\EASTL\Include\EASTL\bonus</Filter>
    </ClInclude>
    <ClInclude Include="ThirdParty\EA\EASTL\Include\EASTL\bonus\intrusive_sdlist.h">
      <Filter>ThirdParty\EA\EASTL\Include\EASTL\bonus</Filter>
    </ClInclude>
    <ClInclude Include="ThirdParty\EA\EASTL\Include\EASTL\bonus\intrusive_slist.h">
      <Filter>ThirdParty\EA\EASTL\Include\EASTL\bonus</Filter>
    </ClInclude>
    <ClInclude Include="ThirdParty\EA\EASTL\Include\EASTL\bonus\list_map.h">
      <Filter>ThirdParty\EA\EASTL\Include\EASTL\bonus</Filter>
    </ClInclude>
    <ClInclude Include="ThirdParty\EA\EASTL\Include\EASTL\bonus\lru_cache.h">
      <Filter>ThirdParty\EA\EASTL\Include\EASTL\bonus</Filter>
    </ClInclude>
    <ClInclude Include="ThirdParty\EA\EASTL\Include\EASTL\bonus\overloaded.h">
      <Filter>ThirdParty\EA\EASTL\Include\EASTL\bonus</Filter>
    </ClInclude>
    <ClInclude Include="ThirdParty\EA\EASTL\Include\EASTL\bonus\ring_buffer.h">
      <Filter>ThirdParty\EA\EASTL\Include\EASTL\bonus</Filter>
    </ClInclude>
    <ClInclude Include="ThirdParty\EA\EASTL\Include\EASTL\bonus\sort_extra.h">
      <Filter>ThirdParty\EA\EASTL\Include\EASTL\bonus</Filter>
    </ClInclude>
    <ClInclude Include="ThirdParty\EA\EASTL\Include\EASTL\bonus\tuple_vector.h">
      <Filter>ThirdParty\EA\EASTL\Include\EASTL\bonus</Filter>
    </ClInclude>
    <ClInclude Include="ThirdParty\EA\EASTL\Include\EASTL\internal\char_traits.h">
      <Filter>ThirdParty\EA\EASTL\Include\EASTL\internal</Filter>
    </ClInclude>
    <ClInclude Include="ThirdParty\EA\EASTL\Include\EASTL\internal\config.h">
      <Filter>ThirdParty\EA\EASTL\Include\EASTL\internal</Filter>
    </ClInclude>
    <ClInclude Include="ThirdParty\EA\EASTL\Include\EASTL\internal\copy_help.h">
      <Filter>ThirdParty\EA\EASTL\Include\EASTL\internal</Filter>
    </ClInclude>
    <ClInclude Include="ThirdParty\EA\EASTL\Include\EASTL\internal\enable_shared.h">
      <Filter>ThirdParty\EA\EASTL\Include\EASTL\internal</Filter>
    </ClInclude>
    <ClInclude Include="ThirdParty\EA\EASTL\Include\EASTL\internal\fill_help.h">
      <Filter>ThirdParty\EA\EASTL\Include\EASTL\internal</Filter>
    </ClInclude>
    <ClInclude Include="ThirdParty\EA\EASTL\Include\EASTL\internal\fixed_pool.h">
      <Filter>ThirdParty\EA\EASTL\Include\EASTL\internal</Filter>
    </ClInclude>
    <ClInclude Include="ThirdParty\EA\EASTL\Include\EASTL\internal\function.h">
      <Filter>ThirdParty\EA\EASTL\Include\EASTL\internal</Filter>
    </ClInclude>
    <ClInclude Include="ThirdParty\EA\EASTL\Include\EASTL\internal\functional_base.h">
      <Filter>ThirdParty\EA\EASTL\Include\EASTL\internal</Filter>
    </ClInclude>
    <ClInclude Include="ThirdParty\EA\EASTL\Include\EASTL\internal\function_detail.h">
      <Filter>ThirdParty\EA\EASTL\Include\EASTL\internal</Filter>
    </ClInclude>
    <ClInclude Include="ThirdParty\EA\EASTL\Include\EASTL\internal\function_help.h">
      <Filter>ThirdParty\EA\EASTL\Include\EASTL\internal</Filter>
    </ClInclude>
    <ClInclude Include="ThirdParty\EA\EASTL\Include\EASTL\internal\generic_iterator.h">
      <Filter>ThirdParty\EA\EASTL\Include\EASTL\internal</Filter>
    </ClInclude>
    <ClInclude Include="ThirdParty\EA\EASTL\Include\EASTL\internal\hashtable.h">
      <Filter>ThirdParty\EA\EASTL\Include\EASTL\internal</Filter>
    </ClInclude>
    <ClInclude Include="ThirdParty\EA\EASTL\Include\EASTL\internal\integer_sequence.h">
      <Filter>ThirdParty\EA\EASTL\Include\EASTL\internal</Filter>
    </ClInclude>
    <ClInclude Include="ThirdParty\EA\EASTL\Include\EASTL\internal\intrusive_hashtable.h">
      <Filter>ThirdParty\EA\EASTL\Include\EASTL\internal</Filter>
    </ClInclude>
    <ClInclude Include="ThirdParty\EA\EASTL\Include\EASTL\internal\in_place_t.h">
      <Filter>ThirdParty\EA\EASTL\Include\EASTL\internal</Filter>
    </ClInclude>
    <ClInclude Include="ThirdParty\EA\EASTL\Include\EASTL\internal\memory_base.h">
      <Filter>ThirdParty\EA\EASTL\Include\EASTL\internal</Filter>
    </ClInclude>
    <ClInclude Include="ThirdParty\EA\EASTL\Include\EASTL\internal\mem_fn.h">
      <Filter>ThirdParty\EA\EASTL\Include\EASTL\internal</Filter>
    </ClInclude>
    <ClInclude Include="ThirdParty\EA\EASTL\Include\EASTL\internal\move_help.h">
      <Filter>ThirdParty\EA\EASTL\Include\EASTL\internal</Filter>
    </ClInclude>
    <ClInclude Include="ThirdParty\EA\EASTL\Include\EASTL\internal\pair_fwd_decls.h">
      <Filter>ThirdParty\EA\EASTL\Include\EASTL\internal</Filter>
    </ClInclude>
    <ClInclude Include="ThirdParty\EA\EASTL\Include\EASTL\internal\piecewise_construct_t.h">
      <Filter>ThirdParty\EA\EASTL\Include\EASTL\internal</Filter>
    </ClInclude>
    <ClInclude Include="ThirdParty\EA\EASTL\Include\EASTL\internal\red_black_tree.h">
      <Filter>ThirdParty\EA\EASTL\Include\EASTL\internal</Filter>
    </ClInclude>
    <ClInclude Include="ThirdParty\EA\EASTL\Include\EASTL\internal\smart_ptr.h">
      <Filter>ThirdParty\EA\EASTL\Include\EASTL\internal</Filter>
    </ClInclude>
    <ClInclude Include="ThirdParty\EA\EASTL\Include\EASTL\internal\thread_support.h">
      <Filter>ThirdParty\EA\EASTL\Include\EASTL\internal</Filter>
    </ClInclude>
    <ClInclude Include="ThirdParty\EA\EASTL\Include\EASTL\internal\tuple_fwd_decls.h">
      <Filter>ThirdParty\EA\EASTL\Include\EASTL\internal</Filter>
    </ClInclude>
    <ClInclude Include="ThirdParty\EA\EASTL\Include\EASTL\internal\type_compound.h">
      <Filter>ThirdParty\EA\EASTL\Include\EASTL\internal</Filter>
    </ClInclude>
    <ClInclude Include="ThirdParty\EA\EASTL\Include\EASTL\internal\type_detected.h">
      <Filter>ThirdParty\EA\EASTL\Include\EASTL\internal</Filter>
    </ClInclude>
    <ClInclude Include="ThirdParty\EA\EASTL\Include\EASTL\internal\type_fundamental.h">
      <Filter>ThirdParty\EA\EASTL\Include\EASTL\internal</Filter>
    </ClInclude>
    <ClInclude Include="ThirdParty\EA\EASTL\Include\EASTL\internal\type_pod.h">
      <Filter>ThirdParty\EA\EASTL\Include\EASTL\internal</Filter>
    </ClInclude>
    <ClInclude Include="ThirdParty\EA\EASTL\Include\EASTL\internal\type_properties.h">
      <Filter>ThirdParty\EA\EASTL\Include\EASTL\internal</Filter>
    </ClInclude>
    <ClInclude Include="ThirdParty\EA\EASTL\Include\EASTL\internal\type_transformations.h">
      <Filter>ThirdParty\EA\EASTL\Include\EASTL\internal</Filter>
    </ClInclude>
    <ClInclude Include="ThirdParty\EA\EASTL\Include\EASTL\internal\type_void_t.h">
      <Filter>ThirdParty\EA\EASTL\Include\EASTL\internal</Filter>
    </ClInclude>
    <ClInclude Include="ThirdParty\EA\EASTL\Include\EASTL\internal\atomic\atomic.h">
      <Filter>ThirdParty\EA\EASTL\Include\EASTL\internal\atomic</Filter>
    </ClInclude>
    <ClInclude Include="ThirdParty\EA\EASTL\Include\EASTL\internal\atomic\atomic_asserts.h">
      <Filter>ThirdParty\EA\EASTL\Include\EASTL\internal\atomic</Filter>
    </ClInclude>
    <ClInclude Include="ThirdParty\EA\EASTL\Include\EASTL\internal\atomic\atomic_base_width.h">
      <Filter>ThirdParty\EA\EASTL\Include\EASTL\internal\atomic</Filter>
    </ClInclude>
    <ClInclude Include="ThirdParty\EA\EASTL\Include\EASTL\internal\atomic\atomic_casts.h">
      <Filter>ThirdParty\EA\EASTL\Include\EASTL\internal\atomic</Filter>
    </ClInclude>
    <ClInclude Include="ThirdParty\EA\EASTL\Include\EASTL\internal\atomic\atomic_flag.h">
      <Filter>ThirdParty\EA\EASTL\Include\EASTL\internal\atomic</Filter>
    </ClInclude>
    <ClInclude Include="ThirdParty\EA\EASTL\Include\EASTL\internal\atomic\atomic_flag_standalone.h">
      <Filter>ThirdParty\EA\EASTL\Include\EASTL\internal\atomic</Filter>
    </ClInclude>
    <ClInclude Include="ThirdParty\EA\EASTL\Include\EASTL\internal\atomic\atomic_integral.h">
      <Filter>ThirdParty\EA\EASTL\Include\EASTL\internal\atomic</Filter>
    </ClInclude>
    <ClInclude Include="ThirdParty\EA\EASTL\Include\EASTL\internal\atomic\atomic_macros.h">
      <Filter>ThirdParty\EA\EASTL\Include\EASTL\internal\atomic</Filter>
    </ClInclude>
    <ClInclude Include="ThirdParty\EA\EASTL\Include\EASTL\internal\atomic\atomic_memory_order.h">
      <Filter>ThirdParty\EA\EASTL\Include\EASTL\internal\atomic</Filter>
    </ClInclude>
    <ClInclude Include="ThirdParty\EA\EASTL\Include\EASTL\internal\atomic\atomic_pointer.h">
      <Filter>ThirdParty\EA\EASTL\Include\EASTL\internal\atomic</Filter>
    </ClInclude>
    <ClInclude Include="ThirdParty\EA\EASTL\Include\EASTL\internal\atomic\atomic_pop_compiler_options.h">
      <Filter>ThirdParty\EA\EASTL\Include\EASTL\internal\atomic</Filter>
    </ClInclude>
    <ClInclude Include="ThirdParty\EA\EASTL\Include\EASTL\internal\atomic\atomic_push_compiler_options.h">
      <Filter>ThirdParty\EA\EASTL\Include\EASTL\internal\atomic</Filter>
    </ClInclude>
    <ClInclude Include="ThirdParty\EA\EASTL\Include\EASTL\internal\atomic\atomic_size_aligned.h">
      <Filter>ThirdParty\EA\EASTL\Include\EASTL\internal\atomic</Filter>
    </ClInclude>
    <ClInclude Include="ThirdParty\EA\EASTL\Include\EASTL\internal\atomic\atomic_standalone.h">
      <Filter>ThirdParty\EA\EASTL\Include\EASTL\internal\atomic</Filter>
    </ClInclude>
    <ClInclude Include="ThirdParty\EA\EASTL\Include\EASTL\internal\atomic\arch\arch.h">
      <Filter>ThirdParty\EA\EASTL\Include\EASTL\internal\atomic\arch</Filter>
    </ClInclude>
    <ClInclude Include="ThirdParty\EA\EASTL\Include\EASTL\internal\atomic\arch\arch_add_fetch.h">
      <Filter>ThirdParty\EA\EASTL\Include\EASTL\internal\atomic\arch</Filter>
    </ClInclude>
    <ClInclude Include="ThirdParty\EA\EASTL\Include\EASTL\internal\atomic\arch\arch_and_fetch.h">
      <Filter>ThirdParty\EA\EASTL\Include\EASTL\internal\atomic\arch</Filter>
    </ClInclude>
    <ClInclude Include="ThirdParty\EA\EASTL\Include\EASTL\internal\atomic\arch\arch_cmpxchg_strong.h">
      <Filter>ThirdParty\EA\EASTL\Include\EASTL\internal\atomic\arch</Filter>
    </ClInclude>
    <ClInclude Include="ThirdParty\EA\EASTL\Include\EASTL\internal\atomic\arch\arch_cmpxchg_weak.h">
      <Filter>ThirdParty\EA\EASTL\Include\EASTL\internal\atomic\arch</Filter>
    </ClInclude>
    <ClInclude Include="ThirdParty\EA\EASTL\Include\EASTL\internal\atomic\arch\arch_compiler_barrier.h">
      <Filter>ThirdParty\EA\EASTL\Include\EASTL\internal\atomic\arch</Filter>
    </ClInclude>
    <ClInclude Include="ThirdParty\EA\EASTL\Include\EASTL\internal\atomic\arch\arch_cpu_pause.h">
      <Filter>ThirdParty\EA\EASTL\Include\EASTL\internal\atomic\arch</Filter>
    </ClInclude>
    <ClInclude Include="ThirdParty\EA\EASTL\Include\EASTL\internal\atomic\arch\arch_exchange.h">
      <Filter>ThirdParty\EA\EASTL\Include\EASTL\internal\atomic\arch</Filter>
    </ClInclude>
    <ClInclude Include="ThirdParty\EA\EASTL\Include\EASTL\internal\atomic\arch\arch_fetch_add.h">
      <Filter>ThirdParty\EA\EASTL\Include\EASTL\internal\atomic\arch</Filter>
    </ClInclude>
    <ClInclude Include="ThirdParty\EA\EASTL\Include\EASTL\internal\atomic\arch\arch_fetch_and.h">
      <Filter>ThirdParty\EA\EASTL\Include\EASTL\internal\atomic\arch</Filter>
    </ClInclude>
    <ClInclude Include="ThirdParty\EA\EASTL\Include\EASTL\internal\atomic\arch\arch_fetch_or.h">
      <Filter>ThirdParty\EA\EASTL\Include\EASTL\internal\atomic\arch</Filter>
    </ClInclude>
    <ClInclude Include="ThirdParty\EA\EASTL\Include\EASTL\internal\atomic\arch\arch_fetch_sub.h">
      <Filter>ThirdParty\EA\EASTL\Include\EASTL\internal\atomic\arch</Filter>
    </ClInclude>
    <ClInclude Include="ThirdParty\EA\EASTL\Include\EASTL\internal\atomic\arch\arch_fetch_xor.h">
      <Filter>ThirdParty\EA\EASTL\Include\EASTL\internal\atomic\arch</Filter>
    </ClInclude>
    <ClInclude Include="ThirdParty\EA\EASTL\Include\EASTL\internal\atomic\arch\arch_load.h">
      <Filter>ThirdParty\EA\EASTL\Include\EASTL\internal\atomic\arch</Filter>
    </ClInclude>
    <ClInclude Include="ThirdParty\EA\EASTL\Include\EASTL\internal\atomic\arch\arch_memory_barrier.h">
      <Filter>ThirdParty\EA\EASTL\Include\EASTL\internal\atomic\arch</Filter>
    </ClInclude>
    <ClInclude Include="ThirdParty\EA\EASTL\Include\EASTL\internal\atomic\arch\arch_or_fetch.h">
      <Filter>ThirdParty\EA\EASTL\Include\EASTL\internal\atomic\arch</Filter>
    </ClInclude>
    <ClInclude Include="ThirdParty\EA\EASTL\Include\EASTL\internal\atomic\arch\arch_signal_fence.h">
      <Filter>ThirdParty\EA\EASTL\Include\EASTL\internal\atomic\arch</Filter>
    </ClInclude>
    <ClInclude Include="ThirdParty\EA\EASTL\Include\EASTL\internal\atomic\arch\arch_store.h">
      <Filter>ThirdParty\EA\EASTL\Include\EASTL\internal\atomic\arch</Filter>
    </ClInclude>
    <ClInclude Include="ThirdParty\EA\EASTL\Include\EASTL\internal\atomic\arch\arch_sub_fetch.h">
      <Filter>ThirdParty\EA\EASTL\Include\EASTL\internal\atomic\arch</Filter>
    </ClInclude>
    <ClInclude Include="ThirdParty\EA\EASTL\Include\EASTL\internal\atomic\arch\arch_thread_fence.h">
      <Filter>ThirdParty\EA\EASTL\Include\EASTL\internal\atomic\arch</Filter>
    </ClInclude>
    <ClInclude Include="ThirdParty\EA\EASTL\Include\EASTL\internal\atomic\arch\arch_xor_fetch.h">
      <Filter>ThirdParty\EA\EASTL\Include\EASTL\internal\atomic\arch</Filter>
    </ClInclude>
    <ClInclude Include="ThirdParty\EA\EASTL\Include\EASTL\internal\atomic\arch\x86\arch_x86.h">
      <Filter>ThirdParty\EA\EASTL\Include\EASTL\internal\atomic\arch\x86</Filter>
    </ClInclude>
    <ClInclude Include="ThirdParty\EA\EASTL\Include\EASTL\internal\atomic\arch\x86\arch_x86_add_fetch.h">
      <Filter>ThirdParty\EA\EASTL\Include\EASTL\internal\atomic\arch\x86</Filter>
    </ClInclude>
    <ClInclude Include="ThirdParty\EA\EASTL\Include\EASTL\internal\atomic\arch\x86\arch_x86_and_fetch.h">
      <Filter>ThirdParty\EA\EASTL\Include\EASTL\internal\atomic\arch\x86</Filter>
    </ClInclude>
    <ClInclude Include="ThirdParty\EA\EASTL\Include\EASTL\internal\atomic\arch\x86\arch_x86_cmpxchg_strong.h">
      <Filter>ThirdParty\EA\EASTL\Include\EASTL\internal\atomic\arch\x86</Filter>
    </ClInclude>
    <ClInclude Include="ThirdParty\EA\EASTL\Include\EASTL\internal\atomic\arch\x86\arch_x86_cmpxchg_weak.h">
      <Filter>ThirdParty\EA\EASTL\Include\EASTL\internal\atomic\arch\x86</Filter>
    </ClInclude>
    <ClInclude Include="ThirdParty\EA\EASTL\Include\EASTL\internal\atomic\arch\x86\arch_x86_exchange.h">
      <Filter>ThirdParty\EA\EASTL\Include\EASTL\internal\atomic\arch\x86</Filter>
    </ClInclude>
    <ClInclude Include="ThirdParty\EA\EASTL\Include\EASTL\internal\atomic\arch\x86\arch_x86_fetch_add.h">
      <Filter>ThirdParty\EA\EASTL\Include\EASTL\internal\atomic\arch\x86</Filter>
    </ClInclude>
    <ClInclude Include="ThirdParty\EA\EASTL\Include\EASTL\internal\atomic\arch\x86\arch_x86_fetch_and.h">
      <Filter>ThirdParty\EA\EASTL\Include\EASTL\internal\atomic\arch\x86</Filter>
    </ClInclude>
    <ClInclude Include="ThirdParty\EA\EASTL\Include\EASTL\internal\atomic\arch\x86\arch_x86_fetch_or.h">
      <Filter>ThirdParty\EA\EASTL\Include\EASTL\internal\atomic\arch\x86</Filter>
    </ClInclude>
    <ClInclude Include="ThirdParty\EA\EASTL\Include\EASTL\internal\atomic\arch\x86\arch_x86_fetch_sub.h">
      <Filter>ThirdParty\EA\EASTL\Include\EASTL\internal\atomic\arch\x86</Filter>
    </ClInclude>
    <ClInclude Include="ThirdParty\EA\EASTL\Include\EASTL\internal\atomic\arch\x86\arch_x86_fetch_xor.h">
      <Filter>ThirdParty\EA\EASTL\Include\EASTL\internal\atomic\arch\x86</Filter>
    </ClInclude>
    <ClInclude Include="ThirdParty\EA\EASTL\Include\EASTL\internal\atomic\arch\x86\arch_x86_load.h">
      <Filter>ThirdParty\EA\EASTL\Include\EASTL\internal\atomic\arch\x86</Filter>
    </ClInclude>
    <ClInclude Include="ThirdParty\EA\EASTL\Include\EASTL\internal\atomic\arch\x86\arch_x86_memory_barrier.h">
      <Filter>ThirdParty\EA\EASTL\Include\EASTL\internal\atomic\arch\x86</Filter>
    </ClInclude>
    <ClInclude Include="ThirdParty\EA\EASTL\Include\EASTL\internal\atomic\arch\x86\arch_x86_or_fetch.h">
      <Filter>ThirdParty\EA\EASTL\Include\EASTL\internal\atomic\arch\x86</Filter>
    </ClInclude>
    <ClInclude Include="ThirdParty\EA\EASTL\Include\EASTL\internal\atomic\arch\x86\arch_x86_store.h">
      <Filter>ThirdParty\EA\EASTL\Include\EASTL\internal\atomic\arch\x86</Filter>
    </ClInclude>
    <ClInclude Include="ThirdParty\EA\EASTL\Include\EASTL\internal\atomic\arch\x86\arch_x86_sub_fetch.h">
      <Filter>ThirdParty\EA\EASTL\Include\EASTL\internal\atomic\arch\x86</Filter>
    </ClInclude>
    <ClInclude Include="ThirdParty\EA\EASTL\Include\EASTL\internal\atomic\arch\x86\arch_x86_thread_fence.h">
      <Filter>ThirdParty\EA\EASTL\Include\EASTL\internal\atomic\arch\x86</Filter>
    </ClInclude>
    <ClInclude Include="ThirdParty\EA\EASTL\Include\EASTL\internal\atomic\arch\x86\arch_x86_xor_fetch.h">
      <Filter>ThirdParty\EA\EASTL\Include\EASTL\internal\atomic\arch\x86</Filter>
    </ClInclude>
    <ClInclude Include="ThirdParty\EA\EASTL\Include\EASTL\internal\atomic\arch\arm\arch_arm.h">
      <Filter>ThirdParty\EA\EASTL\Include\EASTL\internal\atomic\arch\arm</Filter>
    </ClInclude>
    <ClInclude Include="ThirdParty\EA\EASTL\Include\EASTL\internal\atomic\arch\arm\arch_arm_load.h">
      <Filter>ThirdParty\EA\EASTL\Include\EASTL\internal\atomic\arch\arm</Filter>
    </ClInclude>
    <ClInclude Include="ThirdParty\EA\EASTL\Include\EASTL\internal\atomic\arch\arm\arch_arm_memory_barrier.h">
      <Filter>ThirdParty\EA\EASTL\Include\EASTL\internal\atomic\arch\arm</Filter>
    </ClInclude>
    <ClInclude Include="ThirdParty\EA\EASTL\Include\EASTL\internal\atomic\arch\arm\arch_arm_store.h">
      <Filter>ThirdParty\EA\EASTL\Include\EASTL\internal\atomic\arch\arm</Filter>
    </ClInclude>
    <ClInclude Include="ThirdParty\EA\EASTL\Include\EASTL\internal\atomic\arch\arm\arch_arm_thread_fence.h">
      <Filter>ThirdParty\EA\EASTL\Include\EASTL\internal\atomic\arch\arm</Filter>
    </ClInclude>
    <ClInclude Include="ThirdParty\EA\EASTL\Include\EASTL\internal\atomic\compiler\compiler.h">
      <Filter>ThirdParty\EA\EASTL\Include\EASTL\internal\atomic\compiler</Filter>
    </ClInclude>
    <ClInclude Include="ThirdParty\EA\EASTL\Include\EASTL\internal\atomic\compiler\compiler_add_fetch.h">
      <Filter>ThirdParty\EA\EASTL\Include\EASTL\internal\atomic\compiler</Filter>
    </ClInclude>
    <ClInclude Include="ThirdParty\EA\EASTL\Include\EASTL\internal\atomic\compiler\compiler_and_fetch.h">
      <Filter>ThirdParty\EA\EASTL\Include\EASTL\internal\atomic\compiler</Filter>
    </ClInclude>
    <ClInclude Include="ThirdParty\EA\EASTL\Include\EASTL\internal\atomic\compiler\compiler_barrier.h">
      <Filter>ThirdParty\EA\EASTL\Include\EASTL\internal\atomic\compiler</Filter>
    </ClInclude>
    <ClInclude Include="ThirdParty\EA\EASTL\Include\EASTL\internal\atomic\compiler\compiler_cmpxchg_strong.h">
      <Filter>ThirdParty\EA\EASTL\Include\EASTL\internal\atomic\compiler</Filter>
    </ClInclude>
    <ClInclude Include="ThirdParty\EA\EASTL\Include\EASTL\internal\atomic\compiler\compiler_cmpxchg_weak.h">
      <Filter>ThirdParty\EA\EASTL\Include\EASTL\internal\atomic\compiler</Filter>
    </ClInclude>
    <ClInclude Include="ThirdParty\EA\EASTL\Include\EASTL\internal\atomic\compiler\compiler_cpu_pause.h">
      <Filter>ThirdParty\EA\EASTL\Include\EASTL\internal\atomic\compiler</Filter>
    </ClInclude>
    <ClInclude Include="ThirdParty\EA\EASTL\Include\EASTL\internal\atomic\compiler\compiler_exchange.h">
      <Filter>ThirdParty\EA\EASTL\Include\EASTL\internal\atomic\compiler</Filter>
    </ClInclude>
    <ClInclude Include="ThirdParty\EA\EASTL\Include\EASTL\internal\atomic\compiler\compiler_fetch_add.h">
      <Filter>ThirdParty\EA\EASTL\Include\EASTL\internal\atomic\compiler</Filter>
    </ClInclude>
    <ClInclude Include="ThirdParty\EA\EASTL\Include\EASTL\internal\atomic\compiler\compiler_fetch_and.h">
      <Filter>ThirdParty\EA\EASTL\Include\EASTL\internal\atomic\compiler</Filter>
    </ClInclude>
    <ClInclude Include="ThirdParty\EA\EASTL\Include\EASTL\internal\atomic\compiler\compiler_fetch_or.h">
      <Filter>ThirdParty\EA\EASTL\Include\EASTL\internal\atomic\compiler</Filter>
    </ClInclude>
    <ClInclude Include="ThirdParty\EA\EASTL\Include\EASTL\internal\atomic\compiler\compiler_fetch_sub.h">
      <Filter>ThirdParty\EA\EASTL\Include\EASTL\internal\atomic\compiler</Filter>
    </ClInclude>
    <ClInclude Include="ThirdParty\EA\EASTL\Include\EASTL\internal\atomic\compiler\compiler_fetch_xor.h">
      <Filter>ThirdParty\EA\EASTL\Include\EASTL\internal\atomic\compiler</Filter>
    </ClInclude>
    <ClInclude Include="ThirdParty\EA\EASTL\Include\EASTL\internal\atomic\compiler\compiler_load.h">
      <Filter>ThirdParty\EA\EASTL\Include\EASTL\internal\atomic\compiler</Filter>
    </ClInclude>
    <ClInclude Include="ThirdParty\EA\EASTL\Include\EASTL\internal\atomic\compiler\compiler_memory_barrier.h">
      <Filter>ThirdParty\EA\EASTL\Include\EASTL\internal\atomic\compiler</Filter>
    </ClInclude>
    <ClInclude Include="ThirdParty\EA\EASTL\Include\EASTL\internal\atomic\compiler\compiler_or_fetch.h">
      <Filter>ThirdParty\EA\EASTL\Include\EASTL\internal\atomic\compiler</Filter>
    </ClInclude>
    <ClInclude Include="ThirdParty\EA\EASTL\Include\EASTL\internal\atomic\compiler\compiler_signal_fence.h">
      <Filter>ThirdParty\EA\EASTL\Include\EASTL\internal\atomic\compiler</Filter>
    </ClInclude>
    <ClInclude Include="ThirdParty\EA\EASTL\Include\EASTL\internal\atomic\compiler\compiler_store.h">
      <Filter>ThirdParty\EA\EASTL\Include\EASTL\internal\atomic\compiler</Filter>
    </ClInclude>
    <ClInclude Include="ThirdParty\EA\EASTL\Include\EASTL\internal\atomic\compiler\compiler_sub_fetch.h">
      <Filter>ThirdParty\EA\EASTL\Include\EASTL\internal\atomic\compiler</Filter>
    </ClInclude>
    <ClInclude Include="ThirdParty\EA\EASTL\Include\EASTL\internal\atomic\compiler\compiler_thread_fence.h">
      <Filter>ThirdParty\EA\EASTL\Include\EASTL\internal\atomic\compiler</Filter>
    </ClInclude>
    <ClInclude Include="ThirdParty\EA\EASTL\Include\EASTL\internal\atomic\compiler\compiler_xor_fetch.h">
      <Filter>ThirdParty\EA\EASTL\Include\EASTL\internal\atomic\compiler</Filter>
    </ClInclude>
    <ClInclude Include="ThirdParty\EA\EASTL\Include\EASTL\internal\atomic\compiler\gcc\compiler_gcc.h">
      <Filter>ThirdParty\EA\EASTL\Include\EASTL\internal\atomic\compiler\gcc</Filter>
    </ClInclude>
    <ClInclude Include="ThirdParty\EA\EASTL\Include\EASTL\internal\atomic\compiler\gcc\compiler_gcc_add_fetch.h">
      <Filter>ThirdParty\EA\EASTL\Include\EASTL\internal\atomic\compiler\gcc</Filter>
    </ClInclude>
    <ClInclude Include="ThirdParty\EA\EASTL\Include\EASTL\internal\atomic\compiler\gcc\compiler_gcc_and_fetch.h">
      <Filter>ThirdParty\EA\EASTL\Include\EASTL\internal\atomic\compiler\gcc</Filter>
    </ClInclude>
    <ClInclude Include="ThirdParty\EA\EASTL\Include\EASTL\internal\atomic\compiler\gcc\compiler_gcc_barrier.h">
      <Filter>ThirdParty\EA\EASTL\Include\EASTL\internal\atomic\compiler\gcc</Filter>
    </ClInclude>
    <ClInclude Include="ThirdParty\EA\EASTL\Include\EASTL\internal\atomic\compiler\gcc\compiler_gcc_cmpxchg_strong.h">
      <Filter>ThirdParty\EA\EASTL\Include\EASTL\internal\atomic\compiler\gcc</Filter>
    </ClInclude>
    <ClInclude Include="ThirdParty\EA\EASTL\Include\EASTL\internal\atomic\compiler\gcc\compiler_gcc_cmpxchg_weak.h">
      <Filter>ThirdParty\EA\EASTL\Include\EASTL\internal\atomic\compiler\gcc</Filter>
    </ClInclude>
    <ClInclude Include="ThirdParty\EA\EASTL\Include\EASTL\internal\atomic\compiler\gcc\compiler_gcc_cpu_pause.h">
      <Filter>ThirdParty\EA\EASTL\Include\EASTL\internal\atomic\compiler\gcc</Filter>
    </ClInclude>
    <ClInclude Include="ThirdParty\EA\EASTL\Include\EASTL\internal\atomic\compiler\gcc\compiler_gcc_exchange.h">
      <Filter>ThirdParty\EA\EASTL\Include\EASTL\internal\atomic\compiler\gcc</Filter>
    </ClInclude>
    <ClInclude Include="ThirdParty\EA\EASTL\Include\EASTL\internal\atomic\compiler\gcc\compiler_gcc_fetch_add.h">
      <Filter>ThirdParty\EA\EASTL\Include\EASTL\internal\atomic\compiler\gcc</Filter>
    </ClInclude>
    <ClInclude Include="ThirdParty\EA\EASTL\Include\EASTL\internal\atomic\compiler\gcc\compiler_gcc_fetch_and.h">
      <Filter>ThirdParty\EA\EASTL\Include\EASTL\internal\atomic\compiler\gcc</Filter>
    </ClInclude>
    <ClInclude Include="ThirdParty\EA\EASTL\Include\EASTL\internal\atomic\compiler\gcc\compiler_gcc_fetch_or.h">
      <Filter>ThirdParty\EA\EASTL\Include\EASTL\internal\atomic\compiler\gcc</Filter>
    </ClInclude>
    <ClInclude Include="ThirdParty\EA\EASTL\Include\EASTL\internal\atomic\compiler\gcc\compiler_gcc_fetch_sub.h">
      <Filter>ThirdParty\EA\EASTL\Include\EASTL\internal\atomic\compiler\gcc</Filter>
    </ClInclude>
    <ClInclude Include="ThirdParty\EA\EASTL\Include\EASTL\internal\atomic\compiler\gcc\compiler_gcc_fetch_xor.h">
      <Filter>ThirdParty\EA\EASTL\Include\EASTL\internal\atomic\compiler\gcc</Filter>
    </ClInclude>
    <ClInclude Include="ThirdParty\EA\EASTL\Include\EASTL\internal\atomic\compiler\gcc\compiler_gcc_load.h">
      <Filter>ThirdParty\EA\EASTL\Include\EASTL\internal\atomic\compiler\gcc</Filter>
    </ClInclude>
    <ClInclude Include="ThirdParty\EA\EASTL\Include\EASTL\internal\atomic\compiler\gcc\compiler_gcc_or_fetch.h">
      <Filter>ThirdParty\EA\EASTL\Include\EASTL\internal\atomic\compiler\gcc</Filter>
    </ClInclude>
    <ClInclude Include="ThirdParty\EA\EASTL\Include\EASTL\internal\atomic\compiler\gcc\compiler_gcc_signal_fence.h">
      <Filter>ThirdParty\EA\EASTL\Include\EASTL\internal\atomic\compiler\gcc</Filter>
    </ClInclude>
    <ClInclude Include="ThirdParty\EA\EASTL\Include\EASTL\internal\atomic\compiler\gcc\compiler_gcc_store.h">
      <Filter>ThirdParty\EA\EASTL\Include\EASTL\internal\atomic\compiler\gcc</Filter>
    </ClInclude>
    <ClInclude Include="ThirdParty\EA\EASTL\Include\EASTL\internal\atomic\compiler\gcc\compiler_gcc_sub_fetch.h">
      <Filter>ThirdParty\EA\EASTL\Include\EASTL\internal\atomic\compiler\gcc</Filter>
    </ClInclude>
    <ClInclude Include="ThirdParty\EA\EASTL\Include\EASTL\internal\atomic\compiler\gcc\compiler_gcc_thread_fence.h">
      <Filter>ThirdParty\EA\EASTL\Include\EASTL\internal\atomic\compiler\gcc</Filter>
    </ClInclude>
    <ClInclude Include="ThirdParty\EA\EASTL\Include\EASTL\internal\atomic\compiler\gcc\compiler_gcc_xor_fetch.h">
      <Filter>ThirdParty\EA\EASTL\Include\EASTL\internal\atomic\compiler\gcc</Filter>
    </ClInclude>
    <ClInclude Include="ThirdParty\EA\EASTL\Include\EASTL\internal\atomic\compiler\msvc\compiler_msvc.h">
      <Filter>ThirdParty\EA\EASTL\Include\EASTL\internal\atomic\compiler\msvc</Filter>
    </ClInclude>
    <ClInclude Include="ThirdParty\EA\EASTL\Include\EASTL\internal\atomic\compiler\msvc\compiler_msvc_add_fetch.h">
      <Filter>ThirdParty\EA\EASTL\Include\EASTL\internal\atomic\compiler\msvc</Filter>
    </ClInclude>
    <ClInclude Include="ThirdParty\EA\EASTL\Include\EASTL\internal\atomic\compiler\msvc\compiler_msvc_and_fetch.h">
      <Filter>ThirdParty\EA\EASTL\Include\EASTL\internal\atomic\compiler\msvc</Filter>
    </ClInclude>
    <ClInclude Include="ThirdParty\EA\EASTL\Include\EASTL\internal\atomic\compiler\msvc\compiler_msvc_barrier.h">
      <Filter>ThirdParty\EA\EASTL\Include\EASTL\internal\atomic\compiler\msvc</Filter>
    </ClInclude>
    <ClInclude Include="ThirdParty\EA\EASTL\Include\EASTL\internal\atomic\compiler\msvc\compiler_msvc_cmpxchg_strong.h">
      <Filter>ThirdParty\EA\EASTL\Include\EASTL\internal\atomic\compiler\msvc</Filter>
    </ClInclude>
    <ClInclude Include="ThirdParty\EA\EASTL\Include\EASTL\internal\atomic\compiler\msvc\compiler_msvc_cmpxchg_weak.h">
      <Filter>ThirdParty\EA\EASTL\Include\EASTL\internal\atomic\compiler\msvc</Filter>
    </ClInclude>
    <ClInclude Include="ThirdParty\EA\EASTL\Include\EASTL\internal\atomic\compiler\msvc\compiler_msvc_cpu_pause.h">
      <Filter>ThirdParty\EA\EASTL\Include\EASTL\internal\atomic\compiler\msvc</Filter>
    </ClInclude>
    <ClInclude Include="ThirdParty\EA\EASTL\Include\EASTL\internal\atomic\compiler\msvc\compiler_msvc_exchange.h">
      <Filter>ThirdParty\EA\EASTL\Include\EASTL\internal\atomic\compiler\msvc</Filter>
    </ClInclude>
    <ClInclude Include="ThirdParty\EA\EASTL\Include\EASTL\internal\atomic\compiler\msvc\compiler_msvc_fetch_add.h">
      <Filter>ThirdParty\EA\EASTL\Include\EASTL\internal\atomic\compiler\msvc</Filter>
    </ClInclude>
    <ClInclude Include="ThirdParty\EA\EASTL\Include\EASTL\internal\atomic\compiler\msvc\compiler_msvc_fetch_and.h">
      <Filter>ThirdParty\EA\EASTL\Include\EASTL\internal\atomic\compiler\msvc</Filter>
    </ClInclude>
    <ClInclude Include="ThirdParty\EA\EASTL\Include\EASTL\internal\atomic\compiler\msvc\compiler_msvc_fetch_or.h">
      <Filter>ThirdParty\EA\EASTL\Include\EASTL\internal\atomic\compiler\msvc</Filter>
    </ClInclude>
    <ClInclude Include="ThirdParty\EA\EASTL\Include\EASTL\internal\atomic\compiler\msvc\compiler_msvc_fetch_sub.h">
      <Filter>ThirdParty\EA\EASTL\Include\EASTL\internal\atomic\compiler\msvc</Filter>
    </ClInclude>
    <ClInclude Include="ThirdParty\EA\EASTL\Include\EASTL\internal\atomic\compiler\msvc\compiler_msvc_fetch_xor.h">
      <Filter>ThirdParty\EA\EASTL\Include\EASTL\internal\atomic\compiler\msvc</Filter>
    </ClInclude>
    <ClInclude Include="ThirdParty\EA\EASTL\Include\EASTL\internal\atomic\compiler\msvc\compiler_msvc_or_fetch.h">
      <Filter>ThirdParty\EA\EASTL\Include\EASTL\internal\atomic\compiler\msvc</Filter>
    </ClInclude>
    <ClInclude Include="ThirdParty\EA\EASTL\Include\EASTL\internal\atomic\compiler\msvc\compiler_msvc_signal_fence.h">
      <Filter>ThirdParty\EA\EASTL\Include\EASTL\internal\atomic\compiler\msvc</Filter>
    </ClInclude>
    <ClInclude Include="ThirdParty\EA\EASTL\Include\EASTL\internal\atomic\compiler\msvc\compiler_msvc_sub_fetch.h">
      <Filter>ThirdParty\EA\EASTL\Include\EASTL\internal\atomic\compiler\msvc</Filter>
    </ClInclude>
    <ClInclude Include="ThirdParty\EA\EASTL\Include\EASTL\internal\atomic\compiler\msvc\compiler_msvc_xor_fetch.h">
      <Filter>ThirdParty\EA\EASTL\Include\EASTL\internal\atomic\compiler\msvc</Filter>
    </ClInclude>
    <ClInclude Include="ThirdParty\EA\EASTL\Include\EASTL\internal\atomic\atomic_macros\atomic_macros.h">
      <Filter>ThirdParty\EA\EASTL\Include\EASTL\internal\atomic\atomic_macros</Filter>
    </ClInclude>
    <ClInclude Include="ThirdParty\EA\EASTL\Include\EASTL\internal\atomic\atomic_macros\atomic_macros_add_fetch.h">
      <Filter>ThirdParty\EA\EASTL\Include\EASTL\internal\atomic\atomic_macros</Filter>
    </ClInclude>
    <ClInclude Include="ThirdParty\EA\EASTL\Include\EASTL\internal\atomic\atomic_macros\atomic_macros_and_fetch.h">
      <Filter>ThirdParty\EA\EASTL\Include\EASTL\internal\atomic\atomic_macros</Filter>
    </ClInclude>
    <ClInclude Include="ThirdParty\EA\EASTL\Include\EASTL\internal\atomic\atomic_macros\atomic_macros_base.h">
      <Filter>ThirdParty\EA\EASTL\Include\EASTL\internal\atomic\atomic_macros</Filter>
    </ClInclude>
    <ClInclude Include="ThirdParty\EA\EASTL\Include\EASTL\internal\atomic\atomic_macros\atomic_macros_cmpxchg_strong.h">
      <Filter>ThirdParty\EA\EASTL\Include\EASTL\internal\atomic\atomic_macros</Filter>
    </ClInclude>
    <ClInclude Include="ThirdParty\EA\EASTL\Include\EASTL\internal\atomic\atomic_macros\atomic_macros_cmpxchg_weak.h">
      <Filter>ThirdParty\EA\EASTL\Include\EASTL\internal\atomic\atomic_macros</Filter>
    </ClInclude>
    <ClInclude Include="ThirdParty\EA\EASTL\Include\EASTL\internal\atomic\atomic_macros\atomic_macros_compiler_barrier.h">
      <Filter>ThirdParty\EA\EASTL\Include\EASTL\internal\atomic\atomic_macros</Filter>
    </ClInclude>
    <ClInclude Include="ThirdParty\EA\EASTL\Include\EASTL\internal\atomic\atomic_macros\atomic_macros_cpu_pause.h">
      <Filter>ThirdParty\EA\EASTL\Include\EASTL\internal\atomic\atomic_macros</Filter>
    </ClInclude>
    <ClInclude Include="ThirdParty\EA\EASTL\Include\EASTL\internal\atomic\atomic_macros\atomic_macros_exchange.h">
      <Filter>ThirdParty\EA\EASTL\Include\EASTL\internal\atomic\atomic_macros</Filter>
    </ClInclude>
    <ClInclude Include="ThirdParty\EA\EASTL\Include\EASTL\internal\atomic\atomic_macros\atomic_macros_fetch_add.h">
      <Filter>ThirdParty\EA\EASTL\Include\EASTL\internal\atomic\atomic_macros</Filter>
    </ClInclude>
    <ClInclude Include="ThirdParty\EA\EASTL\Include\EASTL\internal\atomic\atomic_macros\atomic_macros_fetch_and.h">
      <Filter>ThirdParty\EA\EASTL\Include\EASTL\internal\atomic\atomic_macros</Filter>
    </ClInclude>
    <ClInclude Include="ThirdParty\EA\EASTL\Include\EASTL\internal\atomic\atomic_macros\atomic_macros_fetch_or.h">
      <Filter>ThirdParty\EA\EASTL\Include\EASTL\internal\atomic\atomic_macros</Filter>
    </ClInclude>
    <ClInclude Include="ThirdParty\EA\EASTL\Include\EASTL\internal\atomic\atomic_macros\atomic_macros_fetch_sub.h">
      <Filter>ThirdParty\EA\EASTL\Include\EASTL\internal\atomic\atomic_macros</Filter>
    </ClInclude>
    <ClInclude Include="ThirdParty\EA\EASTL\Include\EASTL\internal\atomic\atomic_macros\atomic_macros_fetch_xor.h">
      <Filter>ThirdParty\EA\EASTL\Include\EASTL\internal\atomic\atomic_macros</Filter>
    </ClInclude>
    <ClInclude Include="ThirdParty\EA\EASTL\Include\EASTL\internal\atomic\atomic_macros\atomic_macros_load.h">
      <Filter>ThirdParty\EA\EASTL\Include\EASTL\internal\atomic\atomic_macros</Filter>
    </ClInclude>
    <ClInclude Include="ThirdParty\EA\EASTL\Include\EASTL\internal\atomic\atomic_macros\atomic_macros_memory_barrier.h">
      <Filter>ThirdParty\EA\EASTL\Include\EASTL\internal\atomic\atomic_macros</Filter>
    </ClInclude>
    <ClInclude Include="ThirdParty\EA\EASTL\Include\EASTL\internal\atomic\atomic_macros\atomic_macros_or_fetch.h">
      <Filter>ThirdParty\EA\EASTL\Include\EASTL\internal\atomic\atomic_macros</Filter>
    </ClInclude>
    <ClInclude Include="ThirdParty\EA\EASTL\Include\EASTL\internal\atomic\atomic_macros\atomic_macros_signal_fence.h">
      <Filter>ThirdParty\EA\EASTL\Include\EASTL\internal\atomic\atomic_macros</Filter>
    </ClInclude>
    <ClInclude Include="ThirdParty\EA\EASTL\Include\EASTL\internal\atomic\atomic_macros\atomic_macros_store.h">
      <Filter>ThirdParty\EA\EASTL\Include\EASTL\internal\atomic\atomic_macros</Filter>
    </ClInclude>
    <ClInclude Include="ThirdParty\EA\EASTL\Include\EASTL\internal\atomic\atomic_macros\atomic_macros_sub_fetch.h">
      <Filter>ThirdParty\EA\EASTL\Include\EASTL\internal\atomic\atomic_macros</Filter>
    </ClInclude>
    <ClInclude Include="ThirdParty\EA\EASTL\Include\EASTL\internal\atomic\atomic_macros\atomic_macros_thread_fence.h">
      <Filter>ThirdParty\EA\EASTL\Include\EASTL\internal\atomic\atomic_macros</Filter>
    </ClInclude>
    <ClInclude Include="ThirdParty\EA\EASTL\Include\EASTL\internal\atomic\atomic_macros\atomic_macros_xor_fetch.h">
      <Filter>ThirdParty\EA\EASTL\Include\EASTL\internal\atomic\atomic_macros</Filter>
    </ClInclude>
    <ClInclude Include="ThirdParty\EA\EABase\include\Common\EABase\eabase.h">
      <Filter>ThirdParty\EA\EABase\include\Common\EABase</Filter>
    </ClInclude>
    <ClInclude Include="ThirdParty\EA\EABase\include\Common\EABase\eahave.h">
      <Filter>ThirdParty\EA\EABase\include\Common\EABase</Filter>
    </ClInclude>
    <ClInclude Include="ThirdParty\EA\EABase\include\Common\EABase\earesult.h">
      <Filter>ThirdParty\EA\EABase\include\Common\EABase</Filter>
    </ClInclude>
    <ClInclude Include="ThirdParty\EA\EABase\include\Common\EABase\eastdarg.h">
      <Filter>ThirdParty\EA\EABase\include\Common\EABase</Filter>
    </ClInclude>
    <ClInclude Include="ThirdParty\EA\EABase\include\Common\EABase\eaunits.h">
      <Filter>ThirdParty\EA\EABase\include\Common\EABase</Filter>
    </ClInclude>
    <ClInclude Include="ThirdParty\EA\EABase\include\Common\EABase\int128.h">
      <Filter>ThirdParty\EA\EABase\include\Common\EABase</Filter>
    </ClInclude>
    <ClInclude Include="ThirdParty\EA\EABase\include\Common\EABase\nullptr.h">
      <Filter>ThirdParty\EA\EABase\include\Common\EABase</Filter>
    </ClInclude>
    <ClInclude Include="ThirdParty\EA\EABase\include\Common\EABase\version.h">
      <Filter>ThirdParty\EA\EABase\include\Common\EABase</Filter>
    </ClInclude>
    <ClInclude Include="ThirdParty\EA\EABase\include\Common\EABase\config\eacompiler.h">
      <Filter>ThirdParty\EA\EABase\include\Common\EABase\config</Filter>
    </ClInclude>
    <ClInclude Include="ThirdParty\EA\EABase\include\Common\EABase\config\eacompilertraits.h">
      <Filter>ThirdParty\EA\EABase\include\Common\EABase\config</Filter>
    </ClInclude>
    <ClInclude Include="ThirdParty\EA\EABase\include\Common\EABase\config\eaplatform.h">
      <Filter>ThirdParty\EA\EABase\include\Common\EABase\config</Filter>
    </ClInclude>
    <ClInclude Include="ThirdParty\stb\stb_image_resize2.h">
      <Filter>ThirdParty\stb</Filter>
    </ClInclude>
    <ClInclude Include="ThirdParty\stb\stb_image_write.h">
      <Filter>ThirdParty\stb</Filter>
    </ClInclude>
    <ClInclude Include="ThirdParty\stb\stb_image.h">
      <Filter>ThirdParty\stb</Filter>
    </ClInclude>
    <ClInclude Include="ThirdParty\stb\stb_rect_pack.h">
      <Filter>ThirdParty\stb</Filter>
    </ClInclude>
    <ClInclude Include="ThirdParty\stb\stb_truetype.h">
      <Filter>ThirdParty\stb</Filter>
    </ClInclude>
    <ClInclude Include="ThirdParty\pcg\include\pcg_extras.hpp">
      <Filter>ThirdParty\pcg\include</Filter>
    </ClInclude>
    <ClInclude Include="ThirdParty\pcg\include\pcg_random.hpp">
      <Filter>ThirdParty\pcg\include</Filter>
    </ClInclude>
    <ClInclude Include="ThirdParty\pcg\include\pcg_uint128.hpp">
      <Filter>ThirdParty\pcg\include</Filter>
    </ClInclude>
    <ClInclude Include="ThirdParty\lzav\lzav.h">
      <Filter>ThirdParty\lzav</Filter>
    </ClInclude>
    <ClInclude Include="ThirdParty\lzav\lzav_estoerica.h">
      <Filter>ThirdParty\lzav</Filter>
    </ClInclude>
    <ClInclude Include="ThirdParty\imgui\imconfig.h">
      <Filter>ThirdParty\imgui</Filter>
    </ClInclude>
    <ClInclude Include="ThirdParty\imgui\imgui.h">
      <Filter>ThirdParty\imgui</Filter>
    </ClInclude>
    <ClInclude Include="ThirdParty\imgui\imgui_internal.h">
      <Filter>ThirdParty\imgui</Filter>
    </ClInclude>
    <ClInclude Include="ThirdParty\imgui\imstb_rectpack.h">
      <Filter>ThirdParty\imgui</Filter>
    </ClInclude>
    <ClInclude Include="ThirdParty\imgui\imstb_textedit.h">
      <Filter>ThirdParty\imgui</Filter>
    </ClInclude>
    <ClInclude Include="ThirdParty\imgui\imstb_truetype.h">
      <Filter>ThirdParty\imgui</Filter>
    </ClInclude>
    <ClInclude Include="ThirdParty\imgui\misc\freetype\imgui_freetype.h">
      <Filter>ThirdParty\imgui\misc\freetype</Filter>
    </ClInclude>
    <ClInclude Include="ThirdParty\mpack\mpack-config.h">
      <Filter>ThirdParty\mpack</Filter>
    </ClInclude>
    <ClInclude Include="ThirdParty\mpack\mpack.h">
      <Filter>ThirdParty\mpack</Filter>
    </ClInclude>
    <ClInclude Include="ThirdParty\enkits\LockLessMultiReadPipe.h">
      <Filter>ThirdParty\enkits</Filter>
    </ClInclude>
    <ClInclude Include="ThirdParty\enkits\TaskScheduler.h">
      <Filter>ThirdParty\enkits</Filter>
    </ClInclude>
    <ClInclude Include="ThirdParty\enkits\TaskScheduler_Esoterica.h">
      <Filter>ThirdParty\enkits</Filter>
    </ClInclude>
    <ClInclude Include="ThirdParty\implot\implot.h">
      <Filter>ThirdParty\implot</Filter>
    </ClInclude>
    <ClInclude Include="ThirdParty\implot\implot_internal.h">
      <Filter>ThirdParty\implot</Filter>
    </ClInclude>
    <ClInclude Include="ThirdParty\pugixml\src\pugiconfig.hpp">
      <Filter>ThirdParty\pugixml\src</Filter>
    </ClInclude>
    <ClInclude Include="ThirdParty\pugixml\src\pugixml.hpp">
      <Filter>ThirdParty\pugixml\src</Filter>
    </ClInclude>
    <ClInclude Include="ThirdParty\rpmalloc\rpmalloc.h">
      <Filter>ThirdParty\rpmalloc</Filter>
    </ClInclude>
    <ClInclude Include="ThirdParty\rapidhash\rapidhash.h">
      <Filter>ThirdParty\rapidhash</Filter>
    </ClInclude>
    <ClInclude Include="ThirdParty\iniparser\dictionary.h">
      <Filter>ThirdParty\iniparser</Filter>
    </ClInclude>
    <ClInclude Include="ThirdParty\iniparser\iniparser.h">
      <Filter>ThirdParty\iniparser</Filter>
    </ClInclude>
    <ClInclude Include="ThirdParty\concurrentqueue\blockingconcurrentqueue.h">
      <Filter>ThirdParty\concurrentqueue</Filter>
    </ClInclude>
    <ClInclude Include="ThirdParty\concurrentqueue\concurrentqueue.h">
      <Filter>ThirdParty\concurrentqueue</Filter>
    </ClInclude>
    <ClInclude Include="ThirdParty\concurrentqueue\lightweightsemaphore.h">
      <Filter>ThirdParty\concurrentqueue</Filter>
    </ClInclude>
    <ClInclude Include="ThirdParty\D3D12MemoryAllocator\D3D12MemAlloc.h">
      <Filter>ThirdParty\D3D12MemoryAllocator</Filter>
    </ClInclude>
    <ClInclude Include="ThirdParty\D3D12MemoryAllocator\Common.h">
      <Filter>ThirdParty\D3D12MemoryAllocator</Filter>
    </ClInclude>
    <ClInclude Include="FileSystem\DataPath.h">
      <Filter>FileSystem</Filter>
    </ClInclude>
    <ClInclude Include="FileSystem\FileSystemExtension.h">
      <Filter>FileSystem</Filter>
    </ClInclude>
    <ClInclude Include="FileSystem\IDataFile.h">
      <Filter>FileSystem</Filter>
    </ClInclude>
    <ClInclude Include="FileSystem\DataFileExtension.h">
      <Filter>FileSystem</Filter>
    </ClInclude>
    <ClInclude Include="FileSystem\FileSystemUtils.h">
      <Filter>FileSystem</Filter>
    </ClInclude>
    <ClInclude Include="FileSystem\FileSystemPath.h">
      <Filter>FileSystem</Filter>
    </ClInclude>
    <ClInclude Include="FileSystem\FileStreams.h">
      <Filter>FileSystem</Filter>
    </ClInclude>
    <ClInclude Include="FileSystem\FileSystem.h">
      <Filter>FileSystem</Filter>
    </ClInclude>
    <ClInclude Include="TypeSystem\DataFileInfo.h">
      <Filter>TypeSystem</Filter>
    </ClInclude>
    <ClInclude Include="TypeSystem\PropertyMetadata.h">
      <Filter>TypeSystem</Filter>
    </ClInclude>
    <ClInclude Include="TypeSystem\TypeInstance.h">
      <Filter>TypeSystem</Filter>
    </ClInclude>
    <ClInclude Include="TypeSystem\CoreTypeConversions.h">
      <Filter>TypeSystem</Filter>
    </ClInclude>
    <ClInclude Include="TypeSystem\CoreTypeIDs.h">
      <Filter>TypeSystem</Filter>
    </ClInclude>
    <ClInclude Include="TypeSystem\EnumInfo.h">
      <Filter>TypeSystem</Filter>
    </ClInclude>
    <ClInclude Include="TypeSystem\PropertyInfo.h">
      <Filter>TypeSystem</Filter>
    </ClInclude>
    <ClInclude Include="TypeSystem\PropertyPath.h">
      <Filter>TypeSystem</Filter>
    </ClInclude>
    <ClInclude Include="TypeSystem\ReflectedType.h">
      <Filter>TypeSystem</Filter>
    </ClInclude>
    <ClInclude Include="TypeSystem\ResourceInfo.h">
      <Filter>TypeSystem</Filter>
    </ClInclude>
    <ClInclude Include="TypeSystem\TypeDescriptors.h">
      <Filter>TypeSystem</Filter>
    </ClInclude>
    <ClInclude Include="TypeSystem\TypeID.h">
      <Filter>TypeSystem</Filter>
    </ClInclude>
    <ClInclude Include="TypeSystem\TypeInfo.h">
      <Filter>TypeSystem</Filter>
    </ClInclude>
    <ClInclude Include="TypeSystem\TypeRegistry.h">
      <Filter>TypeSystem</Filter>
    </ClInclude>
    <ClInclude Include="Application\Module.h">
      <Filter>Application</Filter>
    </ClInclude>
    <ClInclude Include="Application\ApplicationGlobalState.h">
      <Filter>Application</Filter>
    </ClInclude>
    <ClInclude Include="Application\Platform\Application_Win32.h">
      <Filter>Application\Platform</Filter>
    </ClInclude>
    <ClInclude Include="Serialization\TypeSerialization.h">
      <Filter>Serialization</Filter>
    </ClInclude>
    <ClInclude Include="Serialization\XmlSerialization.h">
      <Filter>Serialization</Filter>
    </ClInclude>
    <ClInclude Include="Serialization\BitSerialization.h">
      <Filter>Serialization</Filter>
    </ClInclude>
    <ClInclude Include="Serialization\BinarySerialization.h">
      <Filter>Serialization</Filter>
    </ClInclude>
  </ItemGroup>
  <ItemGroup>
    <None Include="Render\RHI.esh">
      <Filter>Render</Filter>
    </None>
    <None Include="ThirdParty\EA\EABase\doc\EABase.html">
      <Filter>ThirdParty\EA\EABase\doc</Filter>
    </None>
    <None Include="ThirdParty\pugixml\docs\manual.html">
      <Filter>ThirdParty\pugixml\docs</Filter>
    </None>
    <None Include="ThirdParty\pugixml\docs\quickstart.html">
      <Filter>ThirdParty\pugixml\docs</Filter>
    </None>
    <None Include="ThirdParty\concurrentqueue\LICENSE.md">
      <Filter>ThirdParty\concurrentqueue</Filter>
    </None>
    <None Include="ThirdParty\concurrentqueue\README.md">
      <Filter>ThirdParty\concurrentqueue</Filter>
    </None>
  </ItemGroup>
  <ItemGroup>
    <Text Include="ThirdParty\stb\LICENSE">
      <Filter>ThirdParty\stb</Filter>
    </Text>
    <Text Include="ThirdParty\iniparser\LICENSE">
      <Filter>ThirdParty\iniparser</Filter>
    </Text>
  </ItemGroup>
  <ItemGroup>
    <Filter Include="ThirdParty">
      <UniqueIdentifier>{d2610c58-f55d-4559-a41a-70ea7c6a70d3}</UniqueIdentifier>
    </Filter>
    <Filter Include="ThirdParty\EA">
      <UniqueIdentifier>{d43cc173-1608-4de1-ab42-73bdc72352b3}</UniqueIdentifier>
    </Filter>
    <Filter Include="Time">
      <UniqueIdentifier>{95c1731f-1778-408b-a9e4-8562f325f9f7}</UniqueIdentifier>
    </Filter>
    <Filter Include="Math">
      <UniqueIdentifier>{3c1fe9e3-8807-41d5-9856-ca9ef41af47b}</UniqueIdentifier>
    </Filter>
    <Filter Include="Math\Platform">
      <UniqueIdentifier>{e810ae3f-d6e7-4914-86ad-8b19ec928915}</UniqueIdentifier>
    </Filter>
    <Filter Include="Imgui">
      <UniqueIdentifier>{8d95ddd7-4a14-4b27-a802-61ef2f949b8e}</UniqueIdentifier>
    </Filter>
    <Filter Include="Imgui\Platform">
      <UniqueIdentifier>{b08e7dc5-9eb7-4276-a937-0c5dbac9b9b8}</UniqueIdentifier>
    </Filter>
    <Filter Include="Types">
      <UniqueIdentifier>{6139a6f1-fdfd-4746-bebb-307afc270b79}</UniqueIdentifier>
    </Filter>
    <Filter Include="Types\Platform">
      <UniqueIdentifier>{b67be698-eb75-4d5c-a251-3cb5651e9425}</UniqueIdentifier>
    </Filter>
    <Filter Include="Input">
      <UniqueIdentifier>{c3c837a6-3632-44cc-89b1-163ffe95e73c}</UniqueIdentifier>
    </Filter>
    <Filter Include="Input\InputDevices">
      <UniqueIdentifier>{f464e15f-595a-43f8-803d-6decd02a86b1}</UniqueIdentifier>
    </Filter>
    <Filter Include="Input\InputDevices\Platform">
      <UniqueIdentifier>{cebd7e3d-e8b7-4cc7-aa27-a8c91a526535}</UniqueIdentifier>
    </Filter>
    <Filter Include="Utils">
      <UniqueIdentifier>{07a31578-9ba4-4bea-8659-7d77830b4716}</UniqueIdentifier>
    </Filter>
    <Filter Include="Fonts">
      <UniqueIdentifier>{a8ec47c3-69fa-48ac-b379-d3986538c92b}</UniqueIdentifier>
    </Filter>
    <Filter Include="Render">
      <UniqueIdentifier>{8ea97be8-1856-4018-9fa1-c52227efe5fb}</UniqueIdentifier>
    </Filter>
    <Filter Include="Render\Settings">
      <UniqueIdentifier>{cbd86a2c-ca84-494b-990a-8c9e9f9dfd06}</UniqueIdentifier>
    </Filter>
    <Filter Include="Memory">
      <UniqueIdentifier>{d341d6f8-5fb4-4aca-80c4-8437d1c69a49}</UniqueIdentifier>
    </Filter>
    <Filter Include="Network">
      <UniqueIdentifier>{69249619-ffc5-4222-a0d9-513ba1163b92}</UniqueIdentifier>
    </Filter>
    <Filter Include="Network\Clients">
      <UniqueIdentifier>{4cc6ef41-6a70-47f4-a3d7-ea46bca3caca}</UniqueIdentifier>
    </Filter>
    <Filter Include="Network\Servers">
      <UniqueIdentifier>{89425d96-bfe8-4ead-9235-12bb8d0dcfb4}</UniqueIdentifier>
    </Filter>
    <Filter Include="_Module">
      <UniqueIdentifier>{acf04a46-1970-4e57-ac0c-30225561e348}</UniqueIdentifier>
    </Filter>
    <Filter Include="Logging">
      <UniqueIdentifier>{0975733c-e89f-4aa4-b908-ad7e0d6bf42c}</UniqueIdentifier>
    </Filter>
    <Filter Include="Logging\Platform">
      <UniqueIdentifier>{ee161679-38fc-4eb1-b99a-65eb0c5ac306}</UniqueIdentifier>
    </Filter>
    <Filter Include="Drawing">
      <UniqueIdentifier>{7c9079a2-432d-4d57-a2f1-97099f1be267}</UniqueIdentifier>
    </Filter>
    <Filter Include="Resource">
      <UniqueIdentifier>{2d5f7978-9485-406e-86a0-262fb26b6a19}</UniqueIdentifier>
    </Filter>
    <Filter Include="Resource\Settings">
      <UniqueIdentifier>{d0fb7d3e-d17a-4013-a856-5d26a459ee3d}</UniqueIdentifier>
    </Filter>
    <Filter Include="Resource\ResourceProviders">
      <UniqueIdentifier>{598eac96-4f90-4eb4-97fc-20189f63d42a}</UniqueIdentifier>
    </Filter>
    <Filter Include="Encoding">
      <UniqueIdentifier>{d6c7cd11-40ac-468f-b2cb-588a6d2947c1}</UniqueIdentifier>
    </Filter>
    <Filter Include="Settings">
      <UniqueIdentifier>{ce1c304f-9749-4deb-800c-7134b86990da}</UniqueIdentifier>
    </Filter>
    <Filter Include="Platform">
      <UniqueIdentifier>{afc9dcb3-c368-4173-b165-841ec102327c}</UniqueIdentifier>
    </Filter>
    <Filter Include="Threading">
      <UniqueIdentifier>{b9ac7ba9-85be-4988-b0d3-6a4c32fdc630}</UniqueIdentifier>
    </Filter>
    <Filter Include="Threading\Platform">
      <UniqueIdentifier>{b7bb3f9d-c6f2-467c-9d8f-4a4b21dd6468}</UniqueIdentifier>
    </Filter>
    <Filter Include="ThirdParty\EA\EASTL">
      <UniqueIdentifier>{6de3c7ca-8e10-4cbc-bbe7-ae5ebab22aeb}</UniqueIdentifier>
    </Filter>
    <Filter Include="ThirdParty\EA\EASTL\Doc">
      <UniqueIdentifier>{e9280659-1d58-4611-9c1e-1e1cae88dbdd}</UniqueIdentifier>
    </Filter>
    <Filter Include="ThirdParty\EA\EASTL\Source">
      <UniqueIdentifier>{86220242-2429-417e-936b-9257af5c0fc4}</UniqueIdentifier>
    </Filter>
    <Filter Include="ThirdParty\EA\EASTL\Include">
      <UniqueIdentifier>{70048481-6587-4eea-abbf-0b246f7e1c69}</UniqueIdentifier>
    </Filter>
    <Filter Include="ThirdParty\EA\EASTL\Include\EASTL">
      <UniqueIdentifier>{1c7c8231-f36c-4e10-b01a-a77e313c7b94}</UniqueIdentifier>
    </Filter>
    <Filter Include="ThirdParty\EA\EASTL\Include\EASTL\bonus">
      <UniqueIdentifier>{24abb4ca-19ad-4fce-a105-19e045a4a25f}</UniqueIdentifier>
    </Filter>
    <Filter Include="ThirdParty\EA\EASTL\Include\EASTL\internal">
      <UniqueIdentifier>{5c73dbce-dc6d-4d5d-a885-54416b92e343}</UniqueIdentifier>
    </Filter>
    <Filter Include="ThirdParty\EA\EASTL\Include\EASTL\internal\atomic">
      <UniqueIdentifier>{6238cb95-df17-42bf-8d59-9b9becc050eb}</UniqueIdentifier>
    </Filter>
    <Filter Include="ThirdParty\EA\EASTL\Include\EASTL\internal\atomic\arch">
      <UniqueIdentifier>{5ab328aa-eebe-4d2c-8053-0ef06202d3b9}</UniqueIdentifier>
    </Filter>
    <Filter Include="ThirdParty\EA\EASTL\Include\EASTL\internal\atomic\arch\x86">
      <UniqueIdentifier>{602a7c3b-130a-43d2-80da-7267fdd5026c}</UniqueIdentifier>
    </Filter>
    <Filter Include="ThirdParty\EA\EASTL\Include\EASTL\internal\atomic\arch\arm">
      <UniqueIdentifier>{9acb4adb-09ba-4d37-a763-ab45a63b4d5b}</UniqueIdentifier>
    </Filter>
    <Filter Include="ThirdParty\EA\EASTL\Include\EASTL\internal\atomic\compiler">
      <UniqueIdentifier>{c2dfdb18-eca8-4bef-ae24-511fe83d4a6e}</UniqueIdentifier>
    </Filter>
    <Filter Include="ThirdParty\EA\EASTL\Include\EASTL\internal\atomic\compiler\gcc">
      <UniqueIdentifier>{356292ee-447b-40f4-bab0-ae874a927b75}</UniqueIdentifier>
    </Filter>
    <Filter Include="ThirdParty\EA\EASTL\Include\EASTL\internal\atomic\compiler\msvc">
      <UniqueIdentifier>{4e140539-766d-4123-9080-0eed2a13d80a}</UniqueIdentifier>
    </Filter>
    <Filter Include="ThirdParty\EA\EASTL\Include\EASTL\internal\atomic\atomic_macros">
      <UniqueIdentifier>{756ad62b-6d6b-43d6-9a87-3f079fb6b77d}</UniqueIdentifier>
    </Filter>
    <Filter Include="ThirdParty\EA\EABase">
      <UniqueIdentifier>{4d1915eb-31a6-4cd2-9fdf-5fdded2823eb}</UniqueIdentifier>
    </Filter>
    <Filter Include="ThirdParty\EA\EABase\doc">
      <UniqueIdentifier>{aa2c3b95-d67e-4afa-9708-c5253b56cbbe}</UniqueIdentifier>
    </Filter>
    <Filter Include="ThirdParty\EA\EABase\include">
      <UniqueIdentifier>{3184bd94-f409-482e-beed-675053f8e3bd}</UniqueIdentifier>
    </Filter>
    <Filter Include="ThirdParty\EA\EABase\include\Common">
      <UniqueIdentifier>{533bf382-4110-4cc6-8195-1b0360b29936}</UniqueIdentifier>
    </Filter>
    <Filter Include="ThirdParty\EA\EABase\include\Common\EABase">
      <UniqueIdentifier>{b9d5a343-f917-48c2-8074-c30988de9df3}</UniqueIdentifier>
    </Filter>
    <Filter Include="ThirdParty\EA\EABase\include\Common\EABase\config">
      <UniqueIdentifier>{0d0a84b3-9bb7-49bd-90e2-5c18a5e52eb3}</UniqueIdentifier>
    </Filter>
    <Filter Include="ThirdParty\stb">
      <UniqueIdentifier>{11dccd98-c062-441f-8f82-bea418ffa77f}</UniqueIdentifier>
    </Filter>
    <Filter Include="ThirdParty\pcg">
      <UniqueIdentifier>{38624597-c4d9-4cb3-bf8b-014040742ef3}</UniqueIdentifier>
    </Filter>
    <Filter Include="ThirdParty\pcg\include">
      <UniqueIdentifier>{c18b2d90-8c78-446f-a128-de3190095e03}</UniqueIdentifier>
    </Filter>
    <Filter Include="ThirdParty\lzav">
      <UniqueIdentifier>{83aa421f-726a-4ac8-b21e-f978640eb061}</UniqueIdentifier>
    </Filter>
    <Filter Include="ThirdParty\imgui">
      <UniqueIdentifier>{583503f5-820b-47fa-820e-fbfefbb9f5de}</UniqueIdentifier>
    </Filter>
    <Filter Include="ThirdParty\imgui\misc">
      <UniqueIdentifier>{8e947dc6-f318-4c40-8398-925f824d50bc}</UniqueIdentifier>
    </Filter>
    <Filter Include="ThirdParty\imgui\misc\freetype">
      <UniqueIdentifier>{ec220aae-11fb-440b-8401-bb4af376f8db}</UniqueIdentifier>
    </Filter>
    <Filter Include="ThirdParty\mpack">
      <UniqueIdentifier>{10b0631d-62c3-40e8-a1eb-497b78c65edc}</UniqueIdentifier>
    </Filter>
    <Filter Include="ThirdParty\enkits">
      <UniqueIdentifier>{680bc58a-543d-440c-8ed4-4d03efde012a}</UniqueIdentifier>
    </Filter>
    <Filter Include="ThirdParty\implot">
      <UniqueIdentifier>{d42aaa68-6f3f-4370-ab6c-7300b4fd1cc9}</UniqueIdentifier>
    </Filter>
    <Filter Include="ThirdParty\pugixml">
      <UniqueIdentifier>{67393b24-c23f-4f43-8834-50205bade48f}</UniqueIdentifier>
    </Filter>
    <Filter Include="ThirdParty\pugixml\src">
      <UniqueIdentifier>{6d9f5490-bd4f-4c21-ab09-ddce4239cb8d}</UniqueIdentifier>
    </Filter>
    <Filter Include="ThirdParty\pugixml\docs">
      <UniqueIdentifier>{b7f7ed88-ed54-4020-9ede-4daec254660d}</UniqueIdentifier>
    </Filter>
    <Filter Include="ThirdParty\pugixml\scripts">
      <UniqueIdentifier>{4c51fcfc-77c2-41be-9647-4b1bd490cb18}</UniqueIdentifier>
    </Filter>
    <Filter Include="ThirdParty\pugixml\scripts\natvis">
      <UniqueIdentifier>{63f63651-095c-42e8-bc81-5270966d1407}</UniqueIdentifier>
    </Filter>
    <Filter Include="ThirdParty\rpmalloc">
      <UniqueIdentifier>{c661acfb-05bf-403f-9ed8-b2a1b9760c2c}</UniqueIdentifier>
    </Filter>
    <Filter Include="ThirdParty\rapidhash">
      <UniqueIdentifier>{6c132575-3148-41e8-8e76-d3cd9e7a07bd}</UniqueIdentifier>
    </Filter>
    <Filter Include="ThirdParty\iniparser">
      <UniqueIdentifier>{c89a2940-ad8e-4d0e-bf6c-6b61e3a53bea}</UniqueIdentifier>
    </Filter>
    <Filter Include="ThirdParty\concurrentqueue">
      <UniqueIdentifier>{f447ad8c-5c22-42bb-baf1-cadeecf96b56}</UniqueIdentifier>
    </Filter>
    <Filter Include="ThirdParty\D3D12MemoryAllocator">
      <UniqueIdentifier>{525cc0c7-4ed8-482f-ba39-65f5947223db}</UniqueIdentifier>
    </Filter>
    <Filter Include="FileSystem">
      <UniqueIdentifier>{0c051d43-a2fb-4ff8-b49c-81ee97fa9ef8}</UniqueIdentifier>
    </Filter>
    <Filter Include="FileSystem\Platform">
      <UniqueIdentifier>{4e0e25dc-fd10-4d2e-b409-687425fd7f44}</UniqueIdentifier>
    </Filter>
    <Filter Include="TypeSystem">
      <UniqueIdentifier>{abe50f48-2542-4343-8096-a52752d5236f}</UniqueIdentifier>
    </Filter>
    <Filter Include="Application">
      <UniqueIdentifier>{175b343e-0c0d-42c5-9eb8-a4123ffa0ecc}</UniqueIdentifier>
    </Filter>
    <Filter Include="Application\Platform">
      <UniqueIdentifier>{ba46ad54-d4b5-4d3e-be86-7ecfdd5f6c8d}</UniqueIdentifier>
    </Filter>
    <Filter Include="Serialization">
      <UniqueIdentifier>{a8cf67f4-8339-4657-b6b2-97384a6e0621}</UniqueIdentifier>
    </Filter>
  </ItemGroup>
  <ItemGroup>
    <ResourceCompile Include="ThirdParty\pugixml\scripts\pugixml_dll.rc">
      <Filter>ThirdParty\pugixml\scripts</Filter>
    </ResourceCompile>
  </ItemGroup>
</Project>