<?xml version="1.0" encoding="utf-8"?>
<Project ToolsVersion="4.0" xmlns="http://schemas.microsoft.com/developer/msbuild/2003">
  <ItemGroup>
    <ClCompile Include="Imgui\ImguiGizmo.cpp">
      <Filter>Imgui</Filter>
    </ClCompile>
    <ClCompile Include="Render\RenderViewport.cpp">
      <Filter>Render</Filter>
    </ClCompile>
    <ClCompile Include="Log.cpp" />
    <ClCompile Include="Profiling.cpp" />
    <ClCompile Include="IniFile.cpp" />
    <ClCompile Include="Systems.cpp" />
    <ClCompile Include="Application\ApplicationGlobalState.cpp">
      <Filter>Application</Filter>
    </ClCompile>
    <ClCompile Include="Application\Platform\Application_Win32.cpp">
      <Filter>Application\Platform</Filter>
    </ClCompile>
    <ClCompile Include="ThirdParty\EA\eastl_Esoterica.cpp">
      <Filter>ThirdParty\EA</Filter>
    </ClCompile>
    <ClCompile Include="ThirdParty\EA\EASTL\Source\allocator_eastl.cpp">
      <Filter>ThirdParty\EA\EASTL\Source</Filter>
    </ClCompile>
    <ClCompile Include="ThirdParty\EA\EASTL\Source\assert.cpp">
      <Filter>ThirdParty\EA\EASTL\Source</Filter>
    </ClCompile>
    <ClCompile Include="ThirdParty\EA\EASTL\Source\atomic.cpp">
      <Filter>ThirdParty\EA\EASTL\Source</Filter>
    </ClCompile>
    <ClCompile Include="ThirdParty\EA\EASTL\Source\fixed_pool.cpp">
      <Filter>ThirdParty\EA\EASTL\Source</Filter>
    </ClCompile>
    <ClCompile Include="ThirdParty\EA\EASTL\Source\hashtable.cpp">
      <Filter>ThirdParty\EA\EASTL\Source</Filter>
    </ClCompile>
    <ClCompile Include="ThirdParty\EA\EASTL\Source\intrusive_list.cpp">
      <Filter>ThirdParty\EA\EASTL\Source</Filter>
    </ClCompile>
    <ClCompile Include="ThirdParty\EA\EASTL\Source\numeric_limits.cpp">
      <Filter>ThirdParty\EA\EASTL\Source</Filter>
    </ClCompile>
    <ClCompile Include="ThirdParty\EA\EASTL\Source\red_black_tree.cpp">
      <Filter>ThirdParty\EA\EASTL\Source</Filter>
    </ClCompile>
    <ClCompile Include="ThirdParty\EA\EASTL\Source\string.cpp">
      <Filter>ThirdParty\EA\EASTL\Source</Filter>
    </ClCompile>
    <ClCompile Include="ThirdParty\EA\EASTL\Source\thread_support.cpp">
      <Filter>ThirdParty\EA\EASTL\Source</Filter>
    </ClCompile>
    <ClCompile Include="ThirdParty\stb\stb_Esoterica.cpp">
      <Filter>ThirdParty\stb</Filter>
    </ClCompile>
    <ClCompile Include="ThirdParty\imgui\imgui.cpp">
      <Filter>ThirdParty\imgui</Filter>
    </ClCompile>
    <ClCompile Include="ThirdParty\imgui\imgui_demo.cpp">
      <Filter>ThirdParty\imgui</Filter>
    </ClCompile>
    <ClCompile Include="ThirdParty\imgui\imgui_draw.cpp">
      <Filter>ThirdParty\imgui</Filter>
    </ClCompile>
    <ClCompile Include="ThirdParty\imgui\imgui_tables.cpp">
      <Filter>ThirdParty\imgui</Filter>
    </ClCompile>
    <ClCompile Include="ThirdParty\imgui\imgui_widgets.cpp">
      <Filter>ThirdParty\imgui</Filter>
    </ClCompile>
    <ClCompile Include="ThirdParty\imgui\misc\freetype\imgui_freetype.cpp">
      <Filter>ThirdParty\imgui\misc\freetype</Filter>
    </ClCompile>
    <ClCompile Include="ThirdParty\mpack\mpack.c">
      <Filter>ThirdParty\mpack</Filter>
    </ClCompile>
    <ClCompile Include="ThirdParty\xxhash\xxhash.c">
      <Filter>ThirdParty\xxhash</Filter>
    </ClCompile>
    <ClCompile Include="ThirdParty\enkits\TaskScheduler.cpp">
      <Filter>ThirdParty\enkits</Filter>
    </ClCompile>
    <ClCompile Include="ThirdParty\rpmalloc\rpmalloc.c">
      <Filter>ThirdParty\rpmalloc</Filter>
    </ClCompile>
    <ClCompile Include="ThirdParty\iniparser\dictionary.c">
      <Filter>ThirdParty\iniparser</Filter>
    </ClCompile>
    <ClCompile Include="ThirdParty\iniparser\iniparser.c">
      <Filter>ThirdParty\iniparser</Filter>
    </ClCompile>
    <ClCompile Include="Render\RenderCoreResources.cpp">
      <Filter>Render</Filter>
    </ClCompile>
    <ClCompile Include="Render\RenderShader.cpp">
      <Filter>Render</Filter>
    </ClCompile>
    <ClCompile Include="Render\RenderTarget.cpp">
      <Filter>Render</Filter>
    </ClCompile>
    <ClCompile Include="Render\RenderTexture.cpp">
      <Filter>Render</Filter>
    </ClCompile>
    <ClCompile Include="Render\RenderUtils.cpp">
      <Filter>Render</Filter>
    </ClCompile>
    <ClCompile Include="Render\RenderVertexFormats.cpp">
      <Filter>Render</Filter>
    </ClCompile>
    <ClCompile Include="Render\Platform\RenderContext_DX11.cpp">
      <Filter>Render\Platform</Filter>
    </ClCompile>
    <ClCompile Include="Render\Platform\RenderDevice_DX11.cpp">
      <Filter>Render\Platform</Filter>
    </ClCompile>
    <ClCompile Include="Render\Platform\TextureLoader_Win32.cpp">
      <Filter>Render\Platform</Filter>
    </ClCompile>
    <ClCompile Include="Imgui\ImguiFont.cpp">
      <Filter>Imgui</Filter>
    </ClCompile>
    <ClCompile Include="Imgui\ImguiImageCache.cpp">
      <Filter>Imgui</Filter>
    </ClCompile>
    <ClCompile Include="Imgui\ImguiStyle.cpp">
      <Filter>Imgui</Filter>
    </ClCompile>
    <ClCompile Include="Imgui\ImguiSystem.cpp">
      <Filter>Imgui</Filter>
    </ClCompile>
    <ClCompile Include="Imgui\ImguiX.cpp">
      <Filter>Imgui</Filter>
    </ClCompile>
    <ClCompile Include="Imgui\Platform\ImguiPlatform_Win32.cpp">
      <Filter>Imgui\Platform</Filter>
    </ClCompile>
    <ClCompile Include="Imgui\Platform\ImguiX_Win32.cpp">
      <Filter>Imgui\Platform</Filter>
    </ClCompile>
    <ClCompile Include="Math\Curves.cpp">
      <Filter>Math</Filter>
    </ClCompile>
    <ClCompile Include="Math\FloatCurve.cpp">
      <Filter>Math</Filter>
    </ClCompile>
    <ClCompile Include="Math\MathRandom.cpp">
      <Filter>Math</Filter>
    </ClCompile>
    <ClCompile Include="Math\MathStringHelpers.cpp">
      <Filter>Math</Filter>
    </ClCompile>
    <ClCompile Include="Math\Transform.cpp">
      <Filter>Math</Filter>
    </ClCompile>
    <ClCompile Include="Math\BoundingVolumes.cpp">
      <Filter>Math</Filter>
    </ClCompile>
    <ClCompile Include="Math\AABBTree.cpp">
      <Filter>Math</Filter>
    </ClCompile>
    <ClCompile Include="Math\Math.cpp">
      <Filter>Math</Filter>
    </ClCompile>
    <ClCompile Include="Math\Matrix.cpp">
      <Filter>Math</Filter>
    </ClCompile>
    <ClCompile Include="Math\Plane.cpp">
      <Filter>Math</Filter>
    </ClCompile>
    <ClCompile Include="Math\PointSet.cpp">
      <Filter>Math</Filter>
    </ClCompile>
    <ClCompile Include="Math\Quaternion.cpp">
      <Filter>Math</Filter>
    </ClCompile>
    <ClCompile Include="Math\Vector.cpp">
      <Filter>Math</Filter>
    </ClCompile>
    <ClCompile Include="Math\ViewVolume.cpp">
      <Filter>Math</Filter>
    </ClCompile>
    <ClCompile Include="Time\Time.cpp">
      <Filter>Time</Filter>
    </ClCompile>
    <ClCompile Include="Time\TimeStamp.cpp">
      <Filter>Time</Filter>
    </ClCompile>
    <ClCompile Include="Input\InputSystem.cpp">
      <Filter>Input</Filter>
    </ClCompile>
    <ClCompile Include="Input\InputDevices\InputDevice_Controller.cpp">
      <Filter>Input\InputDevices</Filter>
    </ClCompile>
    <ClCompile Include="Input\InputDevices\InputDevice_KeyboardMouse.cpp">
      <Filter>Input\InputDevices</Filter>
    </ClCompile>
    <ClCompile Include="Input\InputDevices\Platform\InputDevice_KeyboardMouse_Win32.cpp">
      <Filter>Input\InputDevices\Platform</Filter>
    </ClCompile>
    <ClCompile Include="Input\InputDevices\Platform\InputDevice_XboxController_Win32.cpp">
      <Filter>Input\InputDevices\Platform</Filter>
    </ClCompile>
    <ClCompile Include="Types\Percentage.cpp">
      <Filter>Types</Filter>
    </ClCompile>
    <ClCompile Include="Types\StringID.cpp">
      <Filter>Types</Filter>
    </ClCompile>
    <ClCompile Include="Types\Tag.cpp">
      <Filter>Types</Filter>
    </ClCompile>
    <ClCompile Include="Types\UUID.cpp">
      <Filter>Types</Filter>
    </ClCompile>
    <ClCompile Include="Types\Platform\Types_Win32.cpp">
      <Filter>Types\Platform</Filter>
    </ClCompile>
    <ClCompile Include="Fonts\FontData_Lexend.cpp">
      <Filter>Fonts</Filter>
    </ClCompile>
    <ClCompile Include="Fonts\FontData_MaterialDesign.cpp">
      <Filter>Fonts</Filter>
    </ClCompile>
    <ClCompile Include="Fonts\FontData_Proggy.cpp">
      <Filter>Fonts</Filter>
    </ClCompile>
    <ClCompile Include="Fonts\FontDecompressor.cpp">
      <Filter>Fonts</Filter>
    </ClCompile>
    <ClCompile Include="Memory\Memory.cpp">
      <Filter>Memory</Filter>
    </ClCompile>
    <ClCompile Include="Network\NetworkSystem.cpp">
      <Filter>Network</Filter>
    </ClCompile>
    <ClCompile Include="Network\IPC\IPCMessage.cpp">
      <Filter>Network\IPC</Filter>
    </ClCompile>
    <ClCompile Include="Network\IPC\IPCMessageClient.cpp">
      <Filter>Network\IPC</Filter>
    </ClCompile>
    <ClCompile Include="Network\IPC\IPCMessageServer.cpp">
      <Filter>Network\IPC</Filter>
    </ClCompile>
    <ClCompile Include="Drawing\DebugDrawingSystem.cpp">
      <Filter>Drawing</Filter>
    </ClCompile>
    <ClCompile Include="Drawing\DebugDrawingCommands.cpp">
      <Filter>Drawing</Filter>
    </ClCompile>
    <ClCompile Include="Drawing\DebugDrawing.cpp">
      <Filter>Drawing</Filter>
    </ClCompile>
    <ClCompile Include="Resource\ResourceID.cpp">
      <Filter>Resource</Filter>
    </ClCompile>
    <ClCompile Include="Resource\ResourceLoader.cpp">
      <Filter>Resource</Filter>
    </ClCompile>
    <ClCompile Include="Resource\ResourcePath.cpp">
      <Filter>Resource</Filter>
    </ClCompile>
    <ClCompile Include="Resource\ResourceRecord.cpp">
      <Filter>Resource</Filter>
    </ClCompile>
    <ClCompile Include="Resource\ResourceRequest.cpp">
      <Filter>Resource</Filter>
    </ClCompile>
    <ClCompile Include="Resource\ResourceSettings.cpp">
      <Filter>Resource</Filter>
    </ClCompile>
    <ClCompile Include="Resource\ResourceSystem.cpp">
      <Filter>Resource</Filter>
    </ClCompile>
    <ClCompile Include="Resource\ResourceTypeID.cpp">
      <Filter>Resource</Filter>
    </ClCompile>
    <ClCompile Include="Resource\ResourceProviders\NetworkResourceProvider.cpp">
      <Filter>Resource\ResourceProviders</Filter>
    </ClCompile>
    <ClCompile Include="Resource\ResourceProviders\PackagedResourceProvider.cpp">
      <Filter>Resource\ResourceProviders</Filter>
    </ClCompile>
    <ClCompile Include="Platform\Platform_Win32.cpp">
      <Filter>Platform</Filter>
    </ClCompile>
    <ClCompile Include="Platform\PlatformHelpers_Win32.cpp">
      <Filter>Platform</Filter>
    </ClCompile>
    <ClCompile Include="Threading\TaskSystem.cpp">
      <Filter>Threading</Filter>
    </ClCompile>
    <ClCompile Include="Threading\Threading.cpp">
      <Filter>Threading</Filter>
    </ClCompile>
    <ClCompile Include="Threading\Platform\Threading_Win32.cpp">
      <Filter>Threading\Platform</Filter>
    </ClCompile>
    <ClCompile Include="Encoding\Hash.cpp">
      <Filter>Algorithm</Filter>
    </ClCompile>
    <ClCompile Include="Utils\TopologicalSort.cpp">
      <Filter>Algorithm</Filter>
    </ClCompile>
    <ClCompile Include="Encoding\Encoding.cpp">
      <Filter>Algorithm</Filter>
    </ClCompile>
    <ClCompile Include="FileSystem\FileSystemPath.cpp">
      <Filter>FileSystem</Filter>
    </ClCompile>
    <ClCompile Include="FileSystem\FileStreams.cpp">
      <Filter>FileSystem</Filter>
    </ClCompile>
    <ClCompile Include="FileSystem\FileSystemUtils.cpp">
      <Filter>FileSystem</Filter>
    </ClCompile>
    <ClCompile Include="FileSystem\Platform\FileSystemUtils_Win32.cpp">
      <Filter>FileSystem\Platform</Filter>
    </ClCompile>
    <ClCompile Include="FileSystem\Platform\FileSystemPath_Win32.cpp">
      <Filter>FileSystem\Platform</Filter>
    </ClCompile>
    <ClCompile Include="FileSystem\Platform\FileSystem_Win32.cpp">
      <Filter>FileSystem\Platform</Filter>
    </ClCompile>
    <ClCompile Include="TypeSystem\CoreTypeConversions.cpp">
      <Filter>TypeSystem</Filter>
    </ClCompile>
    <ClCompile Include="TypeSystem\CoreTypeIDs.cpp">
      <Filter>TypeSystem</Filter>
    </ClCompile>
    <ClCompile Include="TypeSystem\EnumInfo.cpp">
      <Filter>TypeSystem</Filter>
    </ClCompile>
    <ClCompile Include="TypeSystem\PropertyInfo.cpp">
      <Filter>TypeSystem</Filter>
    </ClCompile>
    <ClCompile Include="TypeSystem\PropertyPath.cpp">
      <Filter>TypeSystem</Filter>
    </ClCompile>
    <ClCompile Include="TypeSystem\TypeDescriptors.cpp">
      <Filter>TypeSystem</Filter>
    </ClCompile>
    <ClCompile Include="TypeSystem\TypeInfo.cpp">
      <Filter>TypeSystem</Filter>
    </ClCompile>
    <ClCompile Include="TypeSystem\TypeRegistry.cpp">
      <Filter>TypeSystem</Filter>
    </ClCompile>
    <ClCompile Include="Serialization\BinarySerialization.cpp">
      <Filter>Serialization</Filter>
    </ClCompile>
    <ClCompile Include="Serialization\JsonSerialization.cpp">
      <Filter>Serialization</Filter>
    </ClCompile>
    <ClCompile Include="Serialization\TypeSerialization.cpp">
      <Filter>Serialization</Filter>
    </ClCompile>
    <ClCompile Include="TypeSystem\ReflectedType.cpp" />
    <ClCompile Include="Math\Platform\Math_Win32.h" />
    <ClCompile Include="ThirdParty\implot\implot.cpp" />
    <ClCompile Include="ThirdParty\implot\implot_demo.cpp" />
    <ClCompile Include="ThirdParty\implot\implot_items.cpp" />
  </ItemGroup>
  <ItemGroup>
    <ClInclude Include="Imgui\ImguiGizmo.h">
      <Filter>Imgui</Filter>
    </ClInclude>
    <ClInclude Include="Esoterica.h" />
    <ClInclude Include="Render\RenderViewport.h">
      <Filter>Render</Filter>
    </ClInclude>
    <ClInclude Include="IniFile.h" />
    <ClInclude Include="Log.h" />
    <ClInclude Include="Profiling.h" />
    <ClInclude Include="Systems.h" />
    <ClInclude Include="Application\ApplicationGlobalState.h">
      <Filter>Application</Filter>
    </ClInclude>
    <ClInclude Include="Application\Platform\Application_Win32.h">
      <Filter>Application\Platform</Filter>
    </ClInclude>
    <ClInclude Include="ThirdParty\cmdParser\cmdParser.h">
      <Filter>ThirdParty\cmdParser</Filter>
    </ClInclude>
    <ClInclude Include="ThirdParty\EA\eastl_Esoterica.h">
      <Filter>ThirdParty\EA</Filter>
    </ClInclude>
    <ClInclude Include="ThirdParty\EA\EASTL\Include\EASTL\algorithm.h">
      <Filter>ThirdParty\EA\EASTL\Include\EASTL</Filter>
    </ClInclude>
    <ClInclude Include="ThirdParty\EA\EASTL\Include\EASTL\allocator.h">
      <Filter>ThirdParty\EA\EASTL\Include\EASTL</Filter>
    </ClInclude>
    <ClInclude Include="ThirdParty\EA\EASTL\Include\EASTL\allocator_malloc.h">
      <Filter>ThirdParty\EA\EASTL\Include\EASTL</Filter>
    </ClInclude>
    <ClInclude Include="ThirdParty\EA\EASTL\Include\EASTL\any.h">
      <Filter>ThirdParty\EA\EASTL\Include\EASTL</Filter>
    </ClInclude>
    <ClInclude Include="ThirdParty\EA\EASTL\Include\EASTL\array.h">
      <Filter>ThirdParty\EA\EASTL\Include\EASTL</Filter>
    </ClInclude>
    <ClInclude Include="ThirdParty\EA\EASTL\Include\EASTL\atomic.h">
      <Filter>ThirdParty\EA\EASTL\Include\EASTL</Filter>
    </ClInclude>
    <ClInclude Include="ThirdParty\EA\EASTL\Include\EASTL\bit.h">
      <Filter>ThirdParty\EA\EASTL\Include\EASTL</Filter>
    </ClInclude>
    <ClInclude Include="ThirdParty\EA\EASTL\Include\EASTL\bitset.h">
      <Filter>ThirdParty\EA\EASTL\Include\EASTL</Filter>
    </ClInclude>
    <ClInclude Include="ThirdParty\EA\EASTL\Include\EASTL\bitvector.h">
      <Filter>ThirdParty\EA\EASTL\Include\EASTL</Filter>
    </ClInclude>
    <ClInclude Include="ThirdParty\EA\EASTL\Include\EASTL\chrono.h">
      <Filter>ThirdParty\EA\EASTL\Include\EASTL</Filter>
    </ClInclude>
    <ClInclude Include="ThirdParty\EA\EASTL\Include\EASTL\compare.h">
      <Filter>ThirdParty\EA\EASTL\Include\EASTL</Filter>
    </ClInclude>
    <ClInclude Include="ThirdParty\EA\EASTL\Include\EASTL\core_allocator.h">
      <Filter>ThirdParty\EA\EASTL\Include\EASTL</Filter>
    </ClInclude>
    <ClInclude Include="ThirdParty\EA\EASTL\Include\EASTL\core_allocator_adapter.h">
      <Filter>ThirdParty\EA\EASTL\Include\EASTL</Filter>
    </ClInclude>
    <ClInclude Include="ThirdParty\EA\EASTL\Include\EASTL\deque.h">
      <Filter>ThirdParty\EA\EASTL\Include\EASTL</Filter>
    </ClInclude>
    <ClInclude Include="ThirdParty\EA\EASTL\Include\EASTL\finally.h">
      <Filter>ThirdParty\EA\EASTL\Include\EASTL</Filter>
    </ClInclude>
    <ClInclude Include="ThirdParty\EA\EASTL\Include\EASTL\fixed_allocator.h">
      <Filter>ThirdParty\EA\EASTL\Include\EASTL</Filter>
    </ClInclude>
    <ClInclude Include="ThirdParty\EA\EASTL\Include\EASTL\fixed_function.h">
      <Filter>ThirdParty\EA\EASTL\Include\EASTL</Filter>
    </ClInclude>
    <ClInclude Include="ThirdParty\EA\EASTL\Include\EASTL\fixed_hash_map.h">
      <Filter>ThirdParty\EA\EASTL\Include\EASTL</Filter>
    </ClInclude>
    <ClInclude Include="ThirdParty\EA\EASTL\Include\EASTL\fixed_hash_set.h">
      <Filter>ThirdParty\EA\EASTL\Include\EASTL</Filter>
    </ClInclude>
    <ClInclude Include="ThirdParty\EA\EASTL\Include\EASTL\fixed_list.h">
      <Filter>ThirdParty\EA\EASTL\Include\EASTL</Filter>
    </ClInclude>
    <ClInclude Include="ThirdParty\EA\EASTL\Include\EASTL\fixed_map.h">
      <Filter>ThirdParty\EA\EASTL\Include\EASTL</Filter>
    </ClInclude>
    <ClInclude Include="ThirdParty\EA\EASTL\Include\EASTL\fixed_set.h">
      <Filter>ThirdParty\EA\EASTL\Include\EASTL</Filter>
    </ClInclude>
    <ClInclude Include="ThirdParty\EA\EASTL\Include\EASTL\fixed_slist.h">
      <Filter>ThirdParty\EA\EASTL\Include\EASTL</Filter>
    </ClInclude>
    <ClInclude Include="ThirdParty\EA\EASTL\Include\EASTL\fixed_string.h">
      <Filter>ThirdParty\EA\EASTL\Include\EASTL</Filter>
    </ClInclude>
    <ClInclude Include="ThirdParty\EA\EASTL\Include\EASTL\fixed_substring.h">
      <Filter>ThirdParty\EA\EASTL\Include\EASTL</Filter>
    </ClInclude>
    <ClInclude Include="ThirdParty\EA\EASTL\Include\EASTL\fixed_vector.h">
      <Filter>ThirdParty\EA\EASTL\Include\EASTL</Filter>
    </ClInclude>
    <ClInclude Include="ThirdParty\EA\EASTL\Include\EASTL\functional.h">
      <Filter>ThirdParty\EA\EASTL\Include\EASTL</Filter>
    </ClInclude>
    <ClInclude Include="ThirdParty\EA\EASTL\Include\EASTL\hash_map.h">
      <Filter>ThirdParty\EA\EASTL\Include\EASTL</Filter>
    </ClInclude>
    <ClInclude Include="ThirdParty\EA\EASTL\Include\EASTL\hash_set.h">
      <Filter>ThirdParty\EA\EASTL\Include\EASTL</Filter>
    </ClInclude>
    <ClInclude Include="ThirdParty\EA\EASTL\Include\EASTL\heap.h">
      <Filter>ThirdParty\EA\EASTL\Include\EASTL</Filter>
    </ClInclude>
    <ClInclude Include="ThirdParty\EA\EASTL\Include\EASTL\initializer_list.h">
      <Filter>ThirdParty\EA\EASTL\Include\EASTL</Filter>
    </ClInclude>
    <ClInclude Include="ThirdParty\EA\EASTL\Include\EASTL\intrusive_hash_map.h">
      <Filter>ThirdParty\EA\EASTL\Include\EASTL</Filter>
    </ClInclude>
    <ClInclude Include="ThirdParty\EA\EASTL\Include\EASTL\intrusive_hash_set.h">
      <Filter>ThirdParty\EA\EASTL\Include\EASTL</Filter>
    </ClInclude>
    <ClInclude Include="ThirdParty\EA\EASTL\Include\EASTL\intrusive_list.h">
      <Filter>ThirdParty\EA\EASTL\Include\EASTL</Filter>
    </ClInclude>
    <ClInclude Include="ThirdParty\EA\EASTL\Include\EASTL\intrusive_ptr.h">
      <Filter>ThirdParty\EA\EASTL\Include\EASTL</Filter>
    </ClInclude>
    <ClInclude Include="ThirdParty\EA\EASTL\Include\EASTL\iterator.h">
      <Filter>ThirdParty\EA\EASTL\Include\EASTL</Filter>
    </ClInclude>
    <ClInclude Include="ThirdParty\EA\EASTL\Include\EASTL\linked_array.h">
      <Filter>ThirdParty\EA\EASTL\Include\EASTL</Filter>
    </ClInclude>
    <ClInclude Include="ThirdParty\EA\EASTL\Include\EASTL\linked_ptr.h">
      <Filter>ThirdParty\EA\EASTL\Include\EASTL</Filter>
    </ClInclude>
    <ClInclude Include="ThirdParty\EA\EASTL\Include\EASTL\list.h">
      <Filter>ThirdParty\EA\EASTL\Include\EASTL</Filter>
    </ClInclude>
    <ClInclude Include="ThirdParty\EA\EASTL\Include\EASTL\map.h">
      <Filter>ThirdParty\EA\EASTL\Include\EASTL</Filter>
    </ClInclude>
    <ClInclude Include="ThirdParty\EA\EASTL\Include\EASTL\memory.h">
      <Filter>ThirdParty\EA\EASTL\Include\EASTL</Filter>
    </ClInclude>
    <ClInclude Include="ThirdParty\EA\EASTL\Include\EASTL\meta.h">
      <Filter>ThirdParty\EA\EASTL\Include\EASTL</Filter>
    </ClInclude>
    <ClInclude Include="ThirdParty\EA\EASTL\Include\EASTL\numeric.h">
      <Filter>ThirdParty\EA\EASTL\Include\EASTL</Filter>
    </ClInclude>
    <ClInclude Include="ThirdParty\EA\EASTL\Include\EASTL\numeric_limits.h">
      <Filter>ThirdParty\EA\EASTL\Include\EASTL</Filter>
    </ClInclude>
    <ClInclude Include="ThirdParty\EA\EASTL\Include\EASTL\optional.h">
      <Filter>ThirdParty\EA\EASTL\Include\EASTL</Filter>
    </ClInclude>
    <ClInclude Include="ThirdParty\EA\EASTL\Include\EASTL\priority_queue.h">
      <Filter>ThirdParty\EA\EASTL\Include\EASTL</Filter>
    </ClInclude>
    <ClInclude Include="ThirdParty\EA\EASTL\Include\EASTL\queue.h">
      <Filter>ThirdParty\EA\EASTL\Include\EASTL</Filter>
    </ClInclude>
    <ClInclude Include="ThirdParty\EA\EASTL\Include\EASTL\random.h">
      <Filter>ThirdParty\EA\EASTL\Include\EASTL</Filter>
    </ClInclude>
    <ClInclude Include="ThirdParty\EA\EASTL\Include\EASTL\ratio.h">
      <Filter>ThirdParty\EA\EASTL\Include\EASTL</Filter>
    </ClInclude>
    <ClInclude Include="ThirdParty\EA\EASTL\Include\EASTL\safe_ptr.h">
      <Filter>ThirdParty\EA\EASTL\Include\EASTL</Filter>
    </ClInclude>
    <ClInclude Include="ThirdParty\EA\EASTL\Include\EASTL\scoped_array.h">
      <Filter>ThirdParty\EA\EASTL\Include\EASTL</Filter>
    </ClInclude>
    <ClInclude Include="ThirdParty\EA\EASTL\Include\EASTL\scoped_ptr.h">
      <Filter>ThirdParty\EA\EASTL\Include\EASTL</Filter>
    </ClInclude>
    <ClInclude Include="ThirdParty\EA\EASTL\Include\EASTL\segmented_vector.h">
      <Filter>ThirdParty\EA\EASTL\Include\EASTL</Filter>
    </ClInclude>
    <ClInclude Include="ThirdParty\EA\EASTL\Include\EASTL\set.h">
      <Filter>ThirdParty\EA\EASTL\Include\EASTL</Filter>
    </ClInclude>
    <ClInclude Include="ThirdParty\EA\EASTL\Include\EASTL\shared_array.h">
      <Filter>ThirdParty\EA\EASTL\Include\EASTL</Filter>
    </ClInclude>
    <ClInclude Include="ThirdParty\EA\EASTL\Include\EASTL\shared_ptr.h">
      <Filter>ThirdParty\EA\EASTL\Include\EASTL</Filter>
    </ClInclude>
    <ClInclude Include="ThirdParty\EA\EASTL\Include\EASTL\slist.h">
      <Filter>ThirdParty\EA\EASTL\Include\EASTL</Filter>
    </ClInclude>
    <ClInclude Include="ThirdParty\EA\EASTL\Include\EASTL\sort.h">
      <Filter>ThirdParty\EA\EASTL\Include\EASTL</Filter>
    </ClInclude>
    <ClInclude Include="ThirdParty\EA\EASTL\Include\EASTL\span.h">
      <Filter>ThirdParty\EA\EASTL\Include\EASTL</Filter>
    </ClInclude>
    <ClInclude Include="ThirdParty\EA\EASTL\Include\EASTL\stack.h">
      <Filter>ThirdParty\EA\EASTL\Include\EASTL</Filter>
    </ClInclude>
    <ClInclude Include="ThirdParty\EA\EASTL\Include\EASTL\string.h">
      <Filter>ThirdParty\EA\EASTL\Include\EASTL</Filter>
    </ClInclude>
    <ClInclude Include="ThirdParty\EA\EASTL\Include\EASTL\string_hash_map.h">
      <Filter>ThirdParty\EA\EASTL\Include\EASTL</Filter>
    </ClInclude>
    <ClInclude Include="ThirdParty\EA\EASTL\Include\EASTL\string_map.h">
      <Filter>ThirdParty\EA\EASTL\Include\EASTL</Filter>
    </ClInclude>
    <ClInclude Include="ThirdParty\EA\EASTL\Include\EASTL\string_view.h">
      <Filter>ThirdParty\EA\EASTL\Include\EASTL</Filter>
    </ClInclude>
    <ClInclude Include="ThirdParty\EA\EASTL\Include\EASTL\tuple.h">
      <Filter>ThirdParty\EA\EASTL\Include\EASTL</Filter>
    </ClInclude>
    <ClInclude Include="ThirdParty\EA\EASTL\Include\EASTL\type_traits.h">
      <Filter>ThirdParty\EA\EASTL\Include\EASTL</Filter>
    </ClInclude>
    <ClInclude Include="ThirdParty\EA\EASTL\Include\EASTL\unique_ptr.h">
      <Filter>ThirdParty\EA\EASTL\Include\EASTL</Filter>
    </ClInclude>
    <ClInclude Include="ThirdParty\EA\EASTL\Include\EASTL\unordered_map.h">
      <Filter>ThirdParty\EA\EASTL\Include\EASTL</Filter>
    </ClInclude>
    <ClInclude Include="ThirdParty\EA\EASTL\Include\EASTL\unordered_set.h">
      <Filter>ThirdParty\EA\EASTL\Include\EASTL</Filter>
    </ClInclude>
    <ClInclude Include="ThirdParty\EA\EASTL\Include\EASTL\utility.h">
      <Filter>ThirdParty\EA\EASTL\Include\EASTL</Filter>
    </ClInclude>
    <ClInclude Include="ThirdParty\EA\EASTL\Include\EASTL\variant.h">
      <Filter>ThirdParty\EA\EASTL\Include\EASTL</Filter>
    </ClInclude>
    <ClInclude Include="ThirdParty\EA\EASTL\Include\EASTL\vector.h">
      <Filter>ThirdParty\EA\EASTL\Include\EASTL</Filter>
    </ClInclude>
    <ClInclude Include="ThirdParty\EA\EASTL\Include\EASTL\vector_map.h">
      <Filter>ThirdParty\EA\EASTL\Include\EASTL</Filter>
    </ClInclude>
    <ClInclude Include="ThirdParty\EA\EASTL\Include\EASTL\vector_multimap.h">
      <Filter>ThirdParty\EA\EASTL\Include\EASTL</Filter>
    </ClInclude>
    <ClInclude Include="ThirdParty\EA\EASTL\Include\EASTL\vector_multiset.h">
      <Filter>ThirdParty\EA\EASTL\Include\EASTL</Filter>
    </ClInclude>
    <ClInclude Include="ThirdParty\EA\EASTL\Include\EASTL\vector_set.h">
      <Filter>ThirdParty\EA\EASTL\Include\EASTL</Filter>
    </ClInclude>
    <ClInclude Include="ThirdParty\EA\EASTL\Include\EASTL\version.h">
      <Filter>ThirdParty\EA\EASTL\Include\EASTL</Filter>
    </ClInclude>
    <ClInclude Include="ThirdParty\EA\EASTL\Include\EASTL\weak_ptr.h">
      <Filter>ThirdParty\EA\EASTL\Include\EASTL</Filter>
    </ClInclude>
    <ClInclude Include="ThirdParty\EA\EASTL\Include\EASTL\bonus\adaptors.h">
      <Filter>ThirdParty\EA\EASTL\Include\EASTL\bonus</Filter>
    </ClInclude>
    <ClInclude Include="ThirdParty\EA\EASTL\Include\EASTL\bonus\call_traits.h">
      <Filter>ThirdParty\EA\EASTL\Include\EASTL\bonus</Filter>
    </ClInclude>
    <ClInclude Include="ThirdParty\EA\EASTL\Include\EASTL\bonus\compressed_pair.h">
      <Filter>ThirdParty\EA\EASTL\Include\EASTL\bonus</Filter>
    </ClInclude>
    <ClInclude Include="ThirdParty\EA\EASTL\Include\EASTL\bonus\fixed_ring_buffer.h">
      <Filter>ThirdParty\EA\EASTL\Include\EASTL\bonus</Filter>
    </ClInclude>
    <ClInclude Include="ThirdParty\EA\EASTL\Include\EASTL\bonus\fixed_tuple_vector.h">
      <Filter>ThirdParty\EA\EASTL\Include\EASTL\bonus</Filter>
    </ClInclude>
    <ClInclude Include="ThirdParty\EA\EASTL\Include\EASTL\bonus\intrusive_sdlist.h">
      <Filter>ThirdParty\EA\EASTL\Include\EASTL\bonus</Filter>
    </ClInclude>
    <ClInclude Include="ThirdParty\EA\EASTL\Include\EASTL\bonus\intrusive_slist.h">
      <Filter>ThirdParty\EA\EASTL\Include\EASTL\bonus</Filter>
    </ClInclude>
    <ClInclude Include="ThirdParty\EA\EASTL\Include\EASTL\bonus\list_map.h">
      <Filter>ThirdParty\EA\EASTL\Include\EASTL\bonus</Filter>
    </ClInclude>
    <ClInclude Include="ThirdParty\EA\EASTL\Include\EASTL\bonus\lru_cache.h">
      <Filter>ThirdParty\EA\EASTL\Include\EASTL\bonus</Filter>
    </ClInclude>
    <ClInclude Include="ThirdParty\EA\EASTL\Include\EASTL\bonus\overloaded.h">
      <Filter>ThirdParty\EA\EASTL\Include\EASTL\bonus</Filter>
    </ClInclude>
    <ClInclude Include="ThirdParty\EA\EASTL\Include\EASTL\bonus\ring_buffer.h">
      <Filter>ThirdParty\EA\EASTL\Include\EASTL\bonus</Filter>
    </ClInclude>
    <ClInclude Include="ThirdParty\EA\EASTL\Include\EASTL\bonus\sort_extra.h">
      <Filter>ThirdParty\EA\EASTL\Include\EASTL\bonus</Filter>
    </ClInclude>
    <ClInclude Include="ThirdParty\EA\EASTL\Include\EASTL\bonus\tuple_vector.h">
      <Filter>ThirdParty\EA\EASTL\Include\EASTL\bonus</Filter>
    </ClInclude>
    <ClInclude Include="ThirdParty\EA\EASTL\Include\EASTL\internal\char_traits.h">
      <Filter>ThirdParty\EA\EASTL\Include\EASTL\internal</Filter>
    </ClInclude>
    <ClInclude Include="ThirdParty\EA\EASTL\Include\EASTL\internal\config.h">
      <Filter>ThirdParty\EA\EASTL\Include\EASTL\internal</Filter>
    </ClInclude>
    <ClInclude Include="ThirdParty\EA\EASTL\Include\EASTL\internal\copy_help.h">
      <Filter>ThirdParty\EA\EASTL\Include\EASTL\internal</Filter>
    </ClInclude>
    <ClInclude Include="ThirdParty\EA\EASTL\Include\EASTL\internal\enable_shared.h">
      <Filter>ThirdParty\EA\EASTL\Include\EASTL\internal</Filter>
    </ClInclude>
    <ClInclude Include="ThirdParty\EA\EASTL\Include\EASTL\internal\fill_help.h">
      <Filter>ThirdParty\EA\EASTL\Include\EASTL\internal</Filter>
    </ClInclude>
    <ClInclude Include="ThirdParty\EA\EASTL\Include\EASTL\internal\fixed_pool.h">
      <Filter>ThirdParty\EA\EASTL\Include\EASTL\internal</Filter>
    </ClInclude>
    <ClInclude Include="ThirdParty\EA\EASTL\Include\EASTL\internal\function.h">
      <Filter>ThirdParty\EA\EASTL\Include\EASTL\internal</Filter>
    </ClInclude>
    <ClInclude Include="ThirdParty\EA\EASTL\Include\EASTL\internal\functional_base.h">
      <Filter>ThirdParty\EA\EASTL\Include\EASTL\internal</Filter>
    </ClInclude>
    <ClInclude Include="ThirdParty\EA\EASTL\Include\EASTL\internal\function_detail.h">
      <Filter>ThirdParty\EA\EASTL\Include\EASTL\internal</Filter>
    </ClInclude>
    <ClInclude Include="ThirdParty\EA\EASTL\Include\EASTL\internal\function_help.h">
      <Filter>ThirdParty\EA\EASTL\Include\EASTL\internal</Filter>
    </ClInclude>
    <ClInclude Include="ThirdParty\EA\EASTL\Include\EASTL\internal\generic_iterator.h">
      <Filter>ThirdParty\EA\EASTL\Include\EASTL\internal</Filter>
    </ClInclude>
    <ClInclude Include="ThirdParty\EA\EASTL\Include\EASTL\internal\hashtable.h">
      <Filter>ThirdParty\EA\EASTL\Include\EASTL\internal</Filter>
    </ClInclude>
    <ClInclude Include="ThirdParty\EA\EASTL\Include\EASTL\internal\integer_sequence.h">
      <Filter>ThirdParty\EA\EASTL\Include\EASTL\internal</Filter>
    </ClInclude>
    <ClInclude Include="ThirdParty\EA\EASTL\Include\EASTL\internal\intrusive_hashtable.h">
      <Filter>ThirdParty\EA\EASTL\Include\EASTL\internal</Filter>
    </ClInclude>
    <ClInclude Include="ThirdParty\EA\EASTL\Include\EASTL\internal\in_place_t.h">
      <Filter>ThirdParty\EA\EASTL\Include\EASTL\internal</Filter>
    </ClInclude>
    <ClInclude Include="ThirdParty\EA\EASTL\Include\EASTL\internal\memory_base.h">
      <Filter>ThirdParty\EA\EASTL\Include\EASTL\internal</Filter>
    </ClInclude>
    <ClInclude Include="ThirdParty\EA\EASTL\Include\EASTL\internal\mem_fn.h">
      <Filter>ThirdParty\EA\EASTL\Include\EASTL\internal</Filter>
    </ClInclude>
    <ClInclude Include="ThirdParty\EA\EASTL\Include\EASTL\internal\move_help.h">
      <Filter>ThirdParty\EA\EASTL\Include\EASTL\internal</Filter>
    </ClInclude>
    <ClInclude Include="ThirdParty\EA\EASTL\Include\EASTL\internal\pair_fwd_decls.h">
      <Filter>ThirdParty\EA\EASTL\Include\EASTL\internal</Filter>
    </ClInclude>
    <ClInclude Include="ThirdParty\EA\EASTL\Include\EASTL\internal\piecewise_construct_t.h">
      <Filter>ThirdParty\EA\EASTL\Include\EASTL\internal</Filter>
    </ClInclude>
    <ClInclude Include="ThirdParty\EA\EASTL\Include\EASTL\internal\red_black_tree.h">
      <Filter>ThirdParty\EA\EASTL\Include\EASTL\internal</Filter>
    </ClInclude>
    <ClInclude Include="ThirdParty\EA\EASTL\Include\EASTL\internal\smart_ptr.h">
      <Filter>ThirdParty\EA\EASTL\Include\EASTL\internal</Filter>
    </ClInclude>
    <ClInclude Include="ThirdParty\EA\EASTL\Include\EASTL\internal\thread_support.h">
      <Filter>ThirdParty\EA\EASTL\Include\EASTL\internal</Filter>
    </ClInclude>
    <ClInclude Include="ThirdParty\EA\EASTL\Include\EASTL\internal\tuple_fwd_decls.h">
      <Filter>ThirdParty\EA\EASTL\Include\EASTL\internal</Filter>
    </ClInclude>
    <ClInclude Include="ThirdParty\EA\EASTL\Include\EASTL\internal\type_compound.h">
      <Filter>ThirdParty\EA\EASTL\Include\EASTL\internal</Filter>
    </ClInclude>
    <ClInclude Include="ThirdParty\EA\EASTL\Include\EASTL\internal\type_detected.h">
      <Filter>ThirdParty\EA\EASTL\Include\EASTL\internal</Filter>
    </ClInclude>
    <ClInclude Include="ThirdParty\EA\EASTL\Include\EASTL\internal\type_fundamental.h">
      <Filter>ThirdParty\EA\EASTL\Include\EASTL\internal</Filter>
    </ClInclude>
    <ClInclude Include="ThirdParty\EA\EASTL\Include\EASTL\internal\type_pod.h">
      <Filter>ThirdParty\EA\EASTL\Include\EASTL\internal</Filter>
    </ClInclude>
    <ClInclude Include="ThirdParty\EA\EASTL\Include\EASTL\internal\type_properties.h">
      <Filter>ThirdParty\EA\EASTL\Include\EASTL\internal</Filter>
    </ClInclude>
    <ClInclude Include="ThirdParty\EA\EASTL\Include\EASTL\internal\type_transformations.h">
      <Filter>ThirdParty\EA\EASTL\Include\EASTL\internal</Filter>
    </ClInclude>
    <ClInclude Include="ThirdParty\EA\EASTL\Include\EASTL\internal\type_void_t.h">
      <Filter>ThirdParty\EA\EASTL\Include\EASTL\internal</Filter>
    </ClInclude>
    <ClInclude Include="ThirdParty\EA\EASTL\Include\EASTL\internal\atomic\atomic.h">
      <Filter>ThirdParty\EA\EASTL\Include\EASTL\internal\atomic</Filter>
    </ClInclude>
    <ClInclude Include="ThirdParty\EA\EASTL\Include\EASTL\internal\atomic\atomic_asserts.h">
      <Filter>ThirdParty\EA\EASTL\Include\EASTL\internal\atomic</Filter>
    </ClInclude>
    <ClInclude Include="ThirdParty\EA\EASTL\Include\EASTL\internal\atomic\atomic_base_width.h">
      <Filter>ThirdParty\EA\EASTL\Include\EASTL\internal\atomic</Filter>
    </ClInclude>
    <ClInclude Include="ThirdParty\EA\EASTL\Include\EASTL\internal\atomic\atomic_casts.h">
      <Filter>ThirdParty\EA\EASTL\Include\EASTL\internal\atomic</Filter>
    </ClInclude>
    <ClInclude Include="ThirdParty\EA\EASTL\Include\EASTL\internal\atomic\atomic_flag.h">
      <Filter>ThirdParty\EA\EASTL\Include\EASTL\internal\atomic</Filter>
    </ClInclude>
    <ClInclude Include="ThirdParty\EA\EASTL\Include\EASTL\internal\atomic\atomic_flag_standalone.h">
      <Filter>ThirdParty\EA\EASTL\Include\EASTL\internal\atomic</Filter>
    </ClInclude>
    <ClInclude Include="ThirdParty\EA\EASTL\Include\EASTL\internal\atomic\atomic_integral.h">
      <Filter>ThirdParty\EA\EASTL\Include\EASTL\internal\atomic</Filter>
    </ClInclude>
    <ClInclude Include="ThirdParty\EA\EASTL\Include\EASTL\internal\atomic\atomic_macros.h">
      <Filter>ThirdParty\EA\EASTL\Include\EASTL\internal\atomic</Filter>
    </ClInclude>
    <ClInclude Include="ThirdParty\EA\EASTL\Include\EASTL\internal\atomic\atomic_memory_order.h">
      <Filter>ThirdParty\EA\EASTL\Include\EASTL\internal\atomic</Filter>
    </ClInclude>
    <ClInclude Include="ThirdParty\EA\EASTL\Include\EASTL\internal\atomic\atomic_pointer.h">
      <Filter>ThirdParty\EA\EASTL\Include\EASTL\internal\atomic</Filter>
    </ClInclude>
    <ClInclude Include="ThirdParty\EA\EASTL\Include\EASTL\internal\atomic\atomic_pop_compiler_options.h">
      <Filter>ThirdParty\EA\EASTL\Include\EASTL\internal\atomic</Filter>
    </ClInclude>
    <ClInclude Include="ThirdParty\EA\EASTL\Include\EASTL\internal\atomic\atomic_push_compiler_options.h">
      <Filter>ThirdParty\EA\EASTL\Include\EASTL\internal\atomic</Filter>
    </ClInclude>
    <ClInclude Include="ThirdParty\EA\EASTL\Include\EASTL\internal\atomic\atomic_size_aligned.h">
      <Filter>ThirdParty\EA\EASTL\Include\EASTL\internal\atomic</Filter>
    </ClInclude>
    <ClInclude Include="ThirdParty\EA\EASTL\Include\EASTL\internal\atomic\atomic_standalone.h">
      <Filter>ThirdParty\EA\EASTL\Include\EASTL\internal\atomic</Filter>
    </ClInclude>
    <ClInclude Include="ThirdParty\EA\EASTL\Include\EASTL\internal\atomic\arch\arch.h">
      <Filter>ThirdParty\EA\EASTL\Include\EASTL\internal\atomic\arch</Filter>
    </ClInclude>
    <ClInclude Include="ThirdParty\EA\EASTL\Include\EASTL\internal\atomic\arch\arch_add_fetch.h">
      <Filter>ThirdParty\EA\EASTL\Include\EASTL\internal\atomic\arch</Filter>
    </ClInclude>
    <ClInclude Include="ThirdParty\EA\EASTL\Include\EASTL\internal\atomic\arch\arch_and_fetch.h">
      <Filter>ThirdParty\EA\EASTL\Include\EASTL\internal\atomic\arch</Filter>
    </ClInclude>
    <ClInclude Include="ThirdParty\EA\EASTL\Include\EASTL\internal\atomic\arch\arch_cmpxchg_strong.h">
      <Filter>ThirdParty\EA\EASTL\Include\EASTL\internal\atomic\arch</Filter>
    </ClInclude>
    <ClInclude Include="ThirdParty\EA\EASTL\Include\EASTL\internal\atomic\arch\arch_cmpxchg_weak.h">
      <Filter>ThirdParty\EA\EASTL\Include\EASTL\internal\atomic\arch</Filter>
    </ClInclude>
    <ClInclude Include="ThirdParty\EA\EASTL\Include\EASTL\internal\atomic\arch\arch_compiler_barrier.h">
      <Filter>ThirdParty\EA\EASTL\Include\EASTL\internal\atomic\arch</Filter>
    </ClInclude>
    <ClInclude Include="ThirdParty\EA\EASTL\Include\EASTL\internal\atomic\arch\arch_cpu_pause.h">
      <Filter>ThirdParty\EA\EASTL\Include\EASTL\internal\atomic\arch</Filter>
    </ClInclude>
    <ClInclude Include="ThirdParty\EA\EASTL\Include\EASTL\internal\atomic\arch\arch_exchange.h">
      <Filter>ThirdParty\EA\EASTL\Include\EASTL\internal\atomic\arch</Filter>
    </ClInclude>
    <ClInclude Include="ThirdParty\EA\EASTL\Include\EASTL\internal\atomic\arch\arch_fetch_add.h">
      <Filter>ThirdParty\EA\EASTL\Include\EASTL\internal\atomic\arch</Filter>
    </ClInclude>
    <ClInclude Include="ThirdParty\EA\EASTL\Include\EASTL\internal\atomic\arch\arch_fetch_and.h">
      <Filter>ThirdParty\EA\EASTL\Include\EASTL\internal\atomic\arch</Filter>
    </ClInclude>
    <ClInclude Include="ThirdParty\EA\EASTL\Include\EASTL\internal\atomic\arch\arch_fetch_or.h">
      <Filter>ThirdParty\EA\EASTL\Include\EASTL\internal\atomic\arch</Filter>
    </ClInclude>
    <ClInclude Include="ThirdParty\EA\EASTL\Include\EASTL\internal\atomic\arch\arch_fetch_sub.h">
      <Filter>ThirdParty\EA\EASTL\Include\EASTL\internal\atomic\arch</Filter>
    </ClInclude>
    <ClInclude Include="ThirdParty\EA\EASTL\Include\EASTL\internal\atomic\arch\arch_fetch_xor.h">
      <Filter>ThirdParty\EA\EASTL\Include\EASTL\internal\atomic\arch</Filter>
    </ClInclude>
    <ClInclude Include="ThirdParty\EA\EASTL\Include\EASTL\internal\atomic\arch\arch_load.h">
      <Filter>ThirdParty\EA\EASTL\Include\EASTL\internal\atomic\arch</Filter>
    </ClInclude>
    <ClInclude Include="ThirdParty\EA\EASTL\Include\EASTL\internal\atomic\arch\arch_memory_barrier.h">
      <Filter>ThirdParty\EA\EASTL\Include\EASTL\internal\atomic\arch</Filter>
    </ClInclude>
    <ClInclude Include="ThirdParty\EA\EASTL\Include\EASTL\internal\atomic\arch\arch_or_fetch.h">
      <Filter>ThirdParty\EA\EASTL\Include\EASTL\internal\atomic\arch</Filter>
    </ClInclude>
    <ClInclude Include="ThirdParty\EA\EASTL\Include\EASTL\internal\atomic\arch\arch_signal_fence.h">
      <Filter>ThirdParty\EA\EASTL\Include\EASTL\internal\atomic\arch</Filter>
    </ClInclude>
    <ClInclude Include="ThirdParty\EA\EASTL\Include\EASTL\internal\atomic\arch\arch_store.h">
      <Filter>ThirdParty\EA\EASTL\Include\EASTL\internal\atomic\arch</Filter>
    </ClInclude>
    <ClInclude Include="ThirdParty\EA\EASTL\Include\EASTL\internal\atomic\arch\arch_sub_fetch.h">
      <Filter>ThirdParty\EA\EASTL\Include\EASTL\internal\atomic\arch</Filter>
    </ClInclude>
    <ClInclude Include="ThirdParty\EA\EASTL\Include\EASTL\internal\atomic\arch\arch_thread_fence.h">
      <Filter>ThirdParty\EA\EASTL\Include\EASTL\internal\atomic\arch</Filter>
    </ClInclude>
    <ClInclude Include="ThirdParty\EA\EASTL\Include\EASTL\internal\atomic\arch\arch_xor_fetch.h">
      <Filter>ThirdParty\EA\EASTL\Include\EASTL\internal\atomic\arch</Filter>
    </ClInclude>
    <ClInclude Include="ThirdParty\EA\EASTL\Include\EASTL\internal\atomic\arch\x86\arch_x86.h">
      <Filter>ThirdParty\EA\EASTL\Include\EASTL\internal\atomic\arch\x86</Filter>
    </ClInclude>
    <ClInclude Include="ThirdParty\EA\EASTL\Include\EASTL\internal\atomic\arch\x86\arch_x86_add_fetch.h">
      <Filter>ThirdParty\EA\EASTL\Include\EASTL\internal\atomic\arch\x86</Filter>
    </ClInclude>
    <ClInclude Include="ThirdParty\EA\EASTL\Include\EASTL\internal\atomic\arch\x86\arch_x86_and_fetch.h">
      <Filter>ThirdParty\EA\EASTL\Include\EASTL\internal\atomic\arch\x86</Filter>
    </ClInclude>
    <ClInclude Include="ThirdParty\EA\EASTL\Include\EASTL\internal\atomic\arch\x86\arch_x86_cmpxchg_strong.h">
      <Filter>ThirdParty\EA\EASTL\Include\EASTL\internal\atomic\arch\x86</Filter>
    </ClInclude>
    <ClInclude Include="ThirdParty\EA\EASTL\Include\EASTL\internal\atomic\arch\x86\arch_x86_cmpxchg_weak.h">
      <Filter>ThirdParty\EA\EASTL\Include\EASTL\internal\atomic\arch\x86</Filter>
    </ClInclude>
    <ClInclude Include="ThirdParty\EA\EASTL\Include\EASTL\internal\atomic\arch\x86\arch_x86_exchange.h">
      <Filter>ThirdParty\EA\EASTL\Include\EASTL\internal\atomic\arch\x86</Filter>
    </ClInclude>
    <ClInclude Include="ThirdParty\EA\EASTL\Include\EASTL\internal\atomic\arch\x86\arch_x86_fetch_add.h">
      <Filter>ThirdParty\EA\EASTL\Include\EASTL\internal\atomic\arch\x86</Filter>
    </ClInclude>
    <ClInclude Include="ThirdParty\EA\EASTL\Include\EASTL\internal\atomic\arch\x86\arch_x86_fetch_and.h">
      <Filter>ThirdParty\EA\EASTL\Include\EASTL\internal\atomic\arch\x86</Filter>
    </ClInclude>
    <ClInclude Include="ThirdParty\EA\EASTL\Include\EASTL\internal\atomic\arch\x86\arch_x86_fetch_or.h">
      <Filter>ThirdParty\EA\EASTL\Include\EASTL\internal\atomic\arch\x86</Filter>
    </ClInclude>
    <ClInclude Include="ThirdParty\EA\EASTL\Include\EASTL\internal\atomic\arch\x86\arch_x86_fetch_sub.h">
      <Filter>ThirdParty\EA\EASTL\Include\EASTL\internal\atomic\arch\x86</Filter>
    </ClInclude>
    <ClInclude Include="ThirdParty\EA\EASTL\Include\EASTL\internal\atomic\arch\x86\arch_x86_fetch_xor.h">
      <Filter>ThirdParty\EA\EASTL\Include\EASTL\internal\atomic\arch\x86</Filter>
    </ClInclude>
    <ClInclude Include="ThirdParty\EA\EASTL\Include\EASTL\internal\atomic\arch\x86\arch_x86_load.h">
      <Filter>ThirdParty\EA\EASTL\Include\EASTL\internal\atomic\arch\x86</Filter>
    </ClInclude>
    <ClInclude Include="ThirdParty\EA\EASTL\Include\EASTL\internal\atomic\arch\x86\arch_x86_memory_barrier.h">
      <Filter>ThirdParty\EA\EASTL\Include\EASTL\internal\atomic\arch\x86</Filter>
    </ClInclude>
    <ClInclude Include="ThirdParty\EA\EASTL\Include\EASTL\internal\atomic\arch\x86\arch_x86_or_fetch.h">
      <Filter>ThirdParty\EA\EASTL\Include\EASTL\internal\atomic\arch\x86</Filter>
    </ClInclude>
    <ClInclude Include="ThirdParty\EA\EASTL\Include\EASTL\internal\atomic\arch\x86\arch_x86_store.h">
      <Filter>ThirdParty\EA\EASTL\Include\EASTL\internal\atomic\arch\x86</Filter>
    </ClInclude>
    <ClInclude Include="ThirdParty\EA\EASTL\Include\EASTL\internal\atomic\arch\x86\arch_x86_sub_fetch.h">
      <Filter>ThirdParty\EA\EASTL\Include\EASTL\internal\atomic\arch\x86</Filter>
    </ClInclude>
    <ClInclude Include="ThirdParty\EA\EASTL\Include\EASTL\internal\atomic\arch\x86\arch_x86_thread_fence.h">
      <Filter>ThirdParty\EA\EASTL\Include\EASTL\internal\atomic\arch\x86</Filter>
    </ClInclude>
    <ClInclude Include="ThirdParty\EA\EASTL\Include\EASTL\internal\atomic\arch\x86\arch_x86_xor_fetch.h">
      <Filter>ThirdParty\EA\EASTL\Include\EASTL\internal\atomic\arch\x86</Filter>
    </ClInclude>
    <ClInclude Include="ThirdParty\EA\EASTL\Include\EASTL\internal\atomic\arch\arm\arch_arm.h">
      <Filter>ThirdParty\EA\EASTL\Include\EASTL\internal\atomic\arch\arm</Filter>
    </ClInclude>
    <ClInclude Include="ThirdParty\EA\EASTL\Include\EASTL\internal\atomic\arch\arm\arch_arm_load.h">
      <Filter>ThirdParty\EA\EASTL\Include\EASTL\internal\atomic\arch\arm</Filter>
    </ClInclude>
    <ClInclude Include="ThirdParty\EA\EASTL\Include\EASTL\internal\atomic\arch\arm\arch_arm_memory_barrier.h">
      <Filter>ThirdParty\EA\EASTL\Include\EASTL\internal\atomic\arch\arm</Filter>
    </ClInclude>
    <ClInclude Include="ThirdParty\EA\EASTL\Include\EASTL\internal\atomic\arch\arm\arch_arm_store.h">
      <Filter>ThirdParty\EA\EASTL\Include\EASTL\internal\atomic\arch\arm</Filter>
    </ClInclude>
    <ClInclude Include="ThirdParty\EA\EASTL\Include\EASTL\internal\atomic\arch\arm\arch_arm_thread_fence.h">
      <Filter>ThirdParty\EA\EASTL\Include\EASTL\internal\atomic\arch\arm</Filter>
    </ClInclude>
    <ClInclude Include="ThirdParty\EA\EASTL\Include\EASTL\internal\atomic\compiler\compiler.h">
      <Filter>ThirdParty\EA\EASTL\Include\EASTL\internal\atomic\compiler</Filter>
    </ClInclude>
    <ClInclude Include="ThirdParty\EA\EASTL\Include\EASTL\internal\atomic\compiler\compiler_add_fetch.h">
      <Filter>ThirdParty\EA\EASTL\Include\EASTL\internal\atomic\compiler</Filter>
    </ClInclude>
    <ClInclude Include="ThirdParty\EA\EASTL\Include\EASTL\internal\atomic\compiler\compiler_and_fetch.h">
      <Filter>ThirdParty\EA\EASTL\Include\EASTL\internal\atomic\compiler</Filter>
    </ClInclude>
    <ClInclude Include="ThirdParty\EA\EASTL\Include\EASTL\internal\atomic\compiler\compiler_barrier.h">
      <Filter>ThirdParty\EA\EASTL\Include\EASTL\internal\atomic\compiler</Filter>
    </ClInclude>
    <ClInclude Include="ThirdParty\EA\EASTL\Include\EASTL\internal\atomic\compiler\compiler_cmpxchg_strong.h">
      <Filter>ThirdParty\EA\EASTL\Include\EASTL\internal\atomic\compiler</Filter>
    </ClInclude>
    <ClInclude Include="ThirdParty\EA\EASTL\Include\EASTL\internal\atomic\compiler\compiler_cmpxchg_weak.h">
      <Filter>ThirdParty\EA\EASTL\Include\EASTL\internal\atomic\compiler</Filter>
    </ClInclude>
    <ClInclude Include="ThirdParty\EA\EASTL\Include\EASTL\internal\atomic\compiler\compiler_cpu_pause.h">
      <Filter>ThirdParty\EA\EASTL\Include\EASTL\internal\atomic\compiler</Filter>
    </ClInclude>
    <ClInclude Include="ThirdParty\EA\EASTL\Include\EASTL\internal\atomic\compiler\compiler_exchange.h">
      <Filter>ThirdParty\EA\EASTL\Include\EASTL\internal\atomic\compiler</Filter>
    </ClInclude>
    <ClInclude Include="ThirdParty\EA\EASTL\Include\EASTL\internal\atomic\compiler\compiler_fetch_add.h">
      <Filter>ThirdParty\EA\EASTL\Include\EASTL\internal\atomic\compiler</Filter>
    </ClInclude>
    <ClInclude Include="ThirdParty\EA\EASTL\Include\EASTL\internal\atomic\compiler\compiler_fetch_and.h">
      <Filter>ThirdParty\EA\EASTL\Include\EASTL\internal\atomic\compiler</Filter>
    </ClInclude>
    <ClInclude Include="ThirdParty\EA\EASTL\Include\EASTL\internal\atomic\compiler\compiler_fetch_or.h">
      <Filter>ThirdParty\EA\EASTL\Include\EASTL\internal\atomic\compiler</Filter>
    </ClInclude>
    <ClInclude Include="ThirdParty\EA\EASTL\Include\EASTL\internal\atomic\compiler\compiler_fetch_sub.h">
      <Filter>ThirdParty\EA\EASTL\Include\EASTL\internal\atomic\compiler</Filter>
    </ClInclude>
    <ClInclude Include="ThirdParty\EA\EASTL\Include\EASTL\internal\atomic\compiler\compiler_fetch_xor.h">
      <Filter>ThirdParty\EA\EASTL\Include\EASTL\internal\atomic\compiler</Filter>
    </ClInclude>
    <ClInclude Include="ThirdParty\EA\EASTL\Include\EASTL\internal\atomic\compiler\compiler_load.h">
      <Filter>ThirdParty\EA\EASTL\Include\EASTL\internal\atomic\compiler</Filter>
    </ClInclude>
    <ClInclude Include="ThirdParty\EA\EASTL\Include\EASTL\internal\atomic\compiler\compiler_memory_barrier.h">
      <Filter>ThirdParty\EA\EASTL\Include\EASTL\internal\atomic\compiler</Filter>
    </ClInclude>
    <ClInclude Include="ThirdParty\EA\EASTL\Include\EASTL\internal\atomic\compiler\compiler_or_fetch.h">
      <Filter>ThirdParty\EA\EASTL\Include\EASTL\internal\atomic\compiler</Filter>
    </ClInclude>
    <ClInclude Include="ThirdParty\EA\EASTL\Include\EASTL\internal\atomic\compiler\compiler_signal_fence.h">
      <Filter>ThirdParty\EA\EASTL\Include\EASTL\internal\atomic\compiler</Filter>
    </ClInclude>
    <ClInclude Include="ThirdParty\EA\EASTL\Include\EASTL\internal\atomic\compiler\compiler_store.h">
      <Filter>ThirdParty\EA\EASTL\Include\EASTL\internal\atomic\compiler</Filter>
    </ClInclude>
    <ClInclude Include="ThirdParty\EA\EASTL\Include\EASTL\internal\atomic\compiler\compiler_sub_fetch.h">
      <Filter>ThirdParty\EA\EASTL\Include\EASTL\internal\atomic\compiler</Filter>
    </ClInclude>
    <ClInclude Include="ThirdParty\EA\EASTL\Include\EASTL\internal\atomic\compiler\compiler_thread_fence.h">
      <Filter>ThirdParty\EA\EASTL\Include\EASTL\internal\atomic\compiler</Filter>
    </ClInclude>
    <ClInclude Include="ThirdParty\EA\EASTL\Include\EASTL\internal\atomic\compiler\compiler_xor_fetch.h">
      <Filter>ThirdParty\EA\EASTL\Include\EASTL\internal\atomic\compiler</Filter>
    </ClInclude>
    <ClInclude Include="ThirdParty\EA\EASTL\Include\EASTL\internal\atomic\compiler\gcc\compiler_gcc.h">
      <Filter>ThirdParty\EA\EASTL\Include\EASTL\internal\atomic\compiler\gcc</Filter>
    </ClInclude>
    <ClInclude Include="ThirdParty\EA\EASTL\Include\EASTL\internal\atomic\compiler\gcc\compiler_gcc_add_fetch.h">
      <Filter>ThirdParty\EA\EASTL\Include\EASTL\internal\atomic\compiler\gcc</Filter>
    </ClInclude>
    <ClInclude Include="ThirdParty\EA\EASTL\Include\EASTL\internal\atomic\compiler\gcc\compiler_gcc_and_fetch.h">
      <Filter>ThirdParty\EA\EASTL\Include\EASTL\internal\atomic\compiler\gcc</Filter>
    </ClInclude>
    <ClInclude Include="ThirdParty\EA\EASTL\Include\EASTL\internal\atomic\compiler\gcc\compiler_gcc_barrier.h">
      <Filter>ThirdParty\EA\EASTL\Include\EASTL\internal\atomic\compiler\gcc</Filter>
    </ClInclude>
    <ClInclude Include="ThirdParty\EA\EASTL\Include\EASTL\internal\atomic\compiler\gcc\compiler_gcc_cmpxchg_strong.h">
      <Filter>ThirdParty\EA\EASTL\Include\EASTL\internal\atomic\compiler\gcc</Filter>
    </ClInclude>
    <ClInclude Include="ThirdParty\EA\EASTL\Include\EASTL\internal\atomic\compiler\gcc\compiler_gcc_cmpxchg_weak.h">
      <Filter>ThirdParty\EA\EASTL\Include\EASTL\internal\atomic\compiler\gcc</Filter>
    </ClInclude>
    <ClInclude Include="ThirdParty\EA\EASTL\Include\EASTL\internal\atomic\compiler\gcc\compiler_gcc_cpu_pause.h">
      <Filter>ThirdParty\EA\EASTL\Include\EASTL\internal\atomic\compiler\gcc</Filter>
    </ClInclude>
    <ClInclude Include="ThirdParty\EA\EASTL\Include\EASTL\internal\atomic\compiler\gcc\compiler_gcc_exchange.h">
      <Filter>ThirdParty\EA\EASTL\Include\EASTL\internal\atomic\compiler\gcc</Filter>
    </ClInclude>
    <ClInclude Include="ThirdParty\EA\EASTL\Include\EASTL\internal\atomic\compiler\gcc\compiler_gcc_fetch_add.h">
      <Filter>ThirdParty\EA\EASTL\Include\EASTL\internal\atomic\compiler\gcc</Filter>
    </ClInclude>
    <ClInclude Include="ThirdParty\EA\EASTL\Include\EASTL\internal\atomic\compiler\gcc\compiler_gcc_fetch_and.h">
      <Filter>ThirdParty\EA\EASTL\Include\EASTL\internal\atomic\compiler\gcc</Filter>
    </ClInclude>
    <ClInclude Include="ThirdParty\EA\EASTL\Include\EASTL\internal\atomic\compiler\gcc\compiler_gcc_fetch_or.h">
      <Filter>ThirdParty\EA\EASTL\Include\EASTL\internal\atomic\compiler\gcc</Filter>
    </ClInclude>
    <ClInclude Include="ThirdParty\EA\EASTL\Include\EASTL\internal\atomic\compiler\gcc\compiler_gcc_fetch_sub.h">
      <Filter>ThirdParty\EA\EASTL\Include\EASTL\internal\atomic\compiler\gcc</Filter>
    </ClInclude>
    <ClInclude Include="ThirdParty\EA\EASTL\Include\EASTL\internal\atomic\compiler\gcc\compiler_gcc_fetch_xor.h">
      <Filter>ThirdParty\EA\EASTL\Include\EASTL\internal\atomic\compiler\gcc</Filter>
    </ClInclude>
    <ClInclude Include="ThirdParty\EA\EASTL\Include\EASTL\internal\atomic\compiler\gcc\compiler_gcc_load.h">
      <Filter>ThirdParty\EA\EASTL\Include\EASTL\internal\atomic\compiler\gcc</Filter>
    </ClInclude>
    <ClInclude Include="ThirdParty\EA\EASTL\Include\EASTL\internal\atomic\compiler\gcc\compiler_gcc_or_fetch.h">
      <Filter>ThirdParty\EA\EASTL\Include\EASTL\internal\atomic\compiler\gcc</Filter>
    </ClInclude>
    <ClInclude Include="ThirdParty\EA\EASTL\Include\EASTL\internal\atomic\compiler\gcc\compiler_gcc_signal_fence.h">
      <Filter>ThirdParty\EA\EASTL\Include\EASTL\internal\atomic\compiler\gcc</Filter>
    </ClInclude>
    <ClInclude Include="ThirdParty\EA\EASTL\Include\EASTL\internal\atomic\compiler\gcc\compiler_gcc_store.h">
      <Filter>ThirdParty\EA\EASTL\Include\EASTL\internal\atomic\compiler\gcc</Filter>
    </ClInclude>
    <ClInclude Include="ThirdParty\EA\EASTL\Include\EASTL\internal\atomic\compiler\gcc\compiler_gcc_sub_fetch.h">
      <Filter>ThirdParty\EA\EASTL\Include\EASTL\internal\atomic\compiler\gcc</Filter>
    </ClInclude>
    <ClInclude Include="ThirdParty\EA\EASTL\Include\EASTL\internal\atomic\compiler\gcc\compiler_gcc_thread_fence.h">
      <Filter>ThirdParty\EA\EASTL\Include\EASTL\internal\atomic\compiler\gcc</Filter>
    </ClInclude>
    <ClInclude Include="ThirdParty\EA\EASTL\Include\EASTL\internal\atomic\compiler\gcc\compiler_gcc_xor_fetch.h">
      <Filter>ThirdParty\EA\EASTL\Include\EASTL\internal\atomic\compiler\gcc</Filter>
    </ClInclude>
    <ClInclude Include="ThirdParty\EA\EASTL\Include\EASTL\internal\atomic\compiler\msvc\compiler_msvc.h">
      <Filter>ThirdParty\EA\EASTL\Include\EASTL\internal\atomic\compiler\msvc</Filter>
    </ClInclude>
    <ClInclude Include="ThirdParty\EA\EASTL\Include\EASTL\internal\atomic\compiler\msvc\compiler_msvc_add_fetch.h">
      <Filter>ThirdParty\EA\EASTL\Include\EASTL\internal\atomic\compiler\msvc</Filter>
    </ClInclude>
    <ClInclude Include="ThirdParty\EA\EASTL\Include\EASTL\internal\atomic\compiler\msvc\compiler_msvc_and_fetch.h">
      <Filter>ThirdParty\EA\EASTL\Include\EASTL\internal\atomic\compiler\msvc</Filter>
    </ClInclude>
    <ClInclude Include="ThirdParty\EA\EASTL\Include\EASTL\internal\atomic\compiler\msvc\compiler_msvc_barrier.h">
      <Filter>ThirdParty\EA\EASTL\Include\EASTL\internal\atomic\compiler\msvc</Filter>
    </ClInclude>
    <ClInclude Include="ThirdParty\EA\EASTL\Include\EASTL\internal\atomic\compiler\msvc\compiler_msvc_cmpxchg_strong.h">
      <Filter>ThirdParty\EA\EASTL\Include\EASTL\internal\atomic\compiler\msvc</Filter>
    </ClInclude>
    <ClInclude Include="ThirdParty\EA\EASTL\Include\EASTL\internal\atomic\compiler\msvc\compiler_msvc_cmpxchg_weak.h">
      <Filter>ThirdParty\EA\EASTL\Include\EASTL\internal\atomic\compiler\msvc</Filter>
    </ClInclude>
    <ClInclude Include="ThirdParty\EA\EASTL\Include\EASTL\internal\atomic\compiler\msvc\compiler_msvc_cpu_pause.h">
      <Filter>ThirdParty\EA\EASTL\Include\EASTL\internal\atomic\compiler\msvc</Filter>
    </ClInclude>
    <ClInclude Include="ThirdParty\EA\EASTL\Include\EASTL\internal\atomic\compiler\msvc\compiler_msvc_exchange.h">
      <Filter>ThirdParty\EA\EASTL\Include\EASTL\internal\atomic\compiler\msvc</Filter>
    </ClInclude>
    <ClInclude Include="ThirdParty\EA\EASTL\Include\EASTL\internal\atomic\compiler\msvc\compiler_msvc_fetch_add.h">
      <Filter>ThirdParty\EA\EASTL\Include\EASTL\internal\atomic\compiler\msvc</Filter>
    </ClInclude>
    <ClInclude Include="ThirdParty\EA\EASTL\Include\EASTL\internal\atomic\compiler\msvc\compiler_msvc_fetch_and.h">
      <Filter>ThirdParty\EA\EASTL\Include\EASTL\internal\atomic\compiler\msvc</Filter>
    </ClInclude>
    <ClInclude Include="ThirdParty\EA\EASTL\Include\EASTL\internal\atomic\compiler\msvc\compiler_msvc_fetch_or.h">
      <Filter>ThirdParty\EA\EASTL\Include\EASTL\internal\atomic\compiler\msvc</Filter>
    </ClInclude>
    <ClInclude Include="ThirdParty\EA\EASTL\Include\EASTL\internal\atomic\compiler\msvc\compiler_msvc_fetch_sub.h">
      <Filter>ThirdParty\EA\EASTL\Include\EASTL\internal\atomic\compiler\msvc</Filter>
    </ClInclude>
    <ClInclude Include="ThirdParty\EA\EASTL\Include\EASTL\internal\atomic\compiler\msvc\compiler_msvc_fetch_xor.h">
      <Filter>ThirdParty\EA\EASTL\Include\EASTL\internal\atomic\compiler\msvc</Filter>
    </ClInclude>
    <ClInclude Include="ThirdParty\EA\EASTL\Include\EASTL\internal\atomic\compiler\msvc\compiler_msvc_or_fetch.h">
      <Filter>ThirdParty\EA\EASTL\Include\EASTL\internal\atomic\compiler\msvc</Filter>
    </ClInclude>
    <ClInclude Include="ThirdParty\EA\EASTL\Include\EASTL\internal\atomic\compiler\msvc\compiler_msvc_signal_fence.h">
      <Filter>ThirdParty\EA\EASTL\Include\EASTL\internal\atomic\compiler\msvc</Filter>
    </ClInclude>
    <ClInclude Include="ThirdParty\EA\EASTL\Include\EASTL\internal\atomic\compiler\msvc\compiler_msvc_sub_fetch.h">
      <Filter>ThirdParty\EA\EASTL\Include\EASTL\internal\atomic\compiler\msvc</Filter>
    </ClInclude>
    <ClInclude Include="ThirdParty\EA\EASTL\Include\EASTL\internal\atomic\compiler\msvc\compiler_msvc_xor_fetch.h">
      <Filter>ThirdParty\EA\EASTL\Include\EASTL\internal\atomic\compiler\msvc</Filter>
    </ClInclude>
    <ClInclude Include="ThirdParty\EA\EASTL\Include\EASTL\internal\atomic\atomic_macros\atomic_macros.h">
      <Filter>ThirdParty\EA\EASTL\Include\EASTL\internal\atomic\atomic_macros</Filter>
    </ClInclude>
    <ClInclude Include="ThirdParty\EA\EASTL\Include\EASTL\internal\atomic\atomic_macros\atomic_macros_add_fetch.h">
      <Filter>ThirdParty\EA\EASTL\Include\EASTL\internal\atomic\atomic_macros</Filter>
    </ClInclude>
    <ClInclude Include="ThirdParty\EA\EASTL\Include\EASTL\internal\atomic\atomic_macros\atomic_macros_and_fetch.h">
      <Filter>ThirdParty\EA\EASTL\Include\EASTL\internal\atomic\atomic_macros</Filter>
    </ClInclude>
    <ClInclude Include="ThirdParty\EA\EASTL\Include\EASTL\internal\atomic\atomic_macros\atomic_macros_base.h">
      <Filter>ThirdParty\EA\EASTL\Include\EASTL\internal\atomic\atomic_macros</Filter>
    </ClInclude>
    <ClInclude Include="ThirdParty\EA\EASTL\Include\EASTL\internal\atomic\atomic_macros\atomic_macros_cmpxchg_strong.h">
      <Filter>ThirdParty\EA\EASTL\Include\EASTL\internal\atomic\atomic_macros</Filter>
    </ClInclude>
    <ClInclude Include="ThirdParty\EA\EASTL\Include\EASTL\internal\atomic\atomic_macros\atomic_macros_cmpxchg_weak.h">
      <Filter>ThirdParty\EA\EASTL\Include\EASTL\internal\atomic\atomic_macros</Filter>
    </ClInclude>
    <ClInclude Include="ThirdParty\EA\EASTL\Include\EASTL\internal\atomic\atomic_macros\atomic_macros_compiler_barrier.h">
      <Filter>ThirdParty\EA\EASTL\Include\EASTL\internal\atomic\atomic_macros</Filter>
    </ClInclude>
    <ClInclude Include="ThirdParty\EA\EASTL\Include\EASTL\internal\atomic\atomic_macros\atomic_macros_cpu_pause.h">
      <Filter>ThirdParty\EA\EASTL\Include\EASTL\internal\atomic\atomic_macros</Filter>
    </ClInclude>
    <ClInclude Include="ThirdParty\EA\EASTL\Include\EASTL\internal\atomic\atomic_macros\atomic_macros_exchange.h">
      <Filter>ThirdParty\EA\EASTL\Include\EASTL\internal\atomic\atomic_macros</Filter>
    </ClInclude>
    <ClInclude Include="ThirdParty\EA\EASTL\Include\EASTL\internal\atomic\atomic_macros\atomic_macros_fetch_add.h">
      <Filter>ThirdParty\EA\EASTL\Include\EASTL\internal\atomic\atomic_macros</Filter>
    </ClInclude>
    <ClInclude Include="ThirdParty\EA\EASTL\Include\EASTL\internal\atomic\atomic_macros\atomic_macros_fetch_and.h">
      <Filter>ThirdParty\EA\EASTL\Include\EASTL\internal\atomic\atomic_macros</Filter>
    </ClInclude>
    <ClInclude Include="ThirdParty\EA\EASTL\Include\EASTL\internal\atomic\atomic_macros\atomic_macros_fetch_or.h">
      <Filter>ThirdParty\EA\EASTL\Include\EASTL\internal\atomic\atomic_macros</Filter>
    </ClInclude>
    <ClInclude Include="ThirdParty\EA\EASTL\Include\EASTL\internal\atomic\atomic_macros\atomic_macros_fetch_sub.h">
      <Filter>ThirdParty\EA\EASTL\Include\EASTL\internal\atomic\atomic_macros</Filter>
    </ClInclude>
    <ClInclude Include="ThirdParty\EA\EASTL\Include\EASTL\internal\atomic\atomic_macros\atomic_macros_fetch_xor.h">
      <Filter>ThirdParty\EA\EASTL\Include\EASTL\internal\atomic\atomic_macros</Filter>
    </ClInclude>
    <ClInclude Include="ThirdParty\EA\EASTL\Include\EASTL\internal\atomic\atomic_macros\atomic_macros_load.h">
      <Filter>ThirdParty\EA\EASTL\Include\EASTL\internal\atomic\atomic_macros</Filter>
    </ClInclude>
    <ClInclude Include="ThirdParty\EA\EASTL\Include\EASTL\internal\atomic\atomic_macros\atomic_macros_memory_barrier.h">
      <Filter>ThirdParty\EA\EASTL\Include\EASTL\internal\atomic\atomic_macros</Filter>
    </ClInclude>
    <ClInclude Include="ThirdParty\EA\EASTL\Include\EASTL\internal\atomic\atomic_macros\atomic_macros_or_fetch.h">
      <Filter>ThirdParty\EA\EASTL\Include\EASTL\internal\atomic\atomic_macros</Filter>
    </ClInclude>
    <ClInclude Include="ThirdParty\EA\EASTL\Include\EASTL\internal\atomic\atomic_macros\atomic_macros_signal_fence.h">
      <Filter>ThirdParty\EA\EASTL\Include\EASTL\internal\atomic\atomic_macros</Filter>
    </ClInclude>
    <ClInclude Include="ThirdParty\EA\EASTL\Include\EASTL\internal\atomic\atomic_macros\atomic_macros_store.h">
      <Filter>ThirdParty\EA\EASTL\Include\EASTL\internal\atomic\atomic_macros</Filter>
    </ClInclude>
    <ClInclude Include="ThirdParty\EA\EASTL\Include\EASTL\internal\atomic\atomic_macros\atomic_macros_sub_fetch.h">
      <Filter>ThirdParty\EA\EASTL\Include\EASTL\internal\atomic\atomic_macros</Filter>
    </ClInclude>
    <ClInclude Include="ThirdParty\EA\EASTL\Include\EASTL\internal\atomic\atomic_macros\atomic_macros_thread_fence.h">
      <Filter>ThirdParty\EA\EASTL\Include\EASTL\internal\atomic\atomic_macros</Filter>
    </ClInclude>
    <ClInclude Include="ThirdParty\EA\EASTL\Include\EASTL\internal\atomic\atomic_macros\atomic_macros_xor_fetch.h">
      <Filter>ThirdParty\EA\EASTL\Include\EASTL\internal\atomic\atomic_macros</Filter>
    </ClInclude>
    <ClInclude Include="ThirdParty\EA\EABase\include\Common\EABase\eabase.h">
      <Filter>ThirdParty\EA\EABase\include\Common\EABase</Filter>
    </ClInclude>
    <ClInclude Include="ThirdParty\EA\EABase\include\Common\EABase\eahave.h">
      <Filter>ThirdParty\EA\EABase\include\Common\EABase</Filter>
    </ClInclude>
    <ClInclude Include="ThirdParty\EA\EABase\include\Common\EABase\earesult.h">
      <Filter>ThirdParty\EA\EABase\include\Common\EABase</Filter>
    </ClInclude>
    <ClInclude Include="ThirdParty\EA\EABase\include\Common\EABase\eastdarg.h">
      <Filter>ThirdParty\EA\EABase\include\Common\EABase</Filter>
    </ClInclude>
    <ClInclude Include="ThirdParty\EA\EABase\include\Common\EABase\eaunits.h">
      <Filter>ThirdParty\EA\EABase\include\Common\EABase</Filter>
    </ClInclude>
    <ClInclude Include="ThirdParty\EA\EABase\include\Common\EABase\int128.h">
      <Filter>ThirdParty\EA\EABase\include\Common\EABase</Filter>
    </ClInclude>
    <ClInclude Include="ThirdParty\EA\EABase\include\Common\EABase\nullptr.h">
      <Filter>ThirdParty\EA\EABase\include\Common\EABase</Filter>
    </ClInclude>
    <ClInclude Include="ThirdParty\EA\EABase\include\Common\EABase\version.h">
      <Filter>ThirdParty\EA\EABase\include\Common\EABase</Filter>
    </ClInclude>
    <ClInclude Include="ThirdParty\EA\EABase\include\Common\EABase\config\eacompiler.h">
      <Filter>ThirdParty\EA\EABase\include\Common\EABase\config</Filter>
    </ClInclude>
    <ClInclude Include="ThirdParty\EA\EABase\include\Common\EABase\config\eacompilertraits.h">
      <Filter>ThirdParty\EA\EABase\include\Common\EABase\config</Filter>
    </ClInclude>
    <ClInclude Include="ThirdParty\EA\EABase\include\Common\EABase\config\eaplatform.h">
      <Filter>ThirdParty\EA\EABase\include\Common\EABase\config</Filter>
    </ClInclude>
    <ClInclude Include="ThirdParty\stb\stb_image.h">
      <Filter>ThirdParty\stb</Filter>
    </ClInclude>
    <ClInclude Include="ThirdParty\stb\stb_rect_pack.h">
      <Filter>ThirdParty\stb</Filter>
    </ClInclude>
    <ClInclude Include="ThirdParty\stb\stb_truetype.h">
      <Filter>ThirdParty\stb</Filter>
    </ClInclude>
    <ClInclude Include="ThirdParty\pcg\include\pcg_extras.hpp">
      <Filter>ThirdParty\pcg\include</Filter>
    </ClInclude>
    <ClInclude Include="ThirdParty\pcg\include\pcg_random.hpp">
      <Filter>ThirdParty\pcg\include</Filter>
    </ClInclude>
    <ClInclude Include="ThirdParty\pcg\include\pcg_uint128.hpp">
      <Filter>ThirdParty\pcg\include</Filter>
    </ClInclude>
    <ClInclude Include="ThirdParty\imgui\imconfig.h">
      <Filter>ThirdParty\imgui</Filter>
    </ClInclude>
    <ClInclude Include="ThirdParty\imgui\imgui.h">
      <Filter>ThirdParty\imgui</Filter>
    </ClInclude>
    <ClInclude Include="ThirdParty\imgui\imgui_internal.h">
      <Filter>ThirdParty\imgui</Filter>
    </ClInclude>
    <ClInclude Include="ThirdParty\imgui\imstb_rectpack.h">
      <Filter>ThirdParty\imgui</Filter>
    </ClInclude>
    <ClInclude Include="ThirdParty\imgui\imstb_textedit.h">
      <Filter>ThirdParty\imgui</Filter>
    </ClInclude>
    <ClInclude Include="ThirdParty\imgui\imstb_truetype.h">
      <Filter>ThirdParty\imgui</Filter>
    </ClInclude>
    <ClInclude Include="ThirdParty\imgui\misc\freetype\imgui_freetype.h">
      <Filter>ThirdParty\imgui\misc\freetype</Filter>
    </ClInclude>
    <ClInclude Include="ThirdParty\mpack\mpack-config.h">
      <Filter>ThirdParty\mpack</Filter>
    </ClInclude>
    <ClInclude Include="ThirdParty\mpack\mpack.h">
      <Filter>ThirdParty\mpack</Filter>
    </ClInclude>
    <ClInclude Include="ThirdParty\xxhash\xxhash.h">
      <Filter>ThirdParty\xxhash</Filter>
    </ClInclude>
    <ClInclude Include="ThirdParty\enkits\LockLessMultiReadPipe.h">
      <Filter>ThirdParty\enkits</Filter>
    </ClInclude>
    <ClInclude Include="ThirdParty\enkits\TaskScheduler.h">
      <Filter>ThirdParty\enkits</Filter>
    </ClInclude>
    <ClInclude Include="ThirdParty\enkits\TaskScheduler_Esoterica.h">
      <Filter>ThirdParty\enkits</Filter>
    </ClInclude>
    <ClInclude Include="ThirdParty\rpmalloc\rpmalloc.h">
      <Filter>ThirdParty\rpmalloc</Filter>
    </ClInclude>
    <ClInclude Include="ThirdParty\rapidjson\allocators.h">
      <Filter>ThirdParty\rapidjson</Filter>
    </ClInclude>
    <ClInclude Include="ThirdParty\rapidjson\cursorstreamwrapper.h">
      <Filter>ThirdParty\rapidjson</Filter>
    </ClInclude>
    <ClInclude Include="ThirdParty\rapidjson\document.h">
      <Filter>ThirdParty\rapidjson</Filter>
    </ClInclude>
    <ClInclude Include="ThirdParty\rapidjson\encodedstream.h">
      <Filter>ThirdParty\rapidjson</Filter>
    </ClInclude>
    <ClInclude Include="ThirdParty\rapidjson\encodings.h">
      <Filter>ThirdParty\rapidjson</Filter>
    </ClInclude>
    <ClInclude Include="ThirdParty\rapidjson\filereadstream.h">
      <Filter>ThirdParty\rapidjson</Filter>
    </ClInclude>
    <ClInclude Include="ThirdParty\rapidjson\filewritestream.h">
      <Filter>ThirdParty\rapidjson</Filter>
    </ClInclude>
    <ClInclude Include="ThirdParty\rapidjson\fwd.h">
      <Filter>ThirdParty\rapidjson</Filter>
    </ClInclude>
    <ClInclude Include="ThirdParty\rapidjson\istreamwrapper.h">
      <Filter>ThirdParty\rapidjson</Filter>
    </ClInclude>
    <ClInclude Include="ThirdParty\rapidjson\memorybuffer.h">
      <Filter>ThirdParty\rapidjson</Filter>
    </ClInclude>
    <ClInclude Include="ThirdParty\rapidjson\memorystream.h">
      <Filter>ThirdParty\rapidjson</Filter>
    </ClInclude>
    <ClInclude Include="ThirdParty\rapidjson\ostreamwrapper.h">
      <Filter>ThirdParty\rapidjson</Filter>
    </ClInclude>
    <ClInclude Include="ThirdParty\rapidjson\pointer.h">
      <Filter>ThirdParty\rapidjson</Filter>
    </ClInclude>
    <ClInclude Include="ThirdParty\rapidjson\prettywriter.h">
      <Filter>ThirdParty\rapidjson</Filter>
    </ClInclude>
    <ClInclude Include="ThirdParty\rapidjson\rapidjson.h">
      <Filter>ThirdParty\rapidjson</Filter>
    </ClInclude>
    <ClInclude Include="ThirdParty\rapidjson\reader.h">
      <Filter>ThirdParty\rapidjson</Filter>
    </ClInclude>
    <ClInclude Include="ThirdParty\rapidjson\schema.h">
      <Filter>ThirdParty\rapidjson</Filter>
    </ClInclude>
    <ClInclude Include="ThirdParty\rapidjson\stream.h">
      <Filter>ThirdParty\rapidjson</Filter>
    </ClInclude>
    <ClInclude Include="ThirdParty\rapidjson\stringbuffer.h">
      <Filter>ThirdParty\rapidjson</Filter>
    </ClInclude>
    <ClInclude Include="ThirdParty\rapidjson\uri.h">
      <Filter>ThirdParty\rapidjson</Filter>
    </ClInclude>
    <ClInclude Include="ThirdParty\rapidjson\writer.h">
      <Filter>ThirdParty\rapidjson</Filter>
    </ClInclude>
    <ClInclude Include="ThirdParty\rapidjson\error\en.h">
      <Filter>ThirdParty\rapidjson\error</Filter>
    </ClInclude>
    <ClInclude Include="ThirdParty\rapidjson\error\error.h">
      <Filter>ThirdParty\rapidjson\error</Filter>
    </ClInclude>
    <ClInclude Include="ThirdParty\rapidjson\internal\biginteger.h">
      <Filter>ThirdParty\rapidjson\internal</Filter>
    </ClInclude>
    <ClInclude Include="ThirdParty\rapidjson\internal\clzll.h">
      <Filter>ThirdParty\rapidjson\internal</Filter>
    </ClInclude>
    <ClInclude Include="ThirdParty\rapidjson\internal\diyfp.h">
      <Filter>ThirdParty\rapidjson\internal</Filter>
    </ClInclude>
    <ClInclude Include="ThirdParty\rapidjson\internal\dtoa.h">
      <Filter>ThirdParty\rapidjson\internal</Filter>
    </ClInclude>
    <ClInclude Include="ThirdParty\rapidjson\internal\ieee754.h">
      <Filter>ThirdParty\rapidjson\internal</Filter>
    </ClInclude>
    <ClInclude Include="ThirdParty\rapidjson\internal\itoa.h">
      <Filter>ThirdParty\rapidjson\internal</Filter>
    </ClInclude>
    <ClInclude Include="ThirdParty\rapidjson\internal\meta.h">
      <Filter>ThirdParty\rapidjson\internal</Filter>
    </ClInclude>
    <ClInclude Include="ThirdParty\rapidjson\internal\pow10.h">
      <Filter>ThirdParty\rapidjson\internal</Filter>
    </ClInclude>
    <ClInclude Include="ThirdParty\rapidjson\internal\regex.h">
      <Filter>ThirdParty\rapidjson\internal</Filter>
    </ClInclude>
    <ClInclude Include="ThirdParty\rapidjson\internal\stack.h">
      <Filter>ThirdParty\rapidjson\internal</Filter>
    </ClInclude>
    <ClInclude Include="ThirdParty\rapidjson\internal\strfunc.h">
      <Filter>ThirdParty\rapidjson\internal</Filter>
    </ClInclude>
    <ClInclude Include="ThirdParty\rapidjson\internal\strtod.h">
      <Filter>ThirdParty\rapidjson\internal</Filter>
    </ClInclude>
    <ClInclude Include="ThirdParty\rapidjson\internal\swap.h">
      <Filter>ThirdParty\rapidjson\internal</Filter>
    </ClInclude>
    <ClInclude Include="ThirdParty\rapidjson\msinttypes\inttypes.h">
      <Filter>ThirdParty\rapidjson\msinttypes</Filter>
    </ClInclude>
    <ClInclude Include="ThirdParty\rapidjson\msinttypes\stdint.h">
      <Filter>ThirdParty\rapidjson\msinttypes</Filter>
    </ClInclude>
    <ClInclude Include="ThirdParty\iniparser\dictionary.h">
      <Filter>ThirdParty\iniparser</Filter>
    </ClInclude>
    <ClInclude Include="ThirdParty\iniparser\iniparser.h">
      <Filter>ThirdParty\iniparser</Filter>
    </ClInclude>
    <ClInclude Include="ThirdParty\concurrentqueue\blockingconcurrentqueue.h">
      <Filter>ThirdParty\concurrentqueue</Filter>
    </ClInclude>
    <ClInclude Include="ThirdParty\concurrentqueue\concurrentqueue.h">
      <Filter>ThirdParty\concurrentqueue</Filter>
    </ClInclude>
    <ClInclude Include="ThirdParty\concurrentqueue\lightweightsemaphore.h">
      <Filter>ThirdParty\concurrentqueue</Filter>
    </ClInclude>
    <ClInclude Include="Render\RenderAPI.h">
      <Filter>Render</Filter>
    </ClInclude>
    <ClInclude Include="Render\RenderBuffer.h">
      <Filter>Render</Filter>
    </ClInclude>
    <ClInclude Include="Render\RenderCoreResources.h">
      <Filter>Render</Filter>
    </ClInclude>
    <ClInclude Include="Render\RenderDevice.h">
      <Filter>Render</Filter>
    </ClInclude>
    <ClInclude Include="Render\RenderPipelineState.h">
      <Filter>Render</Filter>
    </ClInclude>
    <ClInclude Include="Render\RenderShader.h">
      <Filter>Render</Filter>
    </ClInclude>
    <ClInclude Include="Render\RenderStates.h">
      <Filter>Render</Filter>
    </ClInclude>
    <ClInclude Include="Render\RenderTarget.h">
      <Filter>Render</Filter>
    </ClInclude>
    <ClInclude Include="Render\RenderTexture.h">
      <Filter>Render</Filter>
    </ClInclude>
    <ClInclude Include="Render\RenderUtils.h">
      <Filter>Render</Filter>
    </ClInclude>
    <ClInclude Include="Render\RenderVertexFormats.h">
      <Filter>Render</Filter>
    </ClInclude>
    <ClInclude Include="Render\RenderWindow.h">
      <Filter>Render</Filter>
    </ClInclude>
    <ClInclude Include="Render\Platform\RenderContext_DX11.h">
      <Filter>Render\Platform</Filter>
    </ClInclude>
    <ClInclude Include="Render\Platform\RenderDevice_DX11.h">
      <Filter>Render\Platform</Filter>
    </ClInclude>
    <ClInclude Include="Render\Platform\TextureLoader_Win32.h">
      <Filter>Render\Platform</Filter>
    </ClInclude>
    <ClInclude Include="Imgui\ImguiFont.h">
      <Filter>Imgui</Filter>
    </ClInclude>
    <ClInclude Include="Imgui\ImguiImageCache.h">
      <Filter>Imgui</Filter>
    </ClInclude>
    <ClInclude Include="Imgui\ImguiStyle.h">
      <Filter>Imgui</Filter>
    </ClInclude>
    <ClInclude Include="Imgui\ImguiSystem.h">
      <Filter>Imgui</Filter>
    </ClInclude>
    <ClInclude Include="Imgui\ImguiX.h">
      <Filter>Imgui</Filter>
    </ClInclude>
    <ClInclude Include="Imgui\MaterialDesignIcons.h">
      <Filter>Imgui</Filter>
    </ClInclude>
    <ClInclude Include="Imgui\Platform\ImguiPlatform_Win32.h">
      <Filter>Imgui\Platform</Filter>
    </ClInclude>
    <ClInclude Include="Math\EigenVectors.h">
      <Filter>Math</Filter>
    </ClInclude>
    <ClInclude Include="Math\FloatCurve.h">
      <Filter>Math</Filter>
    </ClInclude>
    <ClInclude Include="Math\MathConstants.h">
      <Filter>Math</Filter>
    </ClInclude>
    <ClInclude Include="Math\MathRandom.h">
      <Filter>Math</Filter>
    </ClInclude>
    <ClInclude Include="Math\MathStringHelpers.h">
      <Filter>Math</Filter>
    </ClInclude>
    <ClInclude Include="Math\MathHelpers.h">
      <Filter>Math</Filter>
    </ClInclude>
    <ClInclude Include="Math\Transform.h">
      <Filter>Math</Filter>
    </ClInclude>
    <ClInclude Include="Math\Curves.h">
      <Filter>Math</Filter>
    </ClInclude>
    <ClInclude Include="Math\BoundingVolumes.h">
      <Filter>Math</Filter>
    </ClInclude>
    <ClInclude Include="Math\AABBTree.h">
      <Filter>Math</Filter>
    </ClInclude>
    <ClInclude Include="Math\Line.h">
      <Filter>Math</Filter>
    </ClInclude>
    <ClInclude Include="Math\Math.h">
      <Filter>Math</Filter>
    </ClInclude>
    <ClInclude Include="Math\Matrix.h">
      <Filter>Math</Filter>
    </ClInclude>
    <ClInclude Include="Math\Plane.h">
      <Filter>Math</Filter>
    </ClInclude>
    <ClInclude Include="Math\PointSet.h">
      <Filter>Math</Filter>
    </ClInclude>
    <ClInclude Include="Math\Quaternion.h">
      <Filter>Math</Filter>
    </ClInclude>
    <ClInclude Include="Math\NumericRange.h">
      <Filter>Math</Filter>
    </ClInclude>
    <ClInclude Include="Math\Rectangle.h">
      <Filter>Math</Filter>
    </ClInclude>
    <ClInclude Include="Math\SIMD.h">
      <Filter>Math</Filter>
    </ClInclude>
    <ClInclude Include="Math\SimpleMovingAverage.h">
      <Filter>Math</Filter>
    </ClInclude>
    <ClInclude Include="Math\Triangle.h">
      <Filter>Math</Filter>
    </ClInclude>
    <ClInclude Include="Math\Vector.h">
      <Filter>Math</Filter>
    </ClInclude>
    <ClInclude Include="Math\ViewVolume.h">
      <Filter>Math</Filter>
    </ClInclude>
    <ClInclude Include="Time\TimeStamp.h">
      <Filter>Time</Filter>
    </ClInclude>
    <ClInclude Include="Time\Time.h">
      <Filter>Time</Filter>
    </ClInclude>
    <ClInclude Include="Time\Timers.h">
      <Filter>Time</Filter>
    </ClInclude>
    <ClInclude Include="Input\InputDevice.h">
      <Filter>Input</Filter>
    </ClInclude>
    <ClInclude Include="Input\InputState.h">
      <Filter>Input</Filter>
    </ClInclude>
    <ClInclude Include="Input\InputSystem.h">
      <Filter>Input</Filter>
    </ClInclude>
    <ClInclude Include="Input\InputStates\InputState_Controller.h">
      <Filter>Input\InputStates</Filter>
    </ClInclude>
    <ClInclude Include="Input\InputStates\InputState_Keyboard.h">
      <Filter>Input\InputStates</Filter>
    </ClInclude>
    <ClInclude Include="Input\InputStates\InputState_Mouse.h">
      <Filter>Input\InputStates</Filter>
    </ClInclude>
    <ClInclude Include="Input\InputDevices\InputDevice_Controller.h">
      <Filter>Input\InputDevices</Filter>
    </ClInclude>
    <ClInclude Include="Input\InputDevices\InputDevice_KeyboardMouse.h">
      <Filter>Input\InputDevices</Filter>
    </ClInclude>
    <ClInclude Include="Input\InputDevices\InputDevice_XBoxController.h">
      <Filter>Input\InputDevices</Filter>
    </ClInclude>
    <ClInclude Include="Types\Event.h">
      <Filter>Types</Filter>
    </ClInclude>
    <ClInclude Include="Types\HashMap.h">
      <Filter>Types</Filter>
    </ClInclude>
    <ClInclude Include="Types\IDVector.h">
      <Filter>Types</Filter>
    </ClInclude>
    <ClInclude Include="Types\Function.h">
      <Filter>Types</Filter>
    </ClInclude>
    <ClInclude Include="Types\PointerID.h">
      <Filter>Types</Filter>
    </ClInclude>
    <ClInclude Include="Types\Pool.h">
      <Filter>Types</Filter>
    </ClInclude>
    <ClInclude Include="Types\Percentage.h">
      <Filter>Types</Filter>
    </ClInclude>
    <ClInclude Include="Types\Color.h">
      <Filter>Types</Filter>
    </ClInclude>
    <ClInclude Include="Types\Arrays.h">
      <Filter>Types</Filter>
    </ClInclude>
    <ClInclude Include="Types\BitFlags.h">
      <Filter>Types</Filter>
    </ClInclude>
    <ClInclude Include="Types\LoadingStatus.h">
      <Filter>Types</Filter>
    </ClInclude>
    <ClInclude Include="Types\ScopedValue.h">
      <Filter>Types</Filter>
    </ClInclude>
    <ClInclude Include="Types\String.h">
      <Filter>Types</Filter>
    </ClInclude>
    <ClInclude Include="Types\Containers_ForwardDecl.h">
      <Filter>Types</Filter>
    </ClInclude>
    <ClInclude Include="Types\StringID.h">
      <Filter>Types</Filter>
    </ClInclude>
    <ClInclude Include="Types\Tag.h">
      <Filter>Types</Filter>
    </ClInclude>
    <ClInclude Include="Types\UUID.h">
      <Filter>Types</Filter>
    </ClInclude>
    <ClInclude Include="Fonts\FontData_Lexend.h">
      <Filter>Fonts</Filter>
    </ClInclude>
    <ClInclude Include="Fonts\FontData_MaterialDesign.h">
      <Filter>Fonts</Filter>
    </ClInclude>
    <ClInclude Include="Fonts\FontData_Proggy.h">
      <Filter>Fonts</Filter>
    </ClInclude>
    <ClInclude Include="Fonts\FontDecompressor.h">
      <Filter>Fonts</Filter>
    </ClInclude>
    <ClInclude Include="Memory\Memory.h">
      <Filter>Memory</Filter>
    </ClInclude>
    <ClInclude Include="Memory\Pointers.h">
      <Filter>Memory</Filter>
    </ClInclude>
    <ClInclude Include="_Module\API.h">
      <Filter>_Module</Filter>
    </ClInclude>
    <ClInclude Include="Network\NetworkSystem.h">
      <Filter>Network</Filter>
    </ClInclude>
    <ClInclude Include="Network\IPC\IPCMessage.h">
      <Filter>Network\IPC</Filter>
    </ClInclude>
    <ClInclude Include="Network\IPC\IPCMessageClient.h">
      <Filter>Network\IPC</Filter>
    </ClInclude>
    <ClInclude Include="Network\IPC\IPCMessageServer.h">
      <Filter>Network\IPC</Filter>
    </ClInclude>
    <ClInclude Include="Drawing\DebugDrawingSystem.h">
      <Filter>Drawing</Filter>
    </ClInclude>
    <ClInclude Include="Drawing\DebugDrawingCommands.h">
      <Filter>Drawing</Filter>
    </ClInclude>
    <ClInclude Include="Drawing\DebugDrawing.h">
      <Filter>Drawing</Filter>
    </ClInclude>
    <ClInclude Include="Resource\IResource.h">
      <Filter>Resource</Filter>
    </ClInclude>
    <ClInclude Include="Resource\ResourceHeader.h">
      <Filter>Resource</Filter>
    </ClInclude>
    <ClInclude Include="Resource\ResourceID.h">
      <Filter>Resource</Filter>
    </ClInclude>
    <ClInclude Include="Resource\ResourceLoader.h">
      <Filter>Resource</Filter>
    </ClInclude>
    <ClInclude Include="Resource\ResourcePath.h">
      <Filter>Resource</Filter>
    </ClInclude>
    <ClInclude Include="Resource\ResourceProvider.h">
      <Filter>Resource</Filter>
    </ClInclude>
    <ClInclude Include="Resource\ResourcePtr.h">
      <Filter>Resource</Filter>
    </ClInclude>
    <ClInclude Include="Resource\ResourceRecord.h">
      <Filter>Resource</Filter>
    </ClInclude>
    <ClInclude Include="Resource\ResourceRequest.h">
      <Filter>Resource</Filter>
    </ClInclude>
    <ClInclude Include="Resource\ResourceRequesterID.h">
      <Filter>Resource</Filter>
    </ClInclude>
    <ClInclude Include="Resource\ResourceSettings.h">
      <Filter>Resource</Filter>
    </ClInclude>
    <ClInclude Include="Resource\ResourceSystem.h">
      <Filter>Resource</Filter>
    </ClInclude>
    <ClInclude Include="Resource\ResourceTypeID.h">
      <Filter>Resource</Filter>
    </ClInclude>
    <ClInclude Include="Resource\ResourceProviders\NetworkResourceProvider.h">
      <Filter>Resource\ResourceProviders</Filter>
    </ClInclude>
    <ClInclude Include="Resource\ResourceProviders\PackagedResourceProvider.h">
      <Filter>Resource\ResourceProviders</Filter>
    </ClInclude>
    <ClInclude Include="Resource\ResourceProviders\ResourceNetworkMessages.h">
      <Filter>Resource\ResourceProviders</Filter>
    </ClInclude>
    <ClInclude Include="Platform\Platform_Win32.h">
      <Filter>Platform</Filter>
    </ClInclude>
    <ClInclude Include="Platform\PlatformHelpers_Win32.h">
      <Filter>Platform</Filter>
    </ClInclude>
    <ClInclude Include="Threading\TaskSystem.h">
      <Filter>Threading</Filter>
    </ClInclude>
    <ClInclude Include="Threading\Threading.h">
      <Filter>Threading</Filter>
    </ClInclude>
    <ClInclude Include="Encoding\Hash.h">
      <Filter>Algorithm</Filter>
    </ClInclude>
    <ClInclude Include="Encoding\Quantization.h">
      <Filter>Algorithm</Filter>
    </ClInclude>
    <ClInclude Include="Utils\TopologicalSort.h">
      <Filter>Algorithm</Filter>
    </ClInclude>
    <ClInclude Include="Encoding\Encoding.h">
      <Filter>Algorithm</Filter>
    </ClInclude>
    <ClInclude Include="FileSystem\FileSystemUtils.h">
      <Filter>FileSystem</Filter>
    </ClInclude>
    <ClInclude Include="FileSystem\FileSystemPath.h">
      <Filter>FileSystem</Filter>
    </ClInclude>
    <ClInclude Include="FileSystem\FileStreams.h">
      <Filter>FileSystem</Filter>
    </ClInclude>
    <ClInclude Include="FileSystem\FileSystem.h">
      <Filter>FileSystem</Filter>
    </ClInclude>
    <ClInclude Include="TypeSystem\CoreTypeConversions.h">
      <Filter>TypeSystem</Filter>
    </ClInclude>
    <ClInclude Include="TypeSystem\CoreTypeIDs.h">
      <Filter>TypeSystem</Filter>
    </ClInclude>
    <ClInclude Include="TypeSystem\DefaultTypeInfos.h">
      <Filter>TypeSystem</Filter>
    </ClInclude>
    <ClInclude Include="TypeSystem\EnumInfo.h">
      <Filter>TypeSystem</Filter>
    </ClInclude>
    <ClInclude Include="TypeSystem\PropertyInfo.h">
      <Filter>TypeSystem</Filter>
    </ClInclude>
    <ClInclude Include="TypeSystem\PropertyPath.h">
      <Filter>TypeSystem</Filter>
    </ClInclude>
    <ClInclude Include="TypeSystem\ResourceInfo.h">
      <Filter>TypeSystem</Filter>
    </ClInclude>
    <ClInclude Include="TypeSystem\TypeDescriptors.h">
      <Filter>TypeSystem</Filter>
    </ClInclude>
    <ClInclude Include="TypeSystem\TypeID.h">
      <Filter>TypeSystem</Filter>
    </ClInclude>
    <ClInclude Include="TypeSystem\TypeInfo.h">
      <Filter>TypeSystem</Filter>
    </ClInclude>
    <ClInclude Include="TypeSystem\TypeRegistry.h">
      <Filter>TypeSystem</Filter>
    </ClInclude>
    <ClInclude Include="Serialization\BinarySerialization.h">
      <Filter>Serialization</Filter>
    </ClInclude>
    <ClInclude Include="Serialization\JsonSerialization.h">
      <Filter>Serialization</Filter>
    </ClInclude>
    <ClInclude Include="Serialization\TypeSerialization.h">
      <Filter>Serialization</Filter>
    </ClInclude>
    <ClInclude Include="TypeSystem\ReflectedType.h" />
    <ClInclude Include="Utils\GlobalRegistryBase.h" />
    <ClInclude Include="ThirdParty\implot\implot.h" />
    <ClInclude Include="ThirdParty\implot\implot_internal.h" />
    <ClInclude Include="Serialization\BitSerialization.h" />
  </ItemGroup>
  <ItemGroup>
    <None Include="ThirdParty\cmdParser\LICENSE">
      <Filter>ThirdParty\cmdParser</Filter>
    </None>
    <None Include="ThirdParty\EA\EABase\doc\EABase.html">
      <Filter>ThirdParty\EA\EABase\doc</Filter>
    </None>
    <None Include="ThirdParty\concurrentqueue\LICENSE.md">
      <Filter>ThirdParty\concurrentqueue</Filter>
    </None>
    <None Include="ThirdParty\concurrentqueue\README.md">
      <Filter>ThirdParty\concurrentqueue</Filter>
    </None>
  </ItemGroup>
  <ItemGroup>
    <Text Include="ThirdParty\stb\LICENSE">
      <Filter>ThirdParty\stb</Filter>
    </Text>
    <Text Include="ThirdParty\iniparser\LICENSE">
      <Filter>ThirdParty\iniparser</Filter>
    </Text>
  </ItemGroup>
  <ItemGroup>
    <Filter Include="Imgui">
      <UniqueIdentifier>{c63efa23-1513-437d-a93f-4bf27fbe04a5}</UniqueIdentifier>
    </Filter>
    <Filter Include="Render">
      <UniqueIdentifier>{e0aa6073-f2d3-4e6c-8c03-83295c4b9662}</UniqueIdentifier>
    </Filter>
    <Filter Include="Application">
      <UniqueIdentifier>{55591f63-66d3-48cd-b37f-3745368ef489}</UniqueIdentifier>
    </Filter>
    <Filter Include="Application\Platform">
      <UniqueIdentifier>{81d5c9a8-a7d2-4d54-aac9-c7352b8881b6}</UniqueIdentifier>
    </Filter>
    <Filter Include="ThirdParty">
      <UniqueIdentifier>{aff8fcb0-061a-4263-a732-1fa53c92ac0a}</UniqueIdentifier>
    </Filter>
    <Filter Include="ThirdParty\cmdParser">
      <UniqueIdentifier>{0cfb8e30-7d1e-4a0f-b7db-b02b8fedcdbc}</UniqueIdentifier>
    </Filter>
    <Filter Include="ThirdParty\EA">
      <UniqueIdentifier>{50297027-ec5d-4d45-a083-489bba2facde}</UniqueIdentifier>
    </Filter>
    <Filter Include="ThirdParty\EA\EASTL">
      <UniqueIdentifier>{f13b5eaa-153c-4876-9184-7bc9da845733}</UniqueIdentifier>
    </Filter>
    <Filter Include="ThirdParty\EA\EASTL\Doc">
      <UniqueIdentifier>{f5d15113-ac1c-4e94-96ca-93b9dbf60529}</UniqueIdentifier>
    </Filter>
    <Filter Include="ThirdParty\EA\EASTL\Source">
      <UniqueIdentifier>{07454684-1630-4631-95cd-b7a9cbd73b73}</UniqueIdentifier>
    </Filter>
    <Filter Include="ThirdParty\EA\EASTL\Include">
      <UniqueIdentifier>{6cf852f1-6a0b-47de-920c-7fe4aeda41f1}</UniqueIdentifier>
    </Filter>
    <Filter Include="ThirdParty\EA\EASTL\Include\EASTL">
      <UniqueIdentifier>{3ff32b23-3e7b-46a2-9cf2-8bd5dcdf0752}</UniqueIdentifier>
    </Filter>
    <Filter Include="ThirdParty\EA\EASTL\Include\EASTL\bonus">
      <UniqueIdentifier>{316ce190-1a86-4c9c-9e66-61983eab47b2}</UniqueIdentifier>
    </Filter>
    <Filter Include="ThirdParty\EA\EASTL\Include\EASTL\internal">
      <UniqueIdentifier>{c73e8d6f-c7c5-4f3d-87df-50018ec1766e}</UniqueIdentifier>
    </Filter>
    <Filter Include="ThirdParty\EA\EASTL\Include\EASTL\internal\atomic">
      <UniqueIdentifier>{485d2831-2fa3-4caa-9865-3a7a971ac12a}</UniqueIdentifier>
    </Filter>
    <Filter Include="ThirdParty\EA\EASTL\Include\EASTL\internal\atomic\arch">
      <UniqueIdentifier>{377396ec-e554-4cb9-8750-5d06ef068e1b}</UniqueIdentifier>
    </Filter>
    <Filter Include="ThirdParty\EA\EASTL\Include\EASTL\internal\atomic\arch\x86">
      <UniqueIdentifier>{48b9c29e-6977-43c0-8184-625d6792b081}</UniqueIdentifier>
    </Filter>
    <Filter Include="ThirdParty\EA\EASTL\Include\EASTL\internal\atomic\arch\arm">
      <UniqueIdentifier>{81a98038-d4af-4c10-b946-d6bd66b14774}</UniqueIdentifier>
    </Filter>
    <Filter Include="ThirdParty\EA\EASTL\Include\EASTL\internal\atomic\compiler">
      <UniqueIdentifier>{1e3d88ec-8eee-47fa-94eb-0a1a3972e426}</UniqueIdentifier>
    </Filter>
    <Filter Include="ThirdParty\EA\EASTL\Include\EASTL\internal\atomic\compiler\gcc">
      <UniqueIdentifier>{d20d1504-6583-481f-b2f4-e691fb092bf1}</UniqueIdentifier>
    </Filter>
    <Filter Include="ThirdParty\EA\EASTL\Include\EASTL\internal\atomic\compiler\msvc">
      <UniqueIdentifier>{6e60520f-a0ac-4253-95ed-67d38896fade}</UniqueIdentifier>
    </Filter>
    <Filter Include="ThirdParty\EA\EASTL\Include\EASTL\internal\atomic\atomic_macros">
      <UniqueIdentifier>{f72705eb-0fea-43b4-b438-bf160285d17d}</UniqueIdentifier>
    </Filter>
    <Filter Include="ThirdParty\EA\EABase">
      <UniqueIdentifier>{ebe27c93-c8c5-4698-b15c-d524b54b4712}</UniqueIdentifier>
    </Filter>
    <Filter Include="ThirdParty\EA\EABase\doc">
      <UniqueIdentifier>{566998c5-0556-4609-b27b-7ecec5451bc1}</UniqueIdentifier>
    </Filter>
    <Filter Include="ThirdParty\EA\EABase\include">
      <UniqueIdentifier>{742aab7f-4ac1-4fbb-a162-24161afb3ed4}</UniqueIdentifier>
    </Filter>
    <Filter Include="ThirdParty\EA\EABase\include\Common">
      <UniqueIdentifier>{64998b2d-7e48-477c-b60c-1f48b5c725b1}</UniqueIdentifier>
    </Filter>
    <Filter Include="ThirdParty\EA\EABase\include\Common\EABase">
      <UniqueIdentifier>{da3a150a-508e-4139-af6e-b0f558779633}</UniqueIdentifier>
    </Filter>
    <Filter Include="ThirdParty\EA\EABase\include\Common\EABase\config">
      <UniqueIdentifier>{9a56a2bc-64eb-4c0a-94ff-e5405a8bec45}</UniqueIdentifier>
    </Filter>
    <Filter Include="ThirdParty\stb">
      <UniqueIdentifier>{4f743dc5-6c30-4d3a-ac14-5dfb6f6257d5}</UniqueIdentifier>
    </Filter>
    <Filter Include="ThirdParty\pcg">
      <UniqueIdentifier>{a480ae2f-ef70-421d-b6ec-f2781ac44a06}</UniqueIdentifier>
    </Filter>
    <Filter Include="ThirdParty\pcg\include">
      <UniqueIdentifier>{5b5f0420-a3a3-431e-aa02-9ae6334b9a7b}</UniqueIdentifier>
    </Filter>
    <Filter Include="ThirdParty\imgui">
      <UniqueIdentifier>{3e17b5e6-51d2-42db-84e4-134dffe5384d}</UniqueIdentifier>
    </Filter>
    <Filter Include="ThirdParty\imgui\misc">
      <UniqueIdentifier>{bd1ac1ad-d82a-4091-9b3f-141e9f98a3a2}</UniqueIdentifier>
    </Filter>
    <Filter Include="ThirdParty\imgui\misc\freetype">
      <UniqueIdentifier>{5041c110-41ad-4563-b182-fcb9982a6505}</UniqueIdentifier>
    </Filter>
    <Filter Include="ThirdParty\mpack">
      <UniqueIdentifier>{ffd04ac5-874b-43fe-8808-7d43318dbacc}</UniqueIdentifier>
    </Filter>
    <Filter Include="ThirdParty\xxhash">
      <UniqueIdentifier>{070d7617-9975-4660-9c03-4f2c363a45ec}</UniqueIdentifier>
    </Filter>
    <Filter Include="ThirdParty\enkits">
      <UniqueIdentifier>{34b76a3b-1a1f-4b62-8901-761bac357c77}</UniqueIdentifier>
    </Filter>
    <Filter Include="ThirdParty\rpmalloc">
      <UniqueIdentifier>{51556e7b-0426-4b5e-9d78-0aceee2cd816}</UniqueIdentifier>
    </Filter>
    <Filter Include="ThirdParty\rapidjson">
      <UniqueIdentifier>{84f239ac-0113-4291-8e92-374a2b066414}</UniqueIdentifier>
    </Filter>
    <Filter Include="ThirdParty\rapidjson\error">
      <UniqueIdentifier>{53a6683d-77fa-45dc-ac3c-a6e87a7e5ac7}</UniqueIdentifier>
    </Filter>
    <Filter Include="ThirdParty\rapidjson\internal">
      <UniqueIdentifier>{7663c27d-7e20-4df0-a87e-9d741ca30ccd}</UniqueIdentifier>
    </Filter>
    <Filter Include="ThirdParty\rapidjson\msinttypes">
      <UniqueIdentifier>{aa01dcd6-d646-4697-b062-59b9f41279ea}</UniqueIdentifier>
    </Filter>
    <Filter Include="ThirdParty\iniparser">
      <UniqueIdentifier>{8dda0761-c269-4590-9b28-a54d76c8e877}</UniqueIdentifier>
    </Filter>
    <Filter Include="ThirdParty\concurrentqueue">
      <UniqueIdentifier>{77d6a3d7-71eb-4e95-9675-4598ff5ff1de}</UniqueIdentifier>
    </Filter>
    <Filter Include="Render\Platform">
      <UniqueIdentifier>{12d2e7a0-d2a7-428b-a33c-eab3fae89587}</UniqueIdentifier>
    </Filter>
    <Filter Include="Imgui\Platform">
      <UniqueIdentifier>{0b7d6a4d-2821-4f2a-ae0d-b8d82e4390d0}</UniqueIdentifier>
    </Filter>
    <Filter Include="Math">
      <UniqueIdentifier>{c21c8050-d37f-46d0-bb7c-1130084706ca}</UniqueIdentifier>
    </Filter>
    <Filter Include="Time">
      <UniqueIdentifier>{82264783-dd57-4ead-ae29-653d77e98776}</UniqueIdentifier>
    </Filter>
    <Filter Include="Input">
      <UniqueIdentifier>{21a51ab8-e722-48de-b028-1fc06ff4c30f}</UniqueIdentifier>
    </Filter>
    <Filter Include="Input\InputStates">
      <UniqueIdentifier>{c6ea4f5f-e83c-4c4f-93be-98d220650993}</UniqueIdentifier>
    </Filter>
    <Filter Include="Input\InputDevices">
      <UniqueIdentifier>{8cf97272-ec6e-49f0-8174-765cdc0530c2}</UniqueIdentifier>
    </Filter>
    <Filter Include="Input\InputDevices\Platform">
      <UniqueIdentifier>{3e4872de-5b63-4243-a153-370b3e26c462}</UniqueIdentifier>
    </Filter>
    <Filter Include="Types">
      <UniqueIdentifier>{607409c5-c0cf-42e5-ac88-d3f09039969f}</UniqueIdentifier>
    </Filter>
    <Filter Include="Types\Platform">
      <UniqueIdentifier>{b1a7a8f3-c0a5-45ef-923e-b8a71b753649}</UniqueIdentifier>
    </Filter>
    <Filter Include="Fonts">
      <UniqueIdentifier>{971dda5b-7e17-4f75-8a94-c8ad489efe2f}</UniqueIdentifier>
    </Filter>
    <Filter Include="Memory">
      <UniqueIdentifier>{9d90b305-6cc4-45ae-84c4-5a2b0c2cf681}</UniqueIdentifier>
    </Filter>
    <Filter Include="_Module">
      <UniqueIdentifier>{d093b84d-eebb-4301-a59c-31aa11cd14cf}</UniqueIdentifier>
    </Filter>
    <Filter Include="Network">
      <UniqueIdentifier>{7fc07ba2-6fbc-4f73-9cfc-6de1ddcfe576}</UniqueIdentifier>
    </Filter>
    <Filter Include="Network\IPC">
      <UniqueIdentifier>{97172e9f-df66-44d8-89fb-8a14defb953c}</UniqueIdentifier>
    </Filter>
    <Filter Include="Drawing">
      <UniqueIdentifier>{5e20c93d-bb31-441e-bc66-549ca9c14dc1}</UniqueIdentifier>
    </Filter>
    <Filter Include="Resource">
      <UniqueIdentifier>{1ba592a1-d6dd-4676-ab89-26a350442aea}</UniqueIdentifier>
    </Filter>
    <Filter Include="Resource\ResourceProviders">
      <UniqueIdentifier>{8f248ca3-a944-4b1b-babd-f261a1edce30}</UniqueIdentifier>
    </Filter>
    <Filter Include="Platform">
      <UniqueIdentifier>{1a954fd3-d911-46b5-8a75-d0e04684ddd3}</UniqueIdentifier>
    </Filter>
    <Filter Include="Threading">
      <UniqueIdentifier>{dd57b6d0-1881-456b-9dea-3c90b61d7ea1}</UniqueIdentifier>
    </Filter>
    <Filter Include="Threading\Platform">
      <UniqueIdentifier>{c2c4bd00-2e6a-46d5-b51e-ccdc35ca7a8d}</UniqueIdentifier>
    </Filter>
    <Filter Include="Algorithm">
      <UniqueIdentifier>{f62ae861-d95c-4e97-aa8a-9d5b3a582cf7}</UniqueIdentifier>
    </Filter>
    <Filter Include="FileSystem">
      <UniqueIdentifier>{fd116ce6-13c9-4724-90f6-0ba64f0c53ab}</UniqueIdentifier>
    </Filter>
    <Filter Include="FileSystem\Platform">
      <UniqueIdentifier>{4f7571b1-8d47-428a-820d-80833738465d}</UniqueIdentifier>
    </Filter>
    <Filter Include="TypeSystem">
      <UniqueIdentifier>{63c969d4-3a29-4d67-a1d8-c56eae330d00}</UniqueIdentifier>
    </Filter>
    <Filter Include="Serialization">
      <UniqueIdentifier>{88455efa-8ad7-43d8-8c93-20130116aaa4}</UniqueIdentifier>
    </Filter>
  </ItemGroup>
  <ItemGroup>
    <Natvis Include="ThirdParty\EA\EASTL\Doc\EASTL.natvis">
      <Filter>ThirdParty\EA\EASTL\Doc</Filter>
    </Natvis>
  </ItemGroup>
</Project>