<?xml version="1.0" encoding="utf-8"?>
<Project ToolsVersion="4.0" xmlns="http://schemas.microsoft.com/developer/msbuild/2003">
  <ItemGroup>
    <ClCompile Include="TypeReflection\TypeReflector.cpp" />
    <ClCompile Include="TypeReflection\Clang\ClangParserContext.cpp">
      <Filter>Clang</Filter>
    </ClCompile>
    <ClCompile Include="TypeReflection\Clang\ClangParser.cpp">
      <Filter>Clang</Filter>
    </ClCompile>
    <ClCompile Include="TypeReflection\Clang\ClangUtils.cpp">
      <Filter>Clang</Filter>
    </ClCompile>
    <ClCompile Include="TypeReflection\Clang\ClangVisitors_Enum.cpp">
      <Filter>Clang</Filter>
    </ClCompile>
    <ClCompile Include="TypeReflection\Clang\ClangVisitors_Macro.cpp">
      <Filter>Clang</Filter>
    </ClCompile>
    <ClCompile Include="TypeReflection\Clang\ClangVisitors_Structure.cpp">
      <Filter>Clang</Filter>
    </ClCompile>
    <ClCompile Include="TypeReflection\Clang\ClangVisitors_TranslationUnit.cpp">
      <Filter>Clang</Filter>
    </ClCompile>
    <ClCompile Include="TypeReflection\ReflectionDatabase.cpp">
      <Filter>Database</Filter>
    </ClCompile>
    <ClCompile Include="TypeReflection\CodeGenerator.cpp" />
    <ClCompile Include="ReflectorApplication.cpp" />
    <ClCompile Include="TypeReflection\ReflectionSettings.cpp" />
    <ClCompile Include="TypeReflection\ReflectedHeader.cpp" />
    <ClCompile Include="TypeReflection\ReflectedProject.cpp" />
    <ClCompile Include="TypeReflection\ReflectedProperty.cpp" />
    <ClCompile Include="TypeReflection\ReflectedSolution.cpp" />
    <ClCompile Include="TypeReflection\ReflectedType.cpp" />
    <ClCompile Include="TypeReflection\ReflectedResourceType.cpp" />
    <ClCompile Include="TypeReflection\ReflectedDataFileType.cpp" />
  </ItemGroup>
  <ItemGroup>
    <ClInclude Include="TypeReflection\TypeReflector.h" />
    <ClInclude Include="Resources\Resource.h">
      <Filter>Resources</Filter>
    </ClInclude>
    <ClInclude Include="TypeReflection\Clang\ClangParserContext.h">
      <Filter>Clang</Filter>
    </ClInclude>
    <ClInclude Include="TypeReflection\Clang\ClangParser.h">
      <Filter>Clang</Filter>
    </ClInclude>
    <ClInclude Include="TypeReflection\Clang\ClangUtils.h">
      <Filter>Clang</Filter>
    </ClInclude>
    <ClInclude Include="TypeReflection\Clang\ClangVisitors_Enum.h">
      <Filter>Clang</Filter>
    </ClInclude>
    <ClInclude Include="TypeReflection\Clang\ClangVisitors_Macro.h">
      <Filter>Clang</Filter>
    </ClInclude>
    <ClInclude Include="TypeReflection\Clang\ClangVisitors_Structure.h">
      <Filter>Clang</Filter>
    </ClInclude>
    <ClInclude Include="TypeReflection\Clang\ClangVisitors_TranslationUnit.h">
      <Filter>Clang</Filter>
    </ClInclude>
    <ClInclude Include="TypeReflection\ReflectionDatabase.h">
      <Filter>Database</Filter>
    </ClInclude>
    <ClInclude Include="TypeReflection\CodeGenerator.h" />
    <ClInclude Include="TypeReflection\ReflectionSettings.h" />
    <ClInclude Include="TypeReflection\ReflectedDataFileType.h" />
    <ClInclude Include="TypeReflection\ReflectedHeader.h" />
    <ClInclude Include="TypeReflection\ReflectedProject.h" />
    <ClInclude Include="TypeReflection\ReflectedProperty.h" />
    <ClInclude Include="TypeReflection\ReflectedResourceType.h" />
    <ClInclude Include="TypeReflection\ReflectedSolution.h" />
    <ClInclude Include="TypeReflection\ReflectedType.h" />
    <ClInclude Include="TypeReflection\ReflectedEnumConstant.h" />
  </ItemGroup>
  <ItemGroup>
    <Filter Include="Resources">
      <UniqueIdentifier>{a7e94abf-f07c-4c97-8c51-df44fb3d16ef}</UniqueIdentifier>
    </Filter>
    <Filter Include="Clang">
      <UniqueIdentifier>{6638ab7f-1c6b-4079-a1c7-e3577d3e6f20}</UniqueIdentifier>
    </Filter>
    <Filter Include="Database">
      <UniqueIdentifier>{282c0b75-2ea6-4f31-a337-5dbf14c15e6b}</UniqueIdentifier>
    </Filter>
  </ItemGroup>
  <ItemGroup>
    <ResourceCompile Include="Resources\Esoterica.Applications.Reflector.rc">
      <Filter>Resources</Filter>
    </ResourceCompile>
  </ItemGroup>
  <ItemGroup>
    <Image Include="Resources\Reflector.ico">
      <Filter>Resources</Filter>
    </Image>
  </ItemGroup>
</Project>