<?xml version="1.0" encoding="utf-8"?>
<Project ToolsVersion="4.0" xmlns="http://schemas.microsoft.com/developer/msbuild/2003">
  <ItemGroup>
    <ClCompile Include="TypeReflection\TypeReflection_ReflectedProperty.cpp">
      <Filter>TypeReflection</Filter>
    </ClCompile>
    <ClCompile Include="TypeReflection\TypeReflection_ReflectedDataFileType.cpp">
      <Filter>TypeReflection</Filter>
    </ClCompile>
    <ClCompile Include="TypeReflection\TypeReflection_ReflectedType.cpp">
      <Filter>TypeReflection</Filter>
    </ClCompile>
    <ClCompile Include="TypeReflection\TypeReflection_CodeGenerator.cpp">
      <Filter>TypeReflection</Filter>
    </ClCompile>
    <ClCompile Include="ReflectorApplication.cpp" />
    <ClCompile Include="TypeReflection\TypeReflection_ReflectedResourceType.cpp">
      <Filter>TypeReflection</Filter>
    </ClCompile>
    <ClCompile Include="TypeReflection\Clang\ClangParserContext.cpp">
      <Filter>TypeReflection\Clang</Filter>
    </ClCompile>
    <ClCompile Include="TypeReflection\Clang\ClangParser.cpp">
      <Filter>TypeReflection\Clang</Filter>
    </ClCompile>
    <ClCompile Include="TypeReflection\Clang\ClangUtils.cpp">
      <Filter>TypeReflection\Clang</Filter>
    </ClCompile>
    <ClCompile Include="TypeReflection\Clang\ClangVisitors_Enum.cpp">
      <Filter>TypeReflection\Clang</Filter>
    </ClCompile>
    <ClCompile Include="TypeReflection\Clang\ClangVisitors_Macro.cpp">
      <Filter>TypeReflection\Clang</Filter>
    </ClCompile>
    <ClCompile Include="TypeReflection\Clang\ClangVisitors_Structure.cpp">
      <Filter>TypeReflection\Clang</Filter>
    </ClCompile>
    <ClCompile Include="TypeReflection\Clang\ClangVisitors_TranslationUnit.cpp">
      <Filter>TypeReflection\Clang</Filter>
    </ClCompile>
    <ClCompile Include="ShaderReflection\ShaderReflection_CodeGenerator.cpp" />
    <ClCompile Include="TypeReflection\TypeReflection_ReflectionDatabase.cpp" />
    <ClCompile Include="ShaderReflection\ShaderReflection_ShaderCompiler.cpp" />
    <ClCompile Include="Reflector.cpp" />
    <ClCompile Include="ReflectedProject.cpp" />
    <ClCompile Include="ReflectedHeader.cpp" />
    <ClCompile Include="ReflectedMacro.cpp" />
    <ClCompile Include="ReflectedShader.cpp" />
    <ClCompile Include="ReflectorSettings.cpp" />
    <ClCompile Include="ShaderReflection\ShaderReflection_ShaderParser.cpp" />
    <ClCompile Include="ShaderReflection\ShaderReflection_ShaderInputReflector.cpp" />
  </ItemGroup>
  <ItemGroup>
    <ClInclude Include="Resources\Resource.h">
      <Filter>Resources</Filter>
    </ClInclude>
    <ClInclude Include="TypeReflection\TypeReflection_ReflectedDataFileType.h">
      <Filter>TypeReflection</Filter>
    </ClInclude>
    <ClInclude Include="TypeReflection\TypeReflection_ReflectedEnumConstant.h">
      <Filter>TypeReflection</Filter>
    </ClInclude>
    <ClInclude Include="TypeReflection\TypeReflection_ReflectedProperty.h">
      <Filter>TypeReflection</Filter>
    </ClInclude>
    <ClInclude Include="TypeReflection\TypeReflection_CodeGenerator.h">
      <Filter>TypeReflection</Filter>
    </ClInclude>
    <ClInclude Include="TypeReflection\TypeReflection_ReflectedType.h">
      <Filter>TypeReflection</Filter>
    </ClInclude>
    <ClInclude Include="TypeReflection\Clang\ClangParserContext.h">
      <Filter>TypeReflection\Clang</Filter>
    </ClInclude>
    <ClInclude Include="TypeReflection\Clang\ClangParser.h">
      <Filter>TypeReflection\Clang</Filter>
    </ClInclude>
    <ClInclude Include="TypeReflection\Clang\ClangUtils.h">
      <Filter>TypeReflection\Clang</Filter>
    </ClInclude>
    <ClInclude Include="TypeReflection\Clang\ClangVisitors_Enum.h">
      <Filter>TypeReflection\Clang</Filter>
    </ClInclude>
    <ClInclude Include="TypeReflection\Clang\ClangVisitors_Macro.h">
      <Filter>TypeReflection\Clang</Filter>
    </ClInclude>
    <ClInclude Include="TypeReflection\Clang\ClangVisitors_Structure.h">
      <Filter>TypeReflection\Clang</Filter>
    </ClInclude>
    <ClInclude Include="TypeReflection\Clang\ClangVisitors_TranslationUnit.h">
      <Filter>TypeReflection\Clang</Filter>
    </ClInclude>
    <ClInclude Include="TypeReflection\TypeReflection_ReflectionDatabase.h">
      <Filter>TypeReflection</Filter>
    </ClInclude>
    <ClInclude Include="ShaderReflection\ShaderReflection_CodeGenerator.h" />
    <ClInclude Include="TypeReflection\TypeReflection_ReflectedResourceType.h" />
    <ClInclude Include="ShaderReflection\ShaderReflection_ShaderCompiler.h" />
    <ClInclude Include="Reflector.h" />
    <ClInclude Include="ReflectedProject.h" />
    <ClInclude Include="ReflectedHeader.h" />
    <ClInclude Include="ReflectedMacro.h" />
    <ClInclude Include="ReflectorSettings.h" />
    <ClInclude Include="ReflectedShader.h" />
    <ClInclude Include="ShaderReflection\ShaderReflection_ShaderParser.h" />
    <ClInclude Include="ReflectedCodeGenerator.h" />
    <ClInclude Include="ShaderReflection\ShaderReflection_ShaderInputReflector.h" />
  </ItemGroup>
  <ItemGroup>
    <Filter Include="TypeReflection">
      <UniqueIdentifier>{7ad89912-4ff9-403d-a573-c519b9441bbd}</UniqueIdentifier>
    </Filter>
    <Filter Include="Resources">
      <UniqueIdentifier>{e8a27cb1-b1d2-47ae-8a5d-e468566dce40}</UniqueIdentifier>
    </Filter>
    <Filter Include="TypeReflection\Clang">
      <UniqueIdentifier>{937f712b-b063-4f85-9bc2-266ddff47341}</UniqueIdentifier>
    </Filter>
  </ItemGroup>
  <ItemGroup>
    <ResourceCompile Include="Resources\Esoterica.Applications.Reflector.rc">
      <Filter>Resources</Filter>
    </ResourceCompile>
  </ItemGroup>
  <ItemGroup>
    <Image Include="Resources\Reflector.ico">
      <Filter>Resources</Filter>
    </Image>
  </ItemGroup>
</Project>