<?xml version="1.0" encoding="utf-8"?>
<Project ToolsVersion="4.0" xmlns="http://schemas.microsoft.com/developer/msbuild/2003">
  <ItemGroup>
    <ClCompile Include="ReflectorSettingsAndUtils.cpp" />
    <ClCompile Include="Reflector.cpp" />
    <ClCompile Include="Clang\ClangParserContext.cpp">
      <Filter>Clang</Filter>
    </ClCompile>
    <ClCompile Include="Clang\ClangParser.cpp">
      <Filter>Clang</Filter>
    </ClCompile>
    <ClCompile Include="Clang\ClangUtils.cpp">
      <Filter>Clang</Filter>
    </ClCompile>
    <ClCompile Include="Clang\ClangVisitors_Enum.cpp">
      <Filter>Clang</Filter>
    </ClCompile>
    <ClCompile Include="Clang\ClangVisitors_Macro.cpp">
      <Filter>Clang</Filter>
    </ClCompile>
    <ClCompile Include="Clang\ClangVisitors_Structure.cpp">
      <Filter>Clang</Filter>
    </ClCompile>
    <ClCompile Include="Clang\ClangVisitors_TranslationUnit.cpp">
      <Filter>Clang</Filter>
    </ClCompile>
    <ClCompile Include="Database\ReflectionDatabase.cpp">
      <Filter>Database</Filter>
    </ClCompile>
    <ClCompile Include="Database\ReflectionDataTypes.cpp">
      <Filter>Database</Filter>
    </ClCompile>
    <ClCompile Include="CodeGenerator.cpp" />
  </ItemGroup>
  <ItemGroup>
    <ClInclude Include="Reflector.h" />
    <ClInclude Include="ReflectorSettingsAndUtils.h" />
    <ClInclude Include="Resources\Resource.h">
      <Filter>Resources</Filter>
    </ClInclude>
    <ClInclude Include="Clang\ClangParserContext.h">
      <Filter>Clang</Filter>
    </ClInclude>
    <ClInclude Include="Clang\ClangParser.h">
      <Filter>Clang</Filter>
    </ClInclude>
    <ClInclude Include="Clang\ClangUtils.h">
      <Filter>Clang</Filter>
    </ClInclude>
    <ClInclude Include="Clang\ClangVisitors_Enum.h">
      <Filter>Clang</Filter>
    </ClInclude>
    <ClInclude Include="Clang\ClangVisitors_Macro.h">
      <Filter>Clang</Filter>
    </ClInclude>
    <ClInclude Include="Clang\ClangVisitors_Structure.h">
      <Filter>Clang</Filter>
    </ClInclude>
    <ClInclude Include="Clang\ClangVisitors_TranslationUnit.h">
      <Filter>Clang</Filter>
    </ClInclude>
    <ClInclude Include="Database\ReflectionDatabase.h">
      <Filter>Database</Filter>
    </ClInclude>
    <ClInclude Include="Database\ReflectionDataTypes.h">
      <Filter>Database</Filter>
    </ClInclude>
    <ClInclude Include="Database\ReflectionProjectTypes.h">
      <Filter>Database</Filter>
    </ClInclude>
    <ClInclude Include="CodeGenerator.h" />
  </ItemGroup>
  <ItemGroup>
    <Filter Include="Resources">
      <UniqueIdentifier>{a7e94abf-f07c-4c97-8c51-df44fb3d16ef}</UniqueIdentifier>
    </Filter>
    <Filter Include="Clang">
      <UniqueIdentifier>{6638ab7f-1c6b-4079-a1c7-e3577d3e6f20}</UniqueIdentifier>
    </Filter>
    <Filter Include="Database">
      <UniqueIdentifier>{282c0b75-2ea6-4f31-a337-5dbf14c15e6b}</UniqueIdentifier>
    </Filter>
  </ItemGroup>
  <ItemGroup>
    <ResourceCompile Include="Resources\Esoterica.Applications.Reflector.rc">
      <Filter>Resources</Filter>
    </ResourceCompile>
  </ItemGroup>
  <ItemGroup>
    <Image Include="Resources\Reflector.ico">
      <Filter>Resources</Filter>
    </Image>
  </ItemGroup>
</Project>